{
  "version": 4,
  "terraform_version": "1.4.5",
  "serial": 195,
  "lineage": "edac6835-4d96-2d1f-9a01-6a66a268cde9",
  "outputs": {
    "aks_cluster_node_username": {
      "value": "clusterUser_new-test-aks-rg_new-test-aks-aks",
      "type": "string",
      "sensitive": true
    },
    "aks_cluster_password": {
      "value": "3rsucjrpvvggaapy7rh712hg6s5impthhkdyoveowtcxiuy9a1zv1668ms3n4tg021r4tq89jgh3ldgojarj1vncfe5n8cjezp3qazcazgtzejsa696dwx6muul8vecb",
      "type": "string",
      "sensitive": true
    },
    "aks_host": {
      "value": "https://new-test-aks-aks-asz863wc.hcp.eastus.azmk8s.io:443",
      "type": "string",
      "sensitive": true
    },
    "cluster_api_mode": {
      "value": "public",
      "type": "string"
    },
    "cluster_name": {
      "value": "new-test-aks-aks",
      "type": "string"
    },
    "cluster_node_pool_mode": {
      "value": "default",
      "type": "string"
    },
    "jump_admin_username": {
      "value": "jumpuser",
      "type": "string"
    },
    "jump_private_ip": {
      "value": "192.168.2.5",
      "type": "string"
    },
    "jump_public_ip": {
      "value": "20.163.223.208",
      "type": "string"
    },
    "jump_rwx_filestore_path": {
      "value": "/viya-share",
      "type": "string"
    },
    "kube_config": {
      "value": "apiVersion: v1\nkind: Config\nclusters:\n  - name: new-test-aks-aks\n    cluster:\n      server: 'https://new-test-aks-aks-asz863wc.hcp.eastus.azmk8s.io:443'\n      certificate-authority-data: \u003e-\n        LS0tLS1CRUdJTiBDRVJUSUZJQ0FURS0tLS0tCk1JSUU2VENDQXRHZ0F3SUJBZ0lSQU42d3Y2RjBKZUZHQisrU1dKMVFMOW93RFFZSktvWklodmNOQVFFTEJRQXcKRFRFTE1Ba0dBMVVFQXhNQ1kyRXdJQmNOTWpNd05ERXlNVGd6TlRReVdoZ1BNakExTXpBME1USXhPRFExTkRKYQpNQTB4Q3pBSkJnTlZCQU1UQW1OaE1JSUNJakFOQmdrcWhraUc5dzBCQVFFRkFBT0NBZzhBTUlJQ0NnS0NBZ0VBCnByc2MyZVBXdEFCSDMyenc0RTBva1AydUVTdkpmbXJrbWRHbkJKak5IZHdDUUZSUzBQcjB3SmJHbklsd05ZR1MKc3hoUlk3Ym1IK0NCdnpSSVVoU3ZsT2lnOHJyR0l5aEZWVDczSHZkblNJRGtRNlR3Ym5YdnhrY3pqdnY4RXdLUQpURkhQMGhMb2dML0tPQXNJV29teFJyWHhJd3p4VHZWUU9sTENqa2IwUVBiRXhSdjB1dkszcGRCU0FkQTJkTTgzCjY3Y3ZNb2hxMzBvK2NHempZWllSc1hUMVlKWGIyWUdwYXNhODN2Y2pkbTl2bnZtczZUbDlnRFoyRlNHRzM1ZEcKd0xXd1V6R1VpaTFpaWthYXl0c0xFcm5rbXhuK0hraFM2SlRPa1NxcWV1Zm5LOFZHZFVZTkJkclRwSnlycEx0WgpvSyt6WndNRk11aWZud3F6Y1lTR05tWnV2c2JZVVJTek9JQTV0b1l0cWtBN1JtMTI3L0pLdUE2Tys1cStUc2h4CnZHZlgyM0pmN2syZXdYekgyakZldG9HaUNCb2dOcVlVZFRzdmp6VGpCa3k0aHZqYTlnNEYyRmFEdXRHbEFZREgKZUNWK2huci9RY0l6VHlsdncrajJrQmpvSTV5cmtYbzFLSTJUTWpYRG9FQ25UYlFEc3ZZSEtBMjRXZ3BGa1JpbQpyTlIvV1FrT3Y1M3YxNCtiZUZCNy8zdnNDT3VaZVNvQVJHVHZnb0dqNlV1aWRjRk8vRk8vcXpMYkUrQ3JLUUdrCmt2MENSSFg0MnJmejJLRXkwcDBIZHNqZy9TNjlpQWxGenZkVHY5Yld3YnRGTnF1RWFyYnFCd3Y2L1lvb21NQncKOEtGZGROcWJRK2hEQXA5YkNOd2NzeDZIV1VIQXdaQ3JkVEpEcnNmejVnVUNBd0VBQWFOQ01FQXdEZ1lEVlIwUApBUUgvQkFRREFnS2tNQThHQTFVZEV3RUIvd1FGTUFNQkFmOHdIUVlEVlIwT0JCWUVGSXRPbUgxMVdOZ2EwdHpaClY5SUlWeXNoeWtYRU1BMEdDU3FHU0liM0RRRUJDd1VBQTRJQ0FRQjZkQXN6ZGgvRmtvMXVPbi9haTVzWGpZcnMKMFhidXFmRlBCQzdCWjRBN2FnZU8wdVJzVFhHQlVITk5meDFOR3Zsck9ML0NlM1o0Um5LekpZd0hlMGFYRVFMOApqVG5DcVlzY3pxVS8yZ2xzN1NGK2RTcll5eWdTNi9oUDZ2VjBNQ3NYM1ZvdUk5Q1dDNUxKNnVKcVI0RFVweFg0Ck54M2lIWHg0S1Vja25lVExSaitrbXhodVZaYUZsdkxqRFN3emcxWUFoM3QrVVZyMUFzUG0vWWlPNVpOODJDc28KekFoZzY0YjZhQjAvdHlqVW1HeU12ZGN1U2EvTEg1TExPeVhtc2xjSy9ua3B2UEx0RE1vd3IzMHZEOUlVTXNOMwpyZ3o2bDBiSHQwVmNUMitpNVJobE13OE9qNzVyMUlRdkMxUUQ4SkEyMFl5VTdZTEdLSnNRZGhjMEI0ZGsxU216CmFWUXBSQ0J2NGFFWTBpUG9aQ21FSG9xUzFFbkZ2d3h6M2NyemRZT2MvVXlVb1ZZOS8vd2dCenZNc0Fla3VIM3UKMW8zbWczck9MSTA2TW0wSkdGL3BBRHRaVjV1d3lENlJDUHVCL1lGZmZMR1hOUmx5bFlHdnJyT2x6MndRQ1QwVgpaUm5vSmo3Uk1sNWdOUW15RWQwYmQ5dGl2RGVHVWVjK1poTWUyRElTd1NncTJsaGNsL2JaMFpkWFF4TzZDdDVWCnVsNU14d1g0U3VVU3VyUWpsamZDV3lzZjk4M01lY1luSmlTY2NmbTBhaGR1cDFOMmR5VVk2cDRKd2R4bmNNTUsKTjhWVnQvVldVUlpLTkFtV09BQ1pIdGZHN3ZRRmVtUDBQNXVTdFRwZVY3a1JLaHVyMmppN0RTMm5kYzhTVHVpSgpXV2JKeW9GanNtU2NUT3diNWc9PQotLS0tLUVORCBDRVJUSUZJQ0FURS0tLS0tCg==\nusers:\n  - name: new-test-aks-cluster-admin-sa\n    user:\n      token: \u003e-\n        eyJhbGciOiJSUzI1NiIsImtpZCI6IkVmMlNfOVlsSlU3ZlBCSHBnWWh4YU4wTjJWSTNocEdla1FqUHpvM2o2cWMifQ.eyJpc3MiOiJrdWJlcm5ldGVzL3NlcnZpY2VhY2NvdW50Iiwia3ViZXJuZXRlcy5pby9zZXJ2aWNlYWNjb3VudC9uYW1lc3BhY2UiOiJrdWJlLXN5c3RlbSIsImt1YmVybmV0ZXMuaW8vc2VydmljZWFjY291bnQvc2VjcmV0Lm5hbWUiOiJuZXctdGVzdC1ha3Mtc2Etc2VjcmV0Iiwia3ViZXJuZXRlcy5pby9zZXJ2aWNlYWNjb3VudC9zZXJ2aWNlLWFjY291bnQubmFtZSI6Im5ldy10ZXN0LWFrcy1jbHVzdGVyLWFkbWluLXNhIiwia3ViZXJuZXRlcy5pby9zZXJ2aWNlYWNjb3VudC9zZXJ2aWNlLWFjY291bnQudWlkIjoiNWFjNTJkNjUtNmI5NS00MmJlLThiYmQtYjUzNDBjMGRiZTIyIiwic3ViIjoic3lzdGVtOnNlcnZpY2VhY2NvdW50Omt1YmUtc3lzdGVtOm5ldy10ZXN0LWFrcy1jbHVzdGVyLWFkbWluLXNhIn0.i6sYnI-mA61lMKhv1_wmv3GWlHd0ATiMQKiHWatxBvHaWQLVcqq0JIDcinHfzDiem_pChAnSbmFJYZjOkuKH97ZNlnPZMPcEfDr0Ey9QrILN4DlsBLkX0oIIt36YNktlBxfgJUxR8-f2tHDic2e3O3WVmlxpKZ4z_wJ4jVa9kBq9wXg_oPUo378aSTxXSRnJERzFypgooF6A3ZLF8VC41azTaK1rtIr_fP7uFaQVhIqUrpy4VbwH1p8BDsivQQbrvqgS3QMI0qJiFCiPuZ1t2vf9MPLeLNVBGzaY1DbdpEXDMjnIOEiYGi4QiywjV88bd9denysMHV8gsrfzUlUWbLzKatNE9TWQrLooETOl8lSvR9KbiB4b-q3JoycTACXJNCy8EMJ7XAuyDqanLE8KqBuS16O_67awacgc_t_31hQ0v5bszNgC8FUfzOBmm7XZarpEIManks6kgiJkanA8hm3L12opl5qKY4jkiI_QoZ5k9p_UV2LdozJgYXkHmwqbiNx-IOUqd48q2fHE2uByJSYGv9n-2B6GLc4wu2wPccDmKqm5JS6IzL1U03zXZ7fc5cHFkAxhcVbZi_E3BXrsUewShjSUIZhuvo9U60FSyh3VAuUR15iyu8inTDuB15yOQNrQn8N5v68XG5ZVSjSMOjWLWgfeFCEDhSBTnzYsv1E\ncontexts:\n  - name: new-test-aks-aks    \n    context:\n      user: new-test-aks-cluster-admin-sa\n      cluster: new-test-aks-aks\n      namespace: kube-system\ncurrent-context: new-test-aks-aks\n",
      "type": "string",
      "sensitive": true
    },
    "location": {
      "value": "eastus",
      "type": "string"
    },
    "nat_ip": {
      "value": "52.188.79.204",
      "type": "string"
    },
    "nfs_admin_username": {
      "value": "nfsuser",
      "type": "string"
    },
    "nfs_private_ip": {
      "value": "192.168.2.4",
      "type": "string"
    },
    "prefix": {
      "value": "new-test-aks",
      "type": "string"
    },
    "provider": {
      "value": "azure",
      "type": "string"
    },
    "provider_account": {
      "value": "Assinatura do Azure 1",
      "type": "string"
    },
    "rwx_filestore_endpoint": {
      "value": "192.168.2.4",
      "type": "string"
    },
    "rwx_filestore_path": {
      "value": "/export",
      "type": "string"
    }
  },
  "resources": [
    {
      "mode": "data",
      "type": "azurerm_subscription",
      "name": "current",
      "provider": "provider[\"registry.terraform.io/hashicorp/azurerm\"]",
      "instances": [
        {
          "schema_version": 0,
          "attributes": {
            "display_name": "Assinatura do Azure 1",
            "id": "/subscriptions/286fd347-8c88-4537-9fdf-ac5721895c8c",
            "location_placement_id": "Public_2014-09-01",
            "quota_id": "PayAsYouGo_2014-09-01",
            "spending_limit": "Off",
            "state": "Enabled",
            "subscription_id": "286fd347-8c88-4537-9fdf-ac5721895c8c",
            "tags": {},
            "tenant_id": "bae0bbda-9d1c-4172-b1ee-8fb76c884791",
            "timeouts": null
          },
          "sensitive_attributes": []
        }
      ]
    },
    {
      "mode": "data",
      "type": "external",
      "name": "git_hash",
      "provider": "provider[\"registry.terraform.io/hashicorp/external\"]",
      "instances": [
        {
          "schema_version": 0,
          "attributes": {
            "id": "-",
            "program": [
              "files/tools/iac_git_info.sh"
            ],
            "query": null,
            "result": {
              "git-hash": "ea0b78f7d9cfac939f8cca99f3d5d4879dee0526"
            },
            "working_dir": null
          },
          "sensitive_attributes": []
        }
      ]
    },
    {
      "mode": "data",
      "type": "external",
      "name": "iac_tooling_version",
      "provider": "provider[\"registry.terraform.io/hashicorp/external\"]",
      "instances": [
        {
          "schema_version": 0,
          "attributes": {
            "id": "-",
            "program": [
              "files/tools/iac_tooling_version.sh"
            ],
            "query": null,
            "result": {
              "provider_selections": "{\"registry.terraform.io/hashicorp/azuread\":\"1.5.0\",\"registry.terraform.io/hashicorp/azurerm\":\"3.26.0\",\"registry.terraform.io/hashicorp/cloudinit\":\"2.2.0\",\"registry.terraform.io/hashicorp/external\":\"2.1.0\",\"registry.terraform.io/hashicorp/kubernetes\":\"2.14.0\",\"registry.terraform.io/hashicorp/local\":\"2.1.0\",\"registry.terraform.io/hashicorp/null\":\"3.1.0\",\"registry.terraform.io/hashicorp/template\":\"2.2.0\",\"registry.terraform.io/hashicorp/tls\":\"3.1.0\"}",
              "terraform_outdated": "false",
              "terraform_revision": "null",
              "terraform_version": "\"1.4.4\""
            },
            "working_dir": null
          },
          "sensitive_attributes": []
        }
      ]
    },
    {
      "mode": "data",
      "type": "template_cloudinit_config",
      "name": "jump",
      "provider": "provider[\"registry.terraform.io/hashicorp/template\"]",
      "instances": [
        {
          "index_key": 0,
          "schema_version": 0,
          "attributes": {
            "base64_encode": true,
            "gzip": true,
            "id": "4006525095",
            "part": [
              {
                "content": "#cloud-config\nsystem_info:\n  default_user:\n    name: jumpuser\n\n#\n# Update the repo and then update the OS\n#\npackage_update: true\npackage_upgrade: true\n\n#\n# Install Docker Pre-Reqs\n# Verify Docker Hash / Key: $curl -sL https://download.docker.com/linux/ubuntu/gpg | gpg\n#\napt:\n  sources:\n    docker.list:\n      source: deb [arch=amd64] https://download.docker.com/linux/ubuntu $RELEASE stable\n      keyid: 9DC858229FC7DD38854AE2D88D81803C0EBFCD88\n\n#\n# Install packages: nfs, docker\n#\npackages:\n  - nfs-common\n  - docker-ce\n  - docker-ce-cli\n\n#\n# Update /etc/fstab\n#\nmounts:\n  - [\"192.168.2.4:/export\",\"/viya-share\",\"nfs\",\"_netdev,auto,x-systemd.automount,x-systemd.mount-timeout=10,timeo=14,x-systemd.idle-timeout=1min,relatime,hard,rsize=1048576,wsize=1048576,vers=3,tcp,namlen=255,retrans=2,sec=sys,local_lock=none\",\"0\",\"0\"]\n\n#\n# Add nfs mounts\n#\nruncmd:\n  - if ! [ -z \"192.168.2.4\" ]\n  - then\n      #\n      # mount the nfs\n      #\n  -   while [ `df -h | grep \"192.168.2.4:/export\" | wc -l` -eq 0 ]; do sleep 5 \u0026\u0026 mount -a ; done\n      #\n      # Change permissions and owner\n      #\n  -   mkdir -p /viya-share/pvs\n  -   $(chmod -fR 777 /viya-share ; echo)\n  -   $(chown -R nobody:nogroup /viya-share ; echo)\n  - fi\n  #\n  # Update user for Docker, user=jumpuser\n  #\n  - usermod -aG docker jumpuser\n",
                "content_type": "text/cloud-config",
                "filename": "",
                "merge_type": ""
              }
            ],
            "rendered": "H4sIAAAAAAAA/4xUb2/bthN+TyDf4X5yUPwGiJbtxLGiQC9S292KNeuQrgWGIEhp8iRxpkiVpGK76Icf9MeJ0m7AXhjWc8/D4/Eh75ZGe9Se/nGoMIGyVl5WzPqolHsUV7AxtRbMHtLg5u3N+vX7j7+trm//DEiD6Ce0ThqdwHQ8OSEnhNKh6IQ85bZMuwwtXWtuhNR5AouN9ANBu7nHvY+4MrWg3OhM5ifkRpb4wzajoYa4g/NYPkidmYQACMxYrfxD7dA2GECzEhP4qy6rJkbIiIzgYyWYR/AFgsXKANOiARrqZ+L9BzIiFeNbluNDF0/A2xoHwdwycYy2id9q55lSsDJ8ixZ+t0hv8YsjI/iEVmaHI/ELcwVE8CseEjjltVVA3TsovK9cEkXC7LQyTIxFqx5zU0ZK6nof1Zta+zrKqxy+QV7lZERY5ZuDOlNbjq47c79OSee7wJFPQOAG7pjlRcpKcXF+/583hdPb9bv19Yc1OM82Cvu8WzxIkcDlahnP49ns8s1ysVqdxfH8/Ho9W8XxKp7Gk7PlZP36zXIVxy9t6p10CejMhX3Zz7a3p6ENR7kpS6Nb2Kkox5eIciVf3G6EnkdZUywZkdLU2vf57oLp5Ww8vYjHs/F5EuG+MtYHYRA9ygOjrmAWgzDQmQvC4EGjF/gYstqbcE+71ybGDWxTDmItpl6WaGqfTidh+5lOzwcaKRQ+S0qpQ4uKNYGwYFaE1smvmE4n5/F8cRHuXqBHtC49Cz2vQs1KhTqdzeehRd+0VzoLHfLUHVyoDGfqQRm+TbXRzVEm7e++c+daiMZR6BwhI2JrzUvRWSMz+B/cAf0KQ48CuG/ZpkX6ax8d/7s8bcfozA1YCgC7QiqEO/gsMqBF82QtVvCP9sM32HGg6jNQ/AITuL8CYcApxArm8OpVvw9l0BAaf6hjWTCdI1RoS+mageHatjY7jfa7ssqtkBZoBYMbj6pH19On/+dFaQTQ7BYWi8VQBVeAvDA/DZRmp4HegjYbIw6JNrk1dfWvazJJujqenmkzlSAzth8NYRtIn+bVseoGtEWxn/s3/zzTvh+9lJ6QvwMAAP//JQ6zyNkFAAA="
          },
          "sensitive_attributes": []
        }
      ]
    },
    {
      "mode": "data",
      "type": "template_cloudinit_config",
      "name": "nfs",
      "provider": "provider[\"registry.terraform.io/hashicorp/template\"]",
      "instances": [
        {
          "index_key": 0,
          "schema_version": 0,
          "attributes": {
            "base64_encode": true,
            "gzip": true,
            "id": "2339777787",
            "part": [
              {
                "content": "#cloud-config\nsystem_info:\n  default_user:\n    name: nfsuser\n    \n#\n# Wait for azure disks to be mounted then continue\n#\nbootcmd:\n  - while [ `find /dev/disk/azure/scsi1/ -type l | wc -l` -lt 4 ]; do sleep 5; done\n\n#\n# First we'll update the repo and then update the OS.\n#\npackage_update: true\npackage_upgrade: true\n\n#\n# Install packages\n#\npackages:\n  - nfs-kernel-server\n\n#\n# Create mount directories\n#\nruncmd:\n  #\n  # Create /export directory with the correct owner/permissions\n  #\n  - mkdir /export\n  - chown nobody:nogroup /export -R\n  - chmod -R 0777 /export\n  #\n  # Update systemctl services\n  #\n  - systemctl enable nfs-kernel-server\n  - systemctl start nfs-kernel-server\n  - systemctl enable rpc-statd\n  - systemctl start rpc-statd\n  #\n  # Create Raid5 Array\n  #\n  - pvcreate $(find /dev/disk/azure/scsi1/ -type l | xargs)\n  - vgcreate data-vg01 $(find /dev/disk/azure/scsi1/ -type l | xargs)\n  - lvcreate --type raid5 --extents 100%FREE --stripes 3 --name data-lv01 data-vg01\n  - mkfs -t ext4 /dev/data-vg01/data-lv01\n  #\n  # Update /etc/fstab\n  #\n  - device=`lsblk -r | grep lvm | cut -d \" \" -f1 | grep -v \"_\"`\n  - mntDir='/export'\n  - deviceUUID=`sudo blkid /dev/mapper/$device | sed -r 's/.*UUID=\"([^\"]*).*\"/\\1/g'`\n  - echo \"UUID=$deviceUUID $mntDir auto defaults,acl,nofail 0 2\" | sudo tee -a /etc/fstab \u003e /dev/null\n  - mount -a\n  #\n  # Update /etc/exports - NOTE: The CIDR provided works for the whole VPC\n  #\n  - if [ \"192.168.0.0/23\" != \"192.168.2.0/24\" ]\n  - then\n  -   echo \"/export         192.168.0.0/23(rw,no_root_squash,async,insecure,fsid=0,crossmnt,no_subtree_check)\" \u003e\u003e /etc/exports\n  -   echo \"/export         192.168.2.0/24(rw,no_root_squash,async,insecure,fsid=0,crossmnt,no_subtree_check)\" \u003e\u003e /etc/exports\n  - else\n  -   echo \"/export         192.168.0.0/23(rw,no_root_squash,async,insecure,fsid=0,crossmnt,no_subtree_check)\" \u003e\u003e /etc/exports\n  - fi\n  #\n  # Restart nfs-server service\n  #\n  - exportfs -a\n  - systemctl restart nfs-kernel-server\n",
                "content_type": "text/cloud-config",
                "filename": "",
                "merge_type": ""
              }
            ],
            "rendered": "H4sIAAAAAAAA/8xWe2sjtxf9fyDf4fzG+ZEHlsfOZpvWiwPbJAv5I5viJltKmjqydMcW1khTSeNHyYcv8/AjaUqXQqEGw8y9555zdCVd5sKaQCawu1VOfWSFDirnLiSZWpL8gLEtjORuNYhvrm+uvr+9/3z5cfhzHJVv7As5r6zpo9fp7kV7EWO7oL1ow+248Sk5dmWElcpM+jgbq7ADqMQDLUMitC0kE9akarIX3aiM/iTT2sVEfuUDZSNlUtuPAEkpL3QYFZ5c+Q4YnlEfJvVlqIpEraiFn7gKSK0D/71wBKn8zCNYjAmZLUwgiTAlA2FNUKagqBWNrQ0ikyUtw2KqNOEBT6kyEomkeVJyJBVd4oVXvQQsrHKCxjMWAkw/gemAUzx+gLTwmijH+/LZUFSZ+qScD1jQgdYocskDlSbgKLfgpnG0k7j9sRO1opyLGZ/QqE70EVxBO8GJ43IdrVSujQ9cazQQv6Xw9dpM6tmMnCHNPLk5ubruwlEpXLUHUjkSwTpV1bvCNJ1plf81NKFlbt0WvMJChWllXVhXxmAXhlySk8uUL7fZNxwM2Uwqt6aoImJqFwbGjq1c9Y2dOFvkGw02bDCZlWBDdM/Oznaqa1/3de/qQyOCRrk+JWiruk2R4WNNbzTjJcwH7sLfohoylwvmAw/yTZLd7Is+DrmS7/HROb7aGM3nok7uH37dEVxyN/FHVe180tRKHjibT7q9f8Ki1w5YnXaVS8ZoWd5qj163+/9Pw6srMOaDUzl5vANj5YWshfW829taaDY99WABtAynjZl1PtnUvN7OhIJIUh/4eNMdSeW2Dp60H+sZmMMzJo5y6HmGZ4gigEnEiMHS3jrH5ohH8VPtw4RL5QYHzQE62CG9v7++HDz5QlqM9Uw1Pct4npNL9msMnuFJlroHPukcVyXx4cOv8ePxUec4Tn7pJZODWonE1CKuEPtbAezXDsCLYNdTzbe50G1jU640ujiJS5nSRyAC4zt9wHntyhRa1+upLi3jb7auXqMHw+fbu6s+7qaEi+vLIXJn50qSxMK6ma/GZXl3F1OrCV9+uNi0W6V4QNz77qTT++bbTrfTTU7exfjfYBs7KWOnMR4rfDnIqgc061/f4vXvJdWhW7SNHTlrw8j/VnA/bXO/MqKtjCdROGqnXslBty2c9T4zoUT7Yhwc0UhMScyOYpyfv1jtV8nXrv81edKe/gttSNXmXAxpO9DqSbaekZvNrivLe8pfjTFHfzUNX38dMLYX/REAAP//PJ/dz3wIAAA="
          },
          "sensitive_attributes": []
        }
      ]
    },
    {
      "mode": "data",
      "type": "template_file",
      "name": "jump-cloudconfig",
      "provider": "provider[\"registry.terraform.io/hashicorp/template\"]",
      "instances": [
        {
          "index_key": 0,
          "schema_version": 0,
          "attributes": {
            "filename": null,
            "id": "1e5eb1a3e0113f5f67c40c3469e3d8691986a907da54607b975a069e7704873e",
            "rendered": "#cloud-config\nsystem_info:\n  default_user:\n    name: jumpuser\n\n#\n# Update the repo and then update the OS\n#\npackage_update: true\npackage_upgrade: true\n\n#\n# Install Docker Pre-Reqs\n# Verify Docker Hash / Key: $curl -sL https://download.docker.com/linux/ubuntu/gpg | gpg\n#\napt:\n  sources:\n    docker.list:\n      source: deb [arch=amd64] https://download.docker.com/linux/ubuntu $RELEASE stable\n      keyid: 9DC858229FC7DD38854AE2D88D81803C0EBFCD88\n\n#\n# Install packages: nfs, docker\n#\npackages:\n  - nfs-common\n  - docker-ce\n  - docker-ce-cli\n\n#\n# Update /etc/fstab\n#\nmounts:\n  - [\"192.168.2.4:/export\",\"/viya-share\",\"nfs\",\"_netdev,auto,x-systemd.automount,x-systemd.mount-timeout=10,timeo=14,x-systemd.idle-timeout=1min,relatime,hard,rsize=1048576,wsize=1048576,vers=3,tcp,namlen=255,retrans=2,sec=sys,local_lock=none\",\"0\",\"0\"]\n\n#\n# Add nfs mounts\n#\nruncmd:\n  - if ! [ -z \"192.168.2.4\" ]\n  - then\n      #\n      # mount the nfs\n      #\n  -   while [ `df -h | grep \"192.168.2.4:/export\" | wc -l` -eq 0 ]; do sleep 5 \u0026\u0026 mount -a ; done\n      #\n      # Change permissions and owner\n      #\n  -   mkdir -p /viya-share/pvs\n  -   $(chmod -fR 777 /viya-share ; echo)\n  -   $(chown -R nobody:nogroup /viya-share ; echo)\n  - fi\n  #\n  # Update user for Docker, user=jumpuser\n  #\n  - usermod -aG docker jumpuser\n",
            "template": "#cloud-config\nsystem_info:\n  default_user:\n    name: ${vm_admin}\n\n#\n# Update the repo and then update the OS\n#\npackage_update: true\npackage_upgrade: true\n\n#\n# Install Docker Pre-Reqs\n# Verify Docker Hash / Key: $curl -sL https://download.docker.com/linux/ubuntu/gpg | gpg\n#\napt:\n  sources:\n    docker.list:\n      source: deb [arch=amd64] https://download.docker.com/linux/ubuntu $RELEASE stable\n      keyid: 9DC858229FC7DD38854AE2D88D81803C0EBFCD88\n\n#\n# Install packages: nfs, docker\n#\npackages:\n  - nfs-common\n  - docker-ce\n  - docker-ce-cli\n\n#\n# Update /etc/fstab\n#\nmounts:\n  - ${mounts}\n\n#\n# Add nfs mounts\n#\nruncmd:\n  - if ! [ -z \"${rwx_filestore_endpoint}\" ]\n  - then\n      #\n      # mount the nfs\n      #\n  -   while [ `df -h | grep \"${rwx_filestore_endpoint}:${rwx_filestore_path}\" | wc -l` -eq 0 ]; do sleep 5 \u0026\u0026 mount -a ; done\n      #\n      # Change permissions and owner\n      #\n  -   mkdir -p ${jump_rwx_filestore_path}/pvs\n  -   $(chmod -fR 777 ${jump_rwx_filestore_path} ; echo)\n  -   $(chown -R nobody:nogroup ${jump_rwx_filestore_path} ; echo)\n  - fi\n  #\n  # Update user for Docker, user=${vm_admin}\n  #\n  - usermod -aG docker ${vm_admin}\n",
            "vars": {
              "jump_rwx_filestore_path": "/viya-share",
              "mounts": "[\"192.168.2.4:/export\",\"/viya-share\",\"nfs\",\"_netdev,auto,x-systemd.automount,x-systemd.mount-timeout=10,timeo=14,x-systemd.idle-timeout=1min,relatime,hard,rsize=1048576,wsize=1048576,vers=3,tcp,namlen=255,retrans=2,sec=sys,local_lock=none\",\"0\",\"0\"]",
              "rwx_filestore_endpoint": "192.168.2.4",
              "rwx_filestore_path": "/export",
              "vm_admin": "jumpuser"
            }
          },
          "sensitive_attributes": []
        }
      ]
    },
    {
      "mode": "data",
      "type": "template_file",
      "name": "nfs-cloudconfig",
      "provider": "provider[\"registry.terraform.io/hashicorp/template\"]",
      "instances": [
        {
          "index_key": 0,
          "schema_version": 0,
          "attributes": {
            "filename": null,
            "id": "7f29fbf671a2acf7c2a1cabf147fda49af8b9f433cb5bf542902936f1db9f1a0",
            "rendered": "#cloud-config\nsystem_info:\n  default_user:\n    name: nfsuser\n    \n#\n# Wait for azure disks to be mounted then continue\n#\nbootcmd:\n  - while [ `find /dev/disk/azure/scsi1/ -type l | wc -l` -lt 4 ]; do sleep 5; done\n\n#\n# First we'll update the repo and then update the OS.\n#\npackage_update: true\npackage_upgrade: true\n\n#\n# Install packages\n#\npackages:\n  - nfs-kernel-server\n\n#\n# Create mount directories\n#\nruncmd:\n  #\n  # Create /export directory with the correct owner/permissions\n  #\n  - mkdir /export\n  - chown nobody:nogroup /export -R\n  - chmod -R 0777 /export\n  #\n  # Update systemctl services\n  #\n  - systemctl enable nfs-kernel-server\n  - systemctl start nfs-kernel-server\n  - systemctl enable rpc-statd\n  - systemctl start rpc-statd\n  #\n  # Create Raid5 Array\n  #\n  - pvcreate $(find /dev/disk/azure/scsi1/ -type l | xargs)\n  - vgcreate data-vg01 $(find /dev/disk/azure/scsi1/ -type l | xargs)\n  - lvcreate --type raid5 --extents 100%FREE --stripes 3 --name data-lv01 data-vg01\n  - mkfs -t ext4 /dev/data-vg01/data-lv01\n  #\n  # Update /etc/fstab\n  #\n  - device=`lsblk -r | grep lvm | cut -d \" \" -f1 | grep -v \"_\"`\n  - mntDir='/export'\n  - deviceUUID=`sudo blkid /dev/mapper/$device | sed -r 's/.*UUID=\"([^\"]*).*\"/\\1/g'`\n  - echo \"UUID=$deviceUUID $mntDir auto defaults,acl,nofail 0 2\" | sudo tee -a /etc/fstab \u003e /dev/null\n  - mount -a\n  #\n  # Update /etc/exports - NOTE: The CIDR provided works for the whole VPC\n  #\n  - if [ \"192.168.0.0/23\" != \"192.168.2.0/24\" ]\n  - then\n  -   echo \"/export         192.168.0.0/23(rw,no_root_squash,async,insecure,fsid=0,crossmnt,no_subtree_check)\" \u003e\u003e /etc/exports\n  -   echo \"/export         192.168.2.0/24(rw,no_root_squash,async,insecure,fsid=0,crossmnt,no_subtree_check)\" \u003e\u003e /etc/exports\n  - else\n  -   echo \"/export         192.168.0.0/23(rw,no_root_squash,async,insecure,fsid=0,crossmnt,no_subtree_check)\" \u003e\u003e /etc/exports\n  - fi\n  #\n  # Restart nfs-server service\n  #\n  - exportfs -a\n  - systemctl restart nfs-kernel-server\n",
            "template": "#cloud-config\nsystem_info:\n  default_user:\n    name: ${vm_admin}\n    \n#\n# Wait for azure disks to be mounted then continue\n#\nbootcmd:\n  - while [ `find /dev/disk/azure/scsi1/ -type l | wc -l` -lt 4 ]; do sleep 5; done\n\n#\n# First we'll update the repo and then update the OS.\n#\npackage_update: true\npackage_upgrade: true\n\n#\n# Install packages\n#\npackages:\n  - nfs-kernel-server\n\n#\n# Create mount directories\n#\nruncmd:\n  #\n  # Create /export directory with the correct owner/permissions\n  #\n  - mkdir /export\n  - chown nobody:nogroup /export -R\n  - chmod -R 0777 /export\n  #\n  # Update systemctl services\n  #\n  - systemctl enable nfs-kernel-server\n  - systemctl start nfs-kernel-server\n  - systemctl enable rpc-statd\n  - systemctl start rpc-statd\n  #\n  # Create Raid5 Array\n  #\n  - pvcreate $(find /dev/disk/azure/scsi1/ -type l | xargs)\n  - vgcreate data-vg01 $(find /dev/disk/azure/scsi1/ -type l | xargs)\n  - lvcreate --type raid5 --extents 100%FREE --stripes 3 --name data-lv01 data-vg01\n  - mkfs -t ext4 /dev/data-vg01/data-lv01\n  #\n  # Update /etc/fstab\n  #\n  - device=`lsblk -r | grep lvm | cut -d \" \" -f1 | grep -v \"_\"`\n  - mntDir='/export'\n  - deviceUUID=`sudo blkid /dev/mapper/$device | sed -r 's/.*UUID=\"([^\"]*).*\"/\\1/g'`\n  - echo \"UUID=$deviceUUID $mntDir auto defaults,acl,nofail 0 2\" | sudo tee -a /etc/fstab \u003e /dev/null\n  - mount -a\n  #\n  # Update /etc/exports - NOTE: The CIDR provided works for the whole VPC\n  #\n  - if [ \"${aks_cidr_block}\" != \"${misc_cidr_block}\" ]\n  - then\n  -   echo \"/export         ${aks_cidr_block}(rw,no_root_squash,async,insecure,fsid=0,crossmnt,no_subtree_check)\" \u003e\u003e /etc/exports\n  -   echo \"/export         ${misc_cidr_block}(rw,no_root_squash,async,insecure,fsid=0,crossmnt,no_subtree_check)\" \u003e\u003e /etc/exports\n  - else\n  -   echo \"/export         ${aks_cidr_block}(rw,no_root_squash,async,insecure,fsid=0,crossmnt,no_subtree_check)\" \u003e\u003e /etc/exports\n  - fi\n  #\n  # Restart nfs-server service\n  #\n  - exportfs -a\n  - systemctl restart nfs-kernel-server\n",
            "vars": {
              "aks_cidr_block": "192.168.0.0/23",
              "misc_cidr_block": "192.168.2.0/24",
              "vm_admin": "nfsuser"
            }
          },
          "sensitive_attributes": []
        }
      ]
    },
    {
      "mode": "managed",
      "type": "azurerm_network_security_group",
      "name": "nsg",
      "provider": "provider[\"registry.terraform.io/hashicorp/azurerm\"]",
      "instances": [
        {
          "index_key": 0,
          "schema_version": 0,
          "attributes": {
            "id": "/subscriptions/286fd347-8c88-4537-9fdf-ac5721895c8c/resourceGroups/new-test-aks-rg/providers/Microsoft.Network/networkSecurityGroups/new-test-aks-nsg",
            "location": "eastus",
            "name": "new-test-aks-nsg",
            "resource_group_name": "new-test-aks-rg",
            "security_rule": [],
            "tags": null,
            "timeouts": null
          },
          "sensitive_attributes": [],
          "private": "eyJlMmJmYjczMC1lY2FhLTExZTYtOGY4OC0zNDM2M2JjN2M0YzAiOnsiY3JlYXRlIjoxODAwMDAwMDAwMDAwLCJkZWxldGUiOjE4MDAwMDAwMDAwMDAsInJlYWQiOjMwMDAwMDAwMDAwMCwidXBkYXRlIjoxODAwMDAwMDAwMDAwfX0=",
          "dependencies": [
            "azurerm_resource_group.aks_rg",
            "data.azurerm_resource_group.aks_rg"
          ]
        }
      ]
    },
    {
      "mode": "managed",
      "type": "azurerm_resource_group",
      "name": "aks_rg",
      "provider": "provider[\"registry.terraform.io/hashicorp/azurerm\"]",
      "instances": [
        {
          "index_key": 0,
          "schema_version": 0,
          "attributes": {
            "id": "/subscriptions/286fd347-8c88-4537-9fdf-ac5721895c8c/resourceGroups/new-test-aks-rg",
            "location": "eastus",
            "name": "new-test-aks-rg",
            "tags": null,
            "timeouts": null
          },
          "sensitive_attributes": [],
          "private": "eyJlMmJmYjczMC1lY2FhLTExZTYtOGY4OC0zNDM2M2JjN2M0YzAiOnsiY3JlYXRlIjo1NDAwMDAwMDAwMDAwLCJkZWxldGUiOjU0MDAwMDAwMDAwMDAsInJlYWQiOjMwMDAwMDAwMDAwMCwidXBkYXRlIjo1NDAwMDAwMDAwMDAwfX0="
        }
      ]
    },
    {
      "mode": "managed",
      "type": "azurerm_user_assigned_identity",
      "name": "uai",
      "provider": "provider[\"registry.terraform.io/hashicorp/azurerm\"]",
      "instances": [
        {
          "index_key": 0,
          "schema_version": 1,
          "attributes": {
            "client_id": "636321c5-fc54-4567-9c40-8a645ca8f39a",
            "id": "/subscriptions/286fd347-8c88-4537-9fdf-ac5721895c8c/resourceGroups/new-test-aks-rg/providers/Microsoft.ManagedIdentity/userAssignedIdentities/new-test-aks-aks-identity",
            "location": "eastus",
            "name": "new-test-aks-aks-identity",
            "principal_id": "4271f0a4-6b6d-4922-bdff-95a05a0e1f6e",
            "resource_group_name": "new-test-aks-rg",
            "tags": null,
            "tenant_id": "bae0bbda-9d1c-4172-b1ee-8fb76c884791",
            "timeouts": null
          },
          "sensitive_attributes": [],
          "private": "eyJlMmJmYjczMC1lY2FhLTExZTYtOGY4OC0zNDM2M2JjN2M0YzAiOnsiY3JlYXRlIjoxODAwMDAwMDAwMDAwLCJkZWxldGUiOjE4MDAwMDAwMDAwMDAsInJlYWQiOjMwMDAwMDAwMDAwMCwidXBkYXRlIjoxODAwMDAwMDAwMDAwfSwic2NoZW1hX3ZlcnNpb24iOiIxIn0=",
          "dependencies": [
            "azurerm_resource_group.aks_rg",
            "data.azurerm_resource_group.aks_rg"
          ]
        }
      ]
    },
    {
      "mode": "managed",
      "type": "kubernetes_config_map",
      "name": "sas_iac_buildinfo",
      "provider": "provider[\"registry.terraform.io/hashicorp/kubernetes\"]",
      "instances": [
        {
          "schema_version": 0,
          "attributes": {
            "binary_data": null,
            "data": {
              "git-hash": "ea0b78f7d9cfac939f8cca99f3d5d4879dee0526",
              "iac-tooling": "terraform",
              "terraform": "version: \"1.4.4\"\nrevision: null\nprovider-selections: {\"registry.terraform.io/hashicorp/azuread\":\"1.5.0\",\"registry.terraform.io/hashicorp/azurerm\":\"3.26.0\",\"registry.terraform.io/hashicorp/cloudinit\":\"2.2.0\",\"registry.terraform.io/hashicorp/external\":\"2.1.0\",\"registry.terraform.io/hashicorp/kubernetes\":\"2.14.0\",\"registry.terraform.io/hashicorp/local\":\"2.1.0\",\"registry.terraform.io/hashicorp/null\":\"3.1.0\",\"registry.terraform.io/hashicorp/template\":\"2.2.0\",\"registry.terraform.io/hashicorp/tls\":\"3.1.0\"}\noutdated: false\n"
            },
            "id": "kube-system/sas-iac-buildinfo",
            "immutable": false,
            "metadata": [
              {
                "annotations": null,
                "generate_name": "",
                "generation": 0,
                "labels": null,
                "name": "sas-iac-buildinfo",
                "namespace": "kube-system",
                "resource_version": "1242",
                "uid": "512a7104-d49d-420c-be64-8ea6ca08e53a"
              }
            ]
          },
          "sensitive_attributes": [],
          "private": "bnVsbA==",
          "dependencies": [
            "azurerm_log_analytics_workspace.viya4",
            "azurerm_resource_group.aks_rg",
            "azurerm_user_assigned_identity.uai",
            "data.azurerm_resource_group.aks_rg",
            "data.azurerm_resource_group.network_rg",
            "data.azurerm_user_assigned_identity.uai",
            "data.external.git_hash",
            "data.external.iac_tooling_version",
            "module.aks.azurerm_kubernetes_cluster.aks",
            "module.aks.data.azurerm_public_ip.cluster_public_ip",
            "module.vnet.azurerm_subnet.subnet",
            "module.vnet.azurerm_virtual_network.vnet",
            "module.vnet.data.azurerm_subnet.subnet",
            "module.vnet.data.azurerm_virtual_network.vnet"
          ]
        }
      ]
    },
    {
      "module": "module.aks",
      "mode": "data",
      "type": "azurerm_public_ip",
      "name": "cluster_public_ip",
      "provider": "provider[\"registry.terraform.io/hashicorp/azurerm\"]",
      "instances": [
        {
          "index_key": 0,
          "schema_version": 0,
          "attributes": {
            "allocation_method": "Static",
            "domain_name_label": "",
            "fqdn": "",
            "id": "/subscriptions/286fd347-8c88-4537-9fdf-ac5721895c8c/resourceGroups/MC_new-test-aks-rg_new-test-aks-aks_eastus/providers/Microsoft.Network/publicIPAddresses/4cf0c94f-28f1-4c56-88b6-d4ec1b435a43",
            "idle_timeout_in_minutes": 30,
            "ip_address": "52.188.79.204",
            "ip_tags": {},
            "ip_version": "IPv4",
            "location": "eastus",
            "name": "4cf0c94f-28f1-4c56-88b6-d4ec1b435a43",
            "resource_group_name": "MC_new-test-aks-rg_new-test-aks-aks_eastus",
            "reverse_fqdn": "",
            "sku": "Standard",
            "tags": {
              "aks-managed-cluster-name": "new-test-aks-aks",
              "aks-managed-cluster-rg": "new-test-aks-rg",
              "aks-managed-type": "aks-slb-managed-outbound-ip"
            },
            "timeouts": null,
            "zones": [
              "1",
              "3",
              "2"
            ]
          },
          "sensitive_attributes": []
        }
      ]
    },
    {
      "module": "module.aks",
      "mode": "managed",
      "type": "azurerm_kubernetes_cluster",
      "name": "aks",
      "provider": "provider[\"registry.terraform.io/hashicorp/azurerm\"]",
      "instances": [
        {
          "schema_version": 2,
          "attributes": {
            "aci_connector_linux": [],
            "api_server_authorized_ip_ranges": null,
            "auto_scaler_profile": [
              {
                "balance_similar_node_groups": false,
                "empty_bulk_delete_max": "10",
                "expander": "random",
                "max_graceful_termination_sec": "600",
                "max_node_provisioning_time": "15m",
                "max_unready_nodes": 3,
                "max_unready_percentage": 45,
                "new_pod_scale_up_delay": "0s",
                "scale_down_delay_after_add": "10m",
                "scale_down_delay_after_delete": "10s",
                "scale_down_delay_after_failure": "3m",
                "scale_down_unneeded": "10m",
                "scale_down_unready": "20m",
                "scale_down_utilization_threshold": "0.5",
                "scan_interval": "10s",
                "skip_nodes_with_local_storage": false,
                "skip_nodes_with_system_pods": true
              }
            ],
            "automatic_channel_upgrade": "",
            "azure_active_directory_role_based_access_control": [],
            "azure_policy_enabled": false,
            "default_node_pool": [
              {
                "capacity_reservation_group_id": "",
                "enable_auto_scaling": true,
                "enable_host_encryption": false,
                "enable_node_public_ip": false,
                "fips_enabled": false,
                "host_group_id": "",
                "kubelet_config": [],
                "kubelet_disk_type": "OS",
                "linux_os_config": [],
                "max_count": 5,
                "max_pods": 110,
                "message_of_the_day": "",
                "min_count": 1,
                "name": "system",
                "node_count": 1,
                "node_labels": {},
                "node_public_ip_prefix_id": "",
                "node_taints": [],
                "only_critical_addons_enabled": false,
                "orchestrator_version": "1.24",
                "os_disk_size_gb": 128,
                "os_disk_type": "Managed",
                "os_sku": "Ubuntu",
                "pod_subnet_id": "",
                "proximity_placement_group_id": "",
                "scale_down_mode": "Delete",
                "tags": null,
                "type": "VirtualMachineScaleSets",
                "ultra_ssd_enabled": false,
                "upgrade_settings": [],
                "vm_size": "Standard_D8s_v4",
                "vnet_subnet_id": "/subscriptions/286fd347-8c88-4537-9fdf-ac5721895c8c/resourceGroups/new-test-aks-rg/providers/Microsoft.Network/virtualNetworks/new-test-aks-vnet/subnets/new-test-aks-aks-subnet",
                "workload_runtime": "",
                "zones": [
                  "1"
                ]
              }
            ],
            "disk_encryption_set_id": "",
            "dns_prefix": "new-test-aks-aks",
            "dns_prefix_private_cluster": "",
            "edge_zone": "",
            "enable_pod_security_policy": false,
            "fqdn": "new-test-aks-aks-asz863wc.hcp.eastus.azmk8s.io",
            "http_application_routing_enabled": false,
            "http_application_routing_zone_name": "",
            "http_proxy_config": [],
            "id": "/subscriptions/286fd347-8c88-4537-9fdf-ac5721895c8c/resourceGroups/new-test-aks-rg/providers/Microsoft.ContainerService/managedClusters/new-test-aks-aks",
            "identity": [
              {
                "identity_ids": [
                  "/subscriptions/286fd347-8c88-4537-9fdf-ac5721895c8c/resourceGroups/new-test-aks-rg/providers/Microsoft.ManagedIdentity/userAssignedIdentities/new-test-aks-aks-identity"
                ],
                "principal_id": "",
                "tenant_id": "",
                "type": "UserAssigned"
              }
            ],
            "ingress_application_gateway": [],
            "key_vault_secrets_provider": [],
            "kube_admin_config": [],
            "kube_admin_config_raw": "",
            "kube_config": [
              {
                "client_certificate": "LS0tLS1CRUdJTiBDRVJUSUZJQ0FURS0tLS0tCk1JSUZIVENDQXdXZ0F3SUJBZ0lRUkJIeCtDRlN4WWxYWS9NbW5PN21qVEFOQmdrcWhraUc5dzBCQVFzRkFEQU4KTVFzd0NRWURWUVFERXdKallUQWVGdzB5TXpBME1USXhPRE0xTkRKYUZ3MHlOVEEwTVRJeE9EUTFOREphTURBeApGekFWQmdOVkJBb1REbk41YzNSbGJUcHRZWE4wWlhKek1SVXdFd1lEVlFRREV3eHRZWE4wWlhKamJHbGxiblF3CmdnSWlNQTBHQ1NxR1NJYjNEUUVCQVFVQUE0SUNEd0F3Z2dJS0FvSUNBUUN4bVZETmJjYVlhVGdWUmhicUxId3UKU3BkUStlczRFYXRJQVJScGxUYTFlMXVBMGQvRFprSE5tSTU4cnFDakRhRlhjZ2FnWUlMY3dzbjVXVXR0L204RwowaGtLVlNoWjdNS2NITWZ1T085Z3NHU0FBbVhKRmJZenF4Y2JiUm9MMzV4V0Z5RXRRN2d6d1FwQTIwaEw0TFB2CnI2cGJZMFRiRmpnQUpBenhQWGV6M0c0YnU5Zi9PSkFXYnN5VjBmdkJ2VEtGc0RIdGNnZCs2dDRZVlJaczJqbnIKd0FkVG5CZUZBK3NyalkvSWY1WjhqVzlLNXhPc0cyUUM0TVg1dU83NGY4U0lxaXFBK09oZmNHcFZUNWFGT2ZNOAozNEhXRFNUTW5ZN3d3Y2FNeDBqREF2MEVTY1c3THk5TkJJT3VYYWJqYjA4RVNNa1JrMFR2TFNtcEorZi9meldKCkRBSVdpRlVOemV4cnNBQ0tuZkZBQTNjUVRlSmlkQ3k3LzBmRCsrTHJ0YVlSalJxREd5a29Kd0dBOGJaM3VoaFIKeVNVRW1CMFpGV1RPTEhwcWZvNUpNQXlwbkVabFpvS1p2SjFUMy93NEJTektiVi9nNEQ1QzBBWHBBeElQUlNqUwo0QzZXR1owa0VOa3RoZFFIeVVKdlZUUUJsclNRYXBqQ1ZBWGhVSUJIQU9LV1VuekQ4Tm9WUGptSWtTM0VhdGozCmRqdFc2NnF3NjlMbCsyNldOa0JSSmVrOWxZckg5MmRsS0pwSnZqWlo5Q0NmRWVZc0hRbTJneWFrb1pYb0krc2cKQmRZZTlHbms4OHRmTFdlZys4dmQ0RTM0UjNDUE4rL3VmamFmYndLZVBYeCtRSkJqQ2lTNFpVWEJXSjNTZGpyTAo3bi95WVJwckxGZUUzUm9TeTN3UHN3SURBUUFCbzFZd1ZEQU9CZ05WSFE4QkFmOEVCQU1DQmFBd0V3WURWUjBsCkJBd3dDZ1lJS3dZQkJRVUhBd0l3REFZRFZSMFRBUUgvQkFJd0FEQWZCZ05WSFNNRUdEQVdnQlNMVHBoOWRWalkKR3RMYzJWZlNDRmNySWNwRnhEQU5CZ2txaGtpRzl3MEJBUXNGQUFPQ0FnRUFTbmxETHo2VkxvbDFjbFBWWmJjYgpRNWZ3VzViNmtBaWFKVUtNMkZKSHVwN1I3SU1pd09SbFBadDlYYzBqTWxCTGt6dEdSYWcrbkt4eUdLQWo4c1F4CmMwSlBsZFUzYU5VOFRJejJic3JvQkVDcXBWLzlnU2Jwajd1dmcwSG14WHZhM3FXTVkyaDlUWHMySmNuNitYRkMKRFVxRUFzVTgyL3N1dUlkMCtxSENiNHVQbXEwNXpZMGYrN2NsRnZzMnhWVUJQTE50cnQ0T0lWN2J1K3lxNmJySwpjZE5BTGN1VFdEaGgrZlN6OXU0ZlIxSlhZQytacXhoeGo1VVZ5Nzg0RVNpRDBVVFdNemJ4VlZrSWJ6Q0IzOTRLCm43dVhmSlhBbjJhcm5iNG9DK2krb2d2dUJSRFFGYUQ0SEJiV0s0MHV0cnZ5VGtRcmNHWW03Z2dTdFJxMit4RUoKSVVmNzE4NVVLcGxvd0tObGZYQjZXNm50VVpBOVE1L0JhdXVWOGUzamZIZGJrYkxUcTBuSStuS2ZjQS9aVUxYdgpUWmJhSms3TGMxNzNiOHhGbkZZeHVobFdUclJNUGFEVkducWt5NTd5dVFEbFZUUVE5VEk4RHVCbUFkMkQ1ejFQCngrdjVXL281UFE4WW1WQnNpU0xVRGJQQUpXWERucHR5WThQM0RMVTNyZi9LOEhvNkF1RVQxL3FzK1orSVA4R24KaW03L1B5U3pDejhkTVhyOWc2VEhReDhtbGxUdEpjdjBCNVl4SG05Vy9ZWVBYUG5oMHhiODlhTXJ6eGtiTVZzOApWc0I5OUIzbFRhRHBHZE1Yc0Z2Z01KYzVFbGhlOWU2T2dwMFdpcnBtWWtzN2swMzR4TTMxK0tMdk8vekl6Y29JClk3MlpMY3pFRkhieW5XMHd6ejdWRm1vPQotLS0tLUVORCBDRVJUSUZJQ0FURS0tLS0tCg==",
                "client_key": "LS0tLS1CRUdJTiBSU0EgUFJJVkFURSBLRVktLS0tLQpNSUlKS0FJQkFBS0NBZ0VBc1psUXpXM0dtR2s0RlVZVzZpeDhMa3FYVVBuck9CR3JTQUVVYVpVMnRYdGJnTkhmCncyWkJ6WmlPZks2Z293MmhWM0lHb0dDQzNNTEorVmxMYmY1dkJ0SVpDbFVvV2V6Q25Cekg3amp2WUxCa2dBSmwKeVJXMk02c1hHMjBhQzkrY1ZoY2hMVU80TThFS1FOdElTK0N6NzYrcVcyTkUyeFk0QUNRTThUMTNzOXh1Rzd2WAovemlRRm03TWxkSDd3YjB5aGJBeDdYSUhmdXJlR0ZVV2JObzU2OEFIVTV3WGhRUHJLNDJQeUgrV2ZJMXZTdWNUCnJCdGtBdURGK2JqdStIL0VpS29xZ1Bqb1gzQnFWVStXaFRuelBOK0IxZzBrekoyTzhNSEdqTWRJd3dMOUJFbkYKdXk4dlRRU0RybDJtNDI5UEJFakpFWk5FN3kwcHFTZm4vMzgxaVF3Q0ZvaFZEYzNzYTdBQWlwM3hRQU4zRUUzaQpZblFzdS85SHcvdmk2N1dtRVkwYWd4c3BLQ2NCZ1BHMmQ3b1lVY2tsQkpnZEdSVmt6aXg2YW42T1NUQU1xWnhHClpXYUNtYnlkVTkvOE9BVXN5bTFmNE9BK1F0QUY2UU1TRDBVbzB1QXVsaG1kSkJEWkxZWFVCOGxDYjFVMEFaYTAKa0dxWXdsUUY0VkNBUndEaWxsSjh3L0RhRlQ0NWlKRXR4R3JZOTNZN1Z1dXFzT3ZTNWZ0dWxqWkFVU1hwUFpXSwp4L2RuWlNpYVNiNDJXZlFnbnhIbUxCMEp0b01tcEtHVjZDUHJJQVhXSHZScDVQUExYeTFub1B2TDNlQk4rRWR3Cmp6ZnY3bjQybjI4Q25qMThma0NRWXdva3VHVkZ3VmlkMG5ZNnkrNS84bUVhYXl4WGhOMGFFc3Q4RDdNQ0F3RUEKQVFLQ0FnQU9qcjZzMkI2N1I0U3RXYjF2SEk1aFRRUHlRMG9nb25JanlOTGZoTGVqVUtWRGZmQ1ZsOEExRmhnMwo2Q2lLdFFkUW42d2pZVVhZeXE2N25iSXRKZm43MlNUc1QrYXEyRmxyYW9DSTZtblV4eUMxelh5Q2F5RXdRd24xCjJZK1ZBWk5UQ3pwUTk0Z1YxZkQ5Ti94SkcvWWo0NFpYVDEvSmhaeTVoanI1VzB5QWxjVUF5UGovbHFkWTcyUWQKczhTck1OTC9XbDM5VktlQW84Zm92ckRENDI5ei81MmFJT1ZjcGVHVkJGbVEyY1NBR1NmU1AvYkEyTTN0M25iYgo3V2pKUGMvaVUvQi8rZWN5UzRpcnpZWk5EVjcrMG1OV0pHV3IwQTV6ZGE3TXcxa1hneHN5U3NuR2VpdXFhSUJTCnZxSjdhaGhVQlpOVnVYaWhFbGFqNHYyRlYrd1BXTkd2Ni9qSnUzbk9kUExFSnZXTmV3UFpvdi8wS2V3bkRRTjIKb3dRWTRYY1JQODEyYS9iZVpsWUhjM0FWU1pqK1A3d094U2hMY2FXQ0hzTENUanhwU3FRbVVuVWpVS25FbWNPegpVV2FUWmZYa21UeTBtbG1CcmphRHJIR3RQY1BRYzFEeFhJM3prZ2MwQU96SmNrREhCZnhIeXEvaGNTejZXTVhiCmtLNlhUNmRrbFdIYTNFL1VLMVJWa2dJaGZrZmVGaGhxZEhOY0ZWZjFobnVDcTNMRmRvd3BqbHZHdHZRalgzaVUKMzlST3JmQ0dxRWVGYXRqL1RjbXJNUjBhaENxSnBpc2NhRnMzMHFQdkVjMFRpQkdCSFhQbVZDdGFRckorcFM1cAo4amtxalFmUE1UYW56Wnl4d3c4T001MkhLS2FXaEIxanFXRysvYXVNckVYeUI2cDZRUUtDQVFFQTJldVZQUmVJClJoSUFac2VCUW9sUkZUTFpWM3ZPQXBYNTAwcHlvM3dEdC9JRFhyMnh0K3J0bTIycTZEWEhxV3pmdmJLSHFjNW0KeTRQNUlad1BaMHdmWGNGUFFudkNuNG5qUlBhYzJrdUcrMzFhMmpORVk3QU0rSVBQSXhFUkFiQmJRVVJHekJDcQpTWXYxckY2ZlFhU05sNnNKWTl3NFpuSEhYdHovcGJkNmx6R1RaOWVCUEpWamNBWlQrOGYveVZ0WkJ3T3UwaUNsClAzSEx5Sk1Fc09QeHFyYktGcWFhQituczJPRFFWV2Q0d2VZREsyV0tLMU9WQktHbDVBcjRLdjVpL1NOalZHRDIKcFk4di9GZC80TE1CZDl0eDc0aHc3a29hR09jYTl3b0NsTlI0NDdaaXFBUkdJLzlFcFZkT2lYaWJjQlEzaWhtTApZTTFtWkNROTlTak8yUUtDQVFFQTBLSUFqRFVObm84SWFpUTA3U1hFbGlNMDY2WjZESXZZek1CV0x1aFhQTXpsCm9pRU1hVWdITmlrQlBNMFhUTXZibk1kaVlJZzhBMDNnZDNxY25iU09nMDlQWEh4bDRsNXhTNXFuaDVuNFRheWwKTGhXbVFNcWlnZWxUZmNWd3FUWFdCS09PNWVLaEMvdUpiWWY1MDVFOWZKRkZvNFFWb1h6SCtxMkpHVzVCV0dndgpHbC9kTVMrRFZiU1hsK1BLVkdxS0lxa01VdFFycWVZMUptc01oT2t5UGU1bFJSSVJOblJtYVhYSjFLUkFscmoxCjFXOER6eGd5VTVXSU8raU1hTVJ1ZHpoc2kwWjk4V3BzVEIreVRWN3p0bzFwam9peGlhalF5aGphQnBoLzZoM1AKOE4rcjdVRVNZc2tBR1hXb0NkY0JxZUxnY3o0OFJjdVVlVGQ4SDMrVGF3S0NBUUVBMVNZT2RSRGRZOXdidEd3VApUR2RQZmJLY3oycnpGNmhtRVhyU0lvSWNpUUVZdHNSSVhpSlZnaCtFZVZpUkVIRERiNko5KzJNOVBIYTdhVnBoCjNxR2dWRzNOL3JOYXEvMk01RmxyRmtHbHA3cjI4RklRNUlqQVJ4dDFzVkR5RjNyTjUwckhETGFJT1NQQ2luU0sKeFFRVTBuS2kzcC82TW9tN2ZsZ2ZYWkhYUUtkbkRMekhWZUN3d0ZRUU5VZHNNeUU4TlJZdkdxeC90VXl6REY1dwp5aXhLcHJYZmVNUkFDTm1QcHBwT2JCcW5ETkRUN05DR2t0WlAvWlcyMHhTL3BCM3A2THVDWG5meENBTEQ1c2dXCjlrdGdka0dZY2JnODdYWmhqRllRRSs0Z2xENDJlRlJlcndSdkxxcHlGRjhQSEh0eFhmRUlXZldlVkhMVFljUHAKTGpCYUVRS0NBUUFLQ3pLQmpYQkphTk5iNE1CWGhsRHZkV1J2ejhUaVk3MGRKa2svMnRtUVNNRHBURFAvd1lMdgpYWXY4dEZiaDBKS1MrcHBHMFdncU5JNlEwZXRHUUZINENsSmt2bXhkT0hTMTBnMHNud0h3STFhVVlHQnZrQkhBCnRVM2FxUzJpUjhBMDJ2YmZKRWppZmNxQTVtSGxpSUZ3Uk1JWWZCeGFlTnBidkF6MGwzVTMzMVFkTGU1RkZ1ZDQKc2NmMmZQWFptSU5yNWIxOUkwK3l6eTFSMnlkd0lwWFRtMjF1cE04RlV4YzNEbitYNkF4ZjlTbUlpOTZnRXFjaApsUHBKQUFuNlpUSjROTlFzNUVqZDNXUzNTWE5ZL0RBNVlwZHBVRFZUemplMjh2bFVCZlZxZk9MczBxZkJOVGZBClg3TE1odmgrK01YUXV1WlpSZTY2NFhFVllORnQ1c05mQW9JQkFFQ2NMRWtNQWJKbWNZdDFHaFp3anRSclRiTCsKMkpZS0JqemFTUjNIbjVyVXNRWHMwUVlwdE4wcTZvT2Z0dDc0WU1DS2t2ODl4M2xmWEwxeHlxaEJMcjY3eC9aawptc2xaRjBJTm0vendORGNNSVh6Z2dMVS9zQTVNY3YzQVhod1RQSXFvcHVJOGhkajgxZnJxNWNxZjlLd08xTm5TClRXd0FrY2oxdllaTFhLS1ZEUC9sZ05sRy9JQ0RnZktlUmQ3QTl4RG10eS9zd2NLc3ZvckkraEZ2bGdlVVMxZnIKNENCQ3ZENG5TcnpKWlcxd29NZVZnYzUzbEh1YTgrUlBMaXdZdTJqZFh4M1o5Yk5FaEV2SjYwSFhJVVlhUUp1Uwo4RkVoV3lZZE9jbU9OQ2U2Y0JjT3kzeGJtOEZ0OU5jaDRwTlFubzNTVFlNaU5mUG1tMDhpaHozRDhhMD0KLS0tLS1FTkQgUlNBIFBSSVZBVEUgS0VZLS0tLS0K",
                "cluster_ca_certificate": "LS0tLS1CRUdJTiBDRVJUSUZJQ0FURS0tLS0tCk1JSUU2VENDQXRHZ0F3SUJBZ0lSQU42d3Y2RjBKZUZHQisrU1dKMVFMOW93RFFZSktvWklodmNOQVFFTEJRQXcKRFRFTE1Ba0dBMVVFQXhNQ1kyRXdJQmNOTWpNd05ERXlNVGd6TlRReVdoZ1BNakExTXpBME1USXhPRFExTkRKYQpNQTB4Q3pBSkJnTlZCQU1UQW1OaE1JSUNJakFOQmdrcWhraUc5dzBCQVFFRkFBT0NBZzhBTUlJQ0NnS0NBZ0VBCnByc2MyZVBXdEFCSDMyenc0RTBva1AydUVTdkpmbXJrbWRHbkJKak5IZHdDUUZSUzBQcjB3SmJHbklsd05ZR1MKc3hoUlk3Ym1IK0NCdnpSSVVoU3ZsT2lnOHJyR0l5aEZWVDczSHZkblNJRGtRNlR3Ym5YdnhrY3pqdnY4RXdLUQpURkhQMGhMb2dML0tPQXNJV29teFJyWHhJd3p4VHZWUU9sTENqa2IwUVBiRXhSdjB1dkszcGRCU0FkQTJkTTgzCjY3Y3ZNb2hxMzBvK2NHempZWllSc1hUMVlKWGIyWUdwYXNhODN2Y2pkbTl2bnZtczZUbDlnRFoyRlNHRzM1ZEcKd0xXd1V6R1VpaTFpaWthYXl0c0xFcm5rbXhuK0hraFM2SlRPa1NxcWV1Zm5LOFZHZFVZTkJkclRwSnlycEx0WgpvSyt6WndNRk11aWZud3F6Y1lTR05tWnV2c2JZVVJTek9JQTV0b1l0cWtBN1JtMTI3L0pLdUE2Tys1cStUc2h4CnZHZlgyM0pmN2syZXdYekgyakZldG9HaUNCb2dOcVlVZFRzdmp6VGpCa3k0aHZqYTlnNEYyRmFEdXRHbEFZREgKZUNWK2huci9RY0l6VHlsdncrajJrQmpvSTV5cmtYbzFLSTJUTWpYRG9FQ25UYlFEc3ZZSEtBMjRXZ3BGa1JpbQpyTlIvV1FrT3Y1M3YxNCtiZUZCNy8zdnNDT3VaZVNvQVJHVHZnb0dqNlV1aWRjRk8vRk8vcXpMYkUrQ3JLUUdrCmt2MENSSFg0MnJmejJLRXkwcDBIZHNqZy9TNjlpQWxGenZkVHY5Yld3YnRGTnF1RWFyYnFCd3Y2L1lvb21NQncKOEtGZGROcWJRK2hEQXA5YkNOd2NzeDZIV1VIQXdaQ3JkVEpEcnNmejVnVUNBd0VBQWFOQ01FQXdEZ1lEVlIwUApBUUgvQkFRREFnS2tNQThHQTFVZEV3RUIvd1FGTUFNQkFmOHdIUVlEVlIwT0JCWUVGSXRPbUgxMVdOZ2EwdHpaClY5SUlWeXNoeWtYRU1BMEdDU3FHU0liM0RRRUJDd1VBQTRJQ0FRQjZkQXN6ZGgvRmtvMXVPbi9haTVzWGpZcnMKMFhidXFmRlBCQzdCWjRBN2FnZU8wdVJzVFhHQlVITk5meDFOR3Zsck9ML0NlM1o0Um5LekpZd0hlMGFYRVFMOApqVG5DcVlzY3pxVS8yZ2xzN1NGK2RTcll5eWdTNi9oUDZ2VjBNQ3NYM1ZvdUk5Q1dDNUxKNnVKcVI0RFVweFg0Ck54M2lIWHg0S1Vja25lVExSaitrbXhodVZaYUZsdkxqRFN3emcxWUFoM3QrVVZyMUFzUG0vWWlPNVpOODJDc28KekFoZzY0YjZhQjAvdHlqVW1HeU12ZGN1U2EvTEg1TExPeVhtc2xjSy9ua3B2UEx0RE1vd3IzMHZEOUlVTXNOMwpyZ3o2bDBiSHQwVmNUMitpNVJobE13OE9qNzVyMUlRdkMxUUQ4SkEyMFl5VTdZTEdLSnNRZGhjMEI0ZGsxU216CmFWUXBSQ0J2NGFFWTBpUG9aQ21FSG9xUzFFbkZ2d3h6M2NyemRZT2MvVXlVb1ZZOS8vd2dCenZNc0Fla3VIM3UKMW8zbWczck9MSTA2TW0wSkdGL3BBRHRaVjV1d3lENlJDUHVCL1lGZmZMR1hOUmx5bFlHdnJyT2x6MndRQ1QwVgpaUm5vSmo3Uk1sNWdOUW15RWQwYmQ5dGl2RGVHVWVjK1poTWUyRElTd1NncTJsaGNsL2JaMFpkWFF4TzZDdDVWCnVsNU14d1g0U3VVU3VyUWpsamZDV3lzZjk4M01lY1luSmlTY2NmbTBhaGR1cDFOMmR5VVk2cDRKd2R4bmNNTUsKTjhWVnQvVldVUlpLTkFtV09BQ1pIdGZHN3ZRRmVtUDBQNXVTdFRwZVY3a1JLaHVyMmppN0RTMm5kYzhTVHVpSgpXV2JKeW9GanNtU2NUT3diNWc9PQotLS0tLUVORCBDRVJUSUZJQ0FURS0tLS0tCg==",
                "host": "https://new-test-aks-aks-asz863wc.hcp.eastus.azmk8s.io:443",
                "password": "3rsucjrpvvggaapy7rh712hg6s5impthhkdyoveowtcxiuy9a1zv1668ms3n4tg021r4tq89jgh3ldgojarj1vncfe5n8cjezp3qazcazgtzejsa696dwx6muul8vecb",
                "username": "clusterUser_new-test-aks-rg_new-test-aks-aks"
              }
            ],
            "kube_config_raw": "apiVersion: v1\nclusters:\n- cluster:\n    certificate-authority-data: LS0tLS1CRUdJTiBDRVJUSUZJQ0FURS0tLS0tCk1JSUU2VENDQXRHZ0F3SUJBZ0lSQU42d3Y2RjBKZUZHQisrU1dKMVFMOW93RFFZSktvWklodmNOQVFFTEJRQXcKRFRFTE1Ba0dBMVVFQXhNQ1kyRXdJQmNOTWpNd05ERXlNVGd6TlRReVdoZ1BNakExTXpBME1USXhPRFExTkRKYQpNQTB4Q3pBSkJnTlZCQU1UQW1OaE1JSUNJakFOQmdrcWhraUc5dzBCQVFFRkFBT0NBZzhBTUlJQ0NnS0NBZ0VBCnByc2MyZVBXdEFCSDMyenc0RTBva1AydUVTdkpmbXJrbWRHbkJKak5IZHdDUUZSUzBQcjB3SmJHbklsd05ZR1MKc3hoUlk3Ym1IK0NCdnpSSVVoU3ZsT2lnOHJyR0l5aEZWVDczSHZkblNJRGtRNlR3Ym5YdnhrY3pqdnY4RXdLUQpURkhQMGhMb2dML0tPQXNJV29teFJyWHhJd3p4VHZWUU9sTENqa2IwUVBiRXhSdjB1dkszcGRCU0FkQTJkTTgzCjY3Y3ZNb2hxMzBvK2NHempZWllSc1hUMVlKWGIyWUdwYXNhODN2Y2pkbTl2bnZtczZUbDlnRFoyRlNHRzM1ZEcKd0xXd1V6R1VpaTFpaWthYXl0c0xFcm5rbXhuK0hraFM2SlRPa1NxcWV1Zm5LOFZHZFVZTkJkclRwSnlycEx0WgpvSyt6WndNRk11aWZud3F6Y1lTR05tWnV2c2JZVVJTek9JQTV0b1l0cWtBN1JtMTI3L0pLdUE2Tys1cStUc2h4CnZHZlgyM0pmN2syZXdYekgyakZldG9HaUNCb2dOcVlVZFRzdmp6VGpCa3k0aHZqYTlnNEYyRmFEdXRHbEFZREgKZUNWK2huci9RY0l6VHlsdncrajJrQmpvSTV5cmtYbzFLSTJUTWpYRG9FQ25UYlFEc3ZZSEtBMjRXZ3BGa1JpbQpyTlIvV1FrT3Y1M3YxNCtiZUZCNy8zdnNDT3VaZVNvQVJHVHZnb0dqNlV1aWRjRk8vRk8vcXpMYkUrQ3JLUUdrCmt2MENSSFg0MnJmejJLRXkwcDBIZHNqZy9TNjlpQWxGenZkVHY5Yld3YnRGTnF1RWFyYnFCd3Y2L1lvb21NQncKOEtGZGROcWJRK2hEQXA5YkNOd2NzeDZIV1VIQXdaQ3JkVEpEcnNmejVnVUNBd0VBQWFOQ01FQXdEZ1lEVlIwUApBUUgvQkFRREFnS2tNQThHQTFVZEV3RUIvd1FGTUFNQkFmOHdIUVlEVlIwT0JCWUVGSXRPbUgxMVdOZ2EwdHpaClY5SUlWeXNoeWtYRU1BMEdDU3FHU0liM0RRRUJDd1VBQTRJQ0FRQjZkQXN6ZGgvRmtvMXVPbi9haTVzWGpZcnMKMFhidXFmRlBCQzdCWjRBN2FnZU8wdVJzVFhHQlVITk5meDFOR3Zsck9ML0NlM1o0Um5LekpZd0hlMGFYRVFMOApqVG5DcVlzY3pxVS8yZ2xzN1NGK2RTcll5eWdTNi9oUDZ2VjBNQ3NYM1ZvdUk5Q1dDNUxKNnVKcVI0RFVweFg0Ck54M2lIWHg0S1Vja25lVExSaitrbXhodVZaYUZsdkxqRFN3emcxWUFoM3QrVVZyMUFzUG0vWWlPNVpOODJDc28KekFoZzY0YjZhQjAvdHlqVW1HeU12ZGN1U2EvTEg1TExPeVhtc2xjSy9ua3B2UEx0RE1vd3IzMHZEOUlVTXNOMwpyZ3o2bDBiSHQwVmNUMitpNVJobE13OE9qNzVyMUlRdkMxUUQ4SkEyMFl5VTdZTEdLSnNRZGhjMEI0ZGsxU216CmFWUXBSQ0J2NGFFWTBpUG9aQ21FSG9xUzFFbkZ2d3h6M2NyemRZT2MvVXlVb1ZZOS8vd2dCenZNc0Fla3VIM3UKMW8zbWczck9MSTA2TW0wSkdGL3BBRHRaVjV1d3lENlJDUHVCL1lGZmZMR1hOUmx5bFlHdnJyT2x6MndRQ1QwVgpaUm5vSmo3Uk1sNWdOUW15RWQwYmQ5dGl2RGVHVWVjK1poTWUyRElTd1NncTJsaGNsL2JaMFpkWFF4TzZDdDVWCnVsNU14d1g0U3VVU3VyUWpsamZDV3lzZjk4M01lY1luSmlTY2NmbTBhaGR1cDFOMmR5VVk2cDRKd2R4bmNNTUsKTjhWVnQvVldVUlpLTkFtV09BQ1pIdGZHN3ZRRmVtUDBQNXVTdFRwZVY3a1JLaHVyMmppN0RTMm5kYzhTVHVpSgpXV2JKeW9GanNtU2NUT3diNWc9PQotLS0tLUVORCBDRVJUSUZJQ0FURS0tLS0tCg==\n    server: https://new-test-aks-aks-asz863wc.hcp.eastus.azmk8s.io:443\n  name: new-test-aks-aks\ncontexts:\n- context:\n    cluster: new-test-aks-aks\n    user: clusterUser_new-test-aks-rg_new-test-aks-aks\n  name: new-test-aks-aks\ncurrent-context: new-test-aks-aks\nkind: Config\npreferences: {}\nusers:\n- name: clusterUser_new-test-aks-rg_new-test-aks-aks\n  user:\n    client-certificate-data: LS0tLS1CRUdJTiBDRVJUSUZJQ0FURS0tLS0tCk1JSUZIVENDQXdXZ0F3SUJBZ0lRUkJIeCtDRlN4WWxYWS9NbW5PN21qVEFOQmdrcWhraUc5dzBCQVFzRkFEQU4KTVFzd0NRWURWUVFERXdKallUQWVGdzB5TXpBME1USXhPRE0xTkRKYUZ3MHlOVEEwTVRJeE9EUTFOREphTURBeApGekFWQmdOVkJBb1REbk41YzNSbGJUcHRZWE4wWlhKek1SVXdFd1lEVlFRREV3eHRZWE4wWlhKamJHbGxiblF3CmdnSWlNQTBHQ1NxR1NJYjNEUUVCQVFVQUE0SUNEd0F3Z2dJS0FvSUNBUUN4bVZETmJjYVlhVGdWUmhicUxId3UKU3BkUStlczRFYXRJQVJScGxUYTFlMXVBMGQvRFprSE5tSTU4cnFDakRhRlhjZ2FnWUlMY3dzbjVXVXR0L204RwowaGtLVlNoWjdNS2NITWZ1T085Z3NHU0FBbVhKRmJZenF4Y2JiUm9MMzV4V0Z5RXRRN2d6d1FwQTIwaEw0TFB2CnI2cGJZMFRiRmpnQUpBenhQWGV6M0c0YnU5Zi9PSkFXYnN5VjBmdkJ2VEtGc0RIdGNnZCs2dDRZVlJaczJqbnIKd0FkVG5CZUZBK3NyalkvSWY1WjhqVzlLNXhPc0cyUUM0TVg1dU83NGY4U0lxaXFBK09oZmNHcFZUNWFGT2ZNOAozNEhXRFNUTW5ZN3d3Y2FNeDBqREF2MEVTY1c3THk5TkJJT3VYYWJqYjA4RVNNa1JrMFR2TFNtcEorZi9meldKCkRBSVdpRlVOemV4cnNBQ0tuZkZBQTNjUVRlSmlkQ3k3LzBmRCsrTHJ0YVlSalJxREd5a29Kd0dBOGJaM3VoaFIKeVNVRW1CMFpGV1RPTEhwcWZvNUpNQXlwbkVabFpvS1p2SjFUMy93NEJTektiVi9nNEQ1QzBBWHBBeElQUlNqUwo0QzZXR1owa0VOa3RoZFFIeVVKdlZUUUJsclNRYXBqQ1ZBWGhVSUJIQU9LV1VuekQ4Tm9WUGptSWtTM0VhdGozCmRqdFc2NnF3NjlMbCsyNldOa0JSSmVrOWxZckg5MmRsS0pwSnZqWlo5Q0NmRWVZc0hRbTJneWFrb1pYb0krc2cKQmRZZTlHbms4OHRmTFdlZys4dmQ0RTM0UjNDUE4rL3VmamFmYndLZVBYeCtRSkJqQ2lTNFpVWEJXSjNTZGpyTAo3bi95WVJwckxGZUUzUm9TeTN3UHN3SURBUUFCbzFZd1ZEQU9CZ05WSFE4QkFmOEVCQU1DQmFBd0V3WURWUjBsCkJBd3dDZ1lJS3dZQkJRVUhBd0l3REFZRFZSMFRBUUgvQkFJd0FEQWZCZ05WSFNNRUdEQVdnQlNMVHBoOWRWalkKR3RMYzJWZlNDRmNySWNwRnhEQU5CZ2txaGtpRzl3MEJBUXNGQUFPQ0FnRUFTbmxETHo2VkxvbDFjbFBWWmJjYgpRNWZ3VzViNmtBaWFKVUtNMkZKSHVwN1I3SU1pd09SbFBadDlYYzBqTWxCTGt6dEdSYWcrbkt4eUdLQWo4c1F4CmMwSlBsZFUzYU5VOFRJejJic3JvQkVDcXBWLzlnU2Jwajd1dmcwSG14WHZhM3FXTVkyaDlUWHMySmNuNitYRkMKRFVxRUFzVTgyL3N1dUlkMCtxSENiNHVQbXEwNXpZMGYrN2NsRnZzMnhWVUJQTE50cnQ0T0lWN2J1K3lxNmJySwpjZE5BTGN1VFdEaGgrZlN6OXU0ZlIxSlhZQytacXhoeGo1VVZ5Nzg0RVNpRDBVVFdNemJ4VlZrSWJ6Q0IzOTRLCm43dVhmSlhBbjJhcm5iNG9DK2krb2d2dUJSRFFGYUQ0SEJiV0s0MHV0cnZ5VGtRcmNHWW03Z2dTdFJxMit4RUoKSVVmNzE4NVVLcGxvd0tObGZYQjZXNm50VVpBOVE1L0JhdXVWOGUzamZIZGJrYkxUcTBuSStuS2ZjQS9aVUxYdgpUWmJhSms3TGMxNzNiOHhGbkZZeHVobFdUclJNUGFEVkducWt5NTd5dVFEbFZUUVE5VEk4RHVCbUFkMkQ1ejFQCngrdjVXL281UFE4WW1WQnNpU0xVRGJQQUpXWERucHR5WThQM0RMVTNyZi9LOEhvNkF1RVQxL3FzK1orSVA4R24KaW03L1B5U3pDejhkTVhyOWc2VEhReDhtbGxUdEpjdjBCNVl4SG05Vy9ZWVBYUG5oMHhiODlhTXJ6eGtiTVZzOApWc0I5OUIzbFRhRHBHZE1Yc0Z2Z01KYzVFbGhlOWU2T2dwMFdpcnBtWWtzN2swMzR4TTMxK0tMdk8vekl6Y29JClk3MlpMY3pFRkhieW5XMHd6ejdWRm1vPQotLS0tLUVORCBDRVJUSUZJQ0FURS0tLS0tCg==\n    client-key-data: LS0tLS1CRUdJTiBSU0EgUFJJVkFURSBLRVktLS0tLQpNSUlKS0FJQkFBS0NBZ0VBc1psUXpXM0dtR2s0RlVZVzZpeDhMa3FYVVBuck9CR3JTQUVVYVpVMnRYdGJnTkhmCncyWkJ6WmlPZks2Z293MmhWM0lHb0dDQzNNTEorVmxMYmY1dkJ0SVpDbFVvV2V6Q25Cekg3amp2WUxCa2dBSmwKeVJXMk02c1hHMjBhQzkrY1ZoY2hMVU80TThFS1FOdElTK0N6NzYrcVcyTkUyeFk0QUNRTThUMTNzOXh1Rzd2WAovemlRRm03TWxkSDd3YjB5aGJBeDdYSUhmdXJlR0ZVV2JObzU2OEFIVTV3WGhRUHJLNDJQeUgrV2ZJMXZTdWNUCnJCdGtBdURGK2JqdStIL0VpS29xZ1Bqb1gzQnFWVStXaFRuelBOK0IxZzBrekoyTzhNSEdqTWRJd3dMOUJFbkYKdXk4dlRRU0RybDJtNDI5UEJFakpFWk5FN3kwcHFTZm4vMzgxaVF3Q0ZvaFZEYzNzYTdBQWlwM3hRQU4zRUUzaQpZblFzdS85SHcvdmk2N1dtRVkwYWd4c3BLQ2NCZ1BHMmQ3b1lVY2tsQkpnZEdSVmt6aXg2YW42T1NUQU1xWnhHClpXYUNtYnlkVTkvOE9BVXN5bTFmNE9BK1F0QUY2UU1TRDBVbzB1QXVsaG1kSkJEWkxZWFVCOGxDYjFVMEFaYTAKa0dxWXdsUUY0VkNBUndEaWxsSjh3L0RhRlQ0NWlKRXR4R3JZOTNZN1Z1dXFzT3ZTNWZ0dWxqWkFVU1hwUFpXSwp4L2RuWlNpYVNiNDJXZlFnbnhIbUxCMEp0b01tcEtHVjZDUHJJQVhXSHZScDVQUExYeTFub1B2TDNlQk4rRWR3Cmp6ZnY3bjQybjI4Q25qMThma0NRWXdva3VHVkZ3VmlkMG5ZNnkrNS84bUVhYXl4WGhOMGFFc3Q4RDdNQ0F3RUEKQVFLQ0FnQU9qcjZzMkI2N1I0U3RXYjF2SEk1aFRRUHlRMG9nb25JanlOTGZoTGVqVUtWRGZmQ1ZsOEExRmhnMwo2Q2lLdFFkUW42d2pZVVhZeXE2N25iSXRKZm43MlNUc1QrYXEyRmxyYW9DSTZtblV4eUMxelh5Q2F5RXdRd24xCjJZK1ZBWk5UQ3pwUTk0Z1YxZkQ5Ti94SkcvWWo0NFpYVDEvSmhaeTVoanI1VzB5QWxjVUF5UGovbHFkWTcyUWQKczhTck1OTC9XbDM5VktlQW84Zm92ckRENDI5ei81MmFJT1ZjcGVHVkJGbVEyY1NBR1NmU1AvYkEyTTN0M25iYgo3V2pKUGMvaVUvQi8rZWN5UzRpcnpZWk5EVjcrMG1OV0pHV3IwQTV6ZGE3TXcxa1hneHN5U3NuR2VpdXFhSUJTCnZxSjdhaGhVQlpOVnVYaWhFbGFqNHYyRlYrd1BXTkd2Ni9qSnUzbk9kUExFSnZXTmV3UFpvdi8wS2V3bkRRTjIKb3dRWTRYY1JQODEyYS9iZVpsWUhjM0FWU1pqK1A3d094U2hMY2FXQ0hzTENUanhwU3FRbVVuVWpVS25FbWNPegpVV2FUWmZYa21UeTBtbG1CcmphRHJIR3RQY1BRYzFEeFhJM3prZ2MwQU96SmNrREhCZnhIeXEvaGNTejZXTVhiCmtLNlhUNmRrbFdIYTNFL1VLMVJWa2dJaGZrZmVGaGhxZEhOY0ZWZjFobnVDcTNMRmRvd3BqbHZHdHZRalgzaVUKMzlST3JmQ0dxRWVGYXRqL1RjbXJNUjBhaENxSnBpc2NhRnMzMHFQdkVjMFRpQkdCSFhQbVZDdGFRckorcFM1cAo4amtxalFmUE1UYW56Wnl4d3c4T001MkhLS2FXaEIxanFXRysvYXVNckVYeUI2cDZRUUtDQVFFQTJldVZQUmVJClJoSUFac2VCUW9sUkZUTFpWM3ZPQXBYNTAwcHlvM3dEdC9JRFhyMnh0K3J0bTIycTZEWEhxV3pmdmJLSHFjNW0KeTRQNUlad1BaMHdmWGNGUFFudkNuNG5qUlBhYzJrdUcrMzFhMmpORVk3QU0rSVBQSXhFUkFiQmJRVVJHekJDcQpTWXYxckY2ZlFhU05sNnNKWTl3NFpuSEhYdHovcGJkNmx6R1RaOWVCUEpWamNBWlQrOGYveVZ0WkJ3T3UwaUNsClAzSEx5Sk1Fc09QeHFyYktGcWFhQituczJPRFFWV2Q0d2VZREsyV0tLMU9WQktHbDVBcjRLdjVpL1NOalZHRDIKcFk4di9GZC80TE1CZDl0eDc0aHc3a29hR09jYTl3b0NsTlI0NDdaaXFBUkdJLzlFcFZkT2lYaWJjQlEzaWhtTApZTTFtWkNROTlTak8yUUtDQVFFQTBLSUFqRFVObm84SWFpUTA3U1hFbGlNMDY2WjZESXZZek1CV0x1aFhQTXpsCm9pRU1hVWdITmlrQlBNMFhUTXZibk1kaVlJZzhBMDNnZDNxY25iU09nMDlQWEh4bDRsNXhTNXFuaDVuNFRheWwKTGhXbVFNcWlnZWxUZmNWd3FUWFdCS09PNWVLaEMvdUpiWWY1MDVFOWZKRkZvNFFWb1h6SCtxMkpHVzVCV0dndgpHbC9kTVMrRFZiU1hsK1BLVkdxS0lxa01VdFFycWVZMUptc01oT2t5UGU1bFJSSVJOblJtYVhYSjFLUkFscmoxCjFXOER6eGd5VTVXSU8raU1hTVJ1ZHpoc2kwWjk4V3BzVEIreVRWN3p0bzFwam9peGlhalF5aGphQnBoLzZoM1AKOE4rcjdVRVNZc2tBR1hXb0NkY0JxZUxnY3o0OFJjdVVlVGQ4SDMrVGF3S0NBUUVBMVNZT2RSRGRZOXdidEd3VApUR2RQZmJLY3oycnpGNmhtRVhyU0lvSWNpUUVZdHNSSVhpSlZnaCtFZVZpUkVIRERiNko5KzJNOVBIYTdhVnBoCjNxR2dWRzNOL3JOYXEvMk01RmxyRmtHbHA3cjI4RklRNUlqQVJ4dDFzVkR5RjNyTjUwckhETGFJT1NQQ2luU0sKeFFRVTBuS2kzcC82TW9tN2ZsZ2ZYWkhYUUtkbkRMekhWZUN3d0ZRUU5VZHNNeUU4TlJZdkdxeC90VXl6REY1dwp5aXhLcHJYZmVNUkFDTm1QcHBwT2JCcW5ETkRUN05DR2t0WlAvWlcyMHhTL3BCM3A2THVDWG5meENBTEQ1c2dXCjlrdGdka0dZY2JnODdYWmhqRllRRSs0Z2xENDJlRlJlcndSdkxxcHlGRjhQSEh0eFhmRUlXZldlVkhMVFljUHAKTGpCYUVRS0NBUUFLQ3pLQmpYQkphTk5iNE1CWGhsRHZkV1J2ejhUaVk3MGRKa2svMnRtUVNNRHBURFAvd1lMdgpYWXY4dEZiaDBKS1MrcHBHMFdncU5JNlEwZXRHUUZINENsSmt2bXhkT0hTMTBnMHNud0h3STFhVVlHQnZrQkhBCnRVM2FxUzJpUjhBMDJ2YmZKRWppZmNxQTVtSGxpSUZ3Uk1JWWZCeGFlTnBidkF6MGwzVTMzMVFkTGU1RkZ1ZDQKc2NmMmZQWFptSU5yNWIxOUkwK3l6eTFSMnlkd0lwWFRtMjF1cE04RlV4YzNEbitYNkF4ZjlTbUlpOTZnRXFjaApsUHBKQUFuNlpUSjROTlFzNUVqZDNXUzNTWE5ZL0RBNVlwZHBVRFZUemplMjh2bFVCZlZxZk9MczBxZkJOVGZBClg3TE1odmgrK01YUXV1WlpSZTY2NFhFVllORnQ1c05mQW9JQkFFQ2NMRWtNQWJKbWNZdDFHaFp3anRSclRiTCsKMkpZS0JqemFTUjNIbjVyVXNRWHMwUVlwdE4wcTZvT2Z0dDc0WU1DS2t2ODl4M2xmWEwxeHlxaEJMcjY3eC9aawptc2xaRjBJTm0vendORGNNSVh6Z2dMVS9zQTVNY3YzQVhod1RQSXFvcHVJOGhkajgxZnJxNWNxZjlLd08xTm5TClRXd0FrY2oxdllaTFhLS1ZEUC9sZ05sRy9JQ0RnZktlUmQ3QTl4RG10eS9zd2NLc3ZvckkraEZ2bGdlVVMxZnIKNENCQ3ZENG5TcnpKWlcxd29NZVZnYzUzbEh1YTgrUlBMaXdZdTJqZFh4M1o5Yk5FaEV2SjYwSFhJVVlhUUp1Uwo4RkVoV3lZZE9jbU9OQ2U2Y0JjT3kzeGJtOEZ0OU5jaDRwTlFubzNTVFlNaU5mUG1tMDhpaHozRDhhMD0KLS0tLS1FTkQgUlNBIFBSSVZBVEUgS0VZLS0tLS0K\n    token: 3rsucjrpvvggaapy7rh712hg6s5impthhkdyoveowtcxiuy9a1zv1668ms3n4tg021r4tq89jgh3ldgojarj1vncfe5n8cjezp3qazcazgtzejsa696dwx6muul8vecb\n",
            "kubelet_identity": [
              {
                "client_id": "6a3c017d-fc49-4805-984a-092994b51585",
                "object_id": "5bf0b32e-ef77-4f65-9e62-1cd64d1a4e56",
                "user_assigned_identity_id": "/subscriptions/286fd347-8c88-4537-9fdf-ac5721895c8c/resourceGroups/MC_new-test-aks-rg_new-test-aks-aks_eastus/providers/Microsoft.ManagedIdentity/userAssignedIdentities/new-test-aks-aks-agentpool"
              }
            ],
            "kubernetes_version": "1.24",
            "linux_profile": [
              {
                "admin_username": "azureuser",
                "ssh_key": [
                  {
                    "key_data": "ssh-rsa AAAAB3NzaC1yc2EAAAADAQABAAABgQCtxsYsVHoPCXvgFPenmd+dxJou4bJuFL7plXvLRS67GV6/W1fYFqdKN+R350p4QW/M0bHRdeK2jkaRBBH4gYRUt3wW+zSywJUdMP/YJk8Se8dxbDcut73s60e9lhklpscL7g0OGEf4k1T5NOUcAQMx4wKFeMWU6Cn/9PUHrYncXLMvCDAIdH3xsCtlUbY3/Det04SfqfyQVvfymzIfzdtHFNxaUJzyJ99trL67gYpU8+uX13nKclt0NJQDDm7IDfOWGqakDgtb69NHBihCP8igpF4JDeZN0tYpeylSSVDzZfRIW3f1nkwMxFv6OTTzrY1Kzhvz3rXGrVaLbK8nhzUaFC+o5J+RxiTlIbqul7WhwvdLX0REbpZOnsktuWcL7WQva802mrAcqVmS9Ip9stXbcQ8n7KurhL9Si8oInC4s4itXg3lfWavvGFeTGY/GcVtfETg+ijXmTqXL2/Ivx9qDgCA4We44eCNNDb1Gdcgn55ci5W1nQcY+8SASK1zFsjs= suzuki@suzuki-lab\n"
                  }
                ]
              }
            ],
            "local_account_disabled": false,
            "location": "eastus",
            "maintenance_window": [],
            "microsoft_defender": [],
            "name": "new-test-aks-aks",
            "network_profile": [
              {
                "dns_service_ip": "10.0.0.10",
                "docker_bridge_cidr": "172.17.0.1/16",
                "ip_versions": [
                  "IPv4"
                ],
                "load_balancer_profile": [
                  {
                    "effective_outbound_ips": [
                      "/subscriptions/286fd347-8c88-4537-9fdf-ac5721895c8c/resourceGroups/MC_new-test-aks-rg_new-test-aks-aks_eastus/providers/Microsoft.Network/publicIPAddresses/4cf0c94f-28f1-4c56-88b6-d4ec1b435a43"
                    ],
                    "idle_timeout_in_minutes": 0,
                    "managed_outbound_ip_count": 1,
                    "managed_outbound_ipv6_count": 0,
                    "outbound_ip_address_ids": [],
                    "outbound_ip_prefix_ids": [],
                    "outbound_ports_allocated": 0
                  }
                ],
                "load_balancer_sku": "standard",
                "nat_gateway_profile": [],
                "network_mode": "",
                "network_plugin": "kubenet",
                "network_policy": "",
                "outbound_type": "loadBalancer",
                "pod_cidr": "10.244.0.0/16",
                "pod_cidrs": [
                  "10.244.0.0/16"
                ],
                "service_cidr": "10.0.0.0/16",
                "service_cidrs": [
                  "10.0.0.0/16"
                ]
              }
            ],
            "node_resource_group": "MC_new-test-aks-rg_new-test-aks-aks_eastus",
            "oidc_issuer_enabled": false,
            "oidc_issuer_url": "",
            "oms_agent": [],
            "open_service_mesh_enabled": false,
            "portal_fqdn": "new-test-aks-aks-asz863wc.portal.hcp.eastus.azmk8s.io",
            "private_cluster_enabled": false,
            "private_cluster_public_fqdn_enabled": false,
            "private_dns_zone_id": "",
            "private_fqdn": "",
            "public_network_access_enabled": true,
            "resource_group_name": "new-test-aks-rg",
            "role_based_access_control_enabled": true,
            "run_command_enabled": true,
            "service_principal": [],
            "sku_tier": "Free",
            "tags": null,
            "timeouts": {
              "create": "90m",
              "delete": "90m",
              "read": "5m",
              "update": "90m"
            },
            "windows_profile": []
          },
          "sensitive_attributes": [],
          "private": "eyJlMmJmYjczMC1lY2FhLTExZTYtOGY4OC0zNDM2M2JjN2M0YzAiOnsiY3JlYXRlIjo1NDAwMDAwMDAwMDAwLCJkZWxldGUiOjU0MDAwMDAwMDAwMDAsInJlYWQiOjMwMDAwMDAwMDAwMCwidXBkYXRlIjo1NDAwMDAwMDAwMDAwfSwic2NoZW1hX3ZlcnNpb24iOiIyIn0=",
          "dependencies": [
            "azurerm_log_analytics_workspace.viya4",
            "azurerm_resource_group.aks_rg",
            "azurerm_user_assigned_identity.uai",
            "data.azurerm_resource_group.aks_rg",
            "data.azurerm_resource_group.network_rg",
            "data.azurerm_user_assigned_identity.uai",
            "module.vnet.azurerm_subnet.subnet",
            "module.vnet.azurerm_virtual_network.vnet",
            "module.vnet.data.azurerm_subnet.subnet",
            "module.vnet.data.azurerm_virtual_network.vnet"
          ]
        }
      ]
    },
    {
      "module": "module.jump[0]",
      "mode": "managed",
      "type": "azurerm_linux_virtual_machine",
      "name": "vm",
      "provider": "provider[\"registry.terraform.io/hashicorp/azurerm\"]",
      "instances": [
        {
          "schema_version": 0,
          "attributes": {
            "additional_capabilities": [
              {
                "ultra_ssd_enabled": false
              }
            ],
            "admin_password": null,
            "admin_ssh_key": [
              {
                "public_key": "ssh-rsa AAAAB3NzaC1yc2EAAAADAQABAAABgQCtxsYsVHoPCXvgFPenmd+dxJou4bJuFL7plXvLRS67GV6/W1fYFqdKN+R350p4QW/M0bHRdeK2jkaRBBH4gYRUt3wW+zSywJUdMP/YJk8Se8dxbDcut73s60e9lhklpscL7g0OGEf4k1T5NOUcAQMx4wKFeMWU6Cn/9PUHrYncXLMvCDAIdH3xsCtlUbY3/Det04SfqfyQVvfymzIfzdtHFNxaUJzyJ99trL67gYpU8+uX13nKclt0NJQDDm7IDfOWGqakDgtb69NHBihCP8igpF4JDeZN0tYpeylSSVDzZfRIW3f1nkwMxFv6OTTzrY1Kzhvz3rXGrVaLbK8nhzUaFC+o5J+RxiTlIbqul7WhwvdLX0REbpZOnsktuWcL7WQva802mrAcqVmS9Ip9stXbcQ8n7KurhL9Si8oInC4s4itXg3lfWavvGFeTGY/GcVtfETg+ijXmTqXL2/Ivx9qDgCA4We44eCNNDb1Gdcgn55ci5W1nQcY+8SASK1zFsjs= suzuki@suzuki-lab\n",
                "username": "jumpuser"
              }
            ],
            "admin_username": "jumpuser",
            "allow_extension_operations": true,
            "availability_set_id": "",
            "boot_diagnostics": [],
            "capacity_reservation_group_id": "",
            "computer_name": "new-test-aks-jump-vm",
            "custom_data": "H4sIAAAAAAAA/4xUb2/bthN+TyDf4X5yUPwGiJbtxLGiQC9S292KNeuQrgWGIEhp8iRxpkiVpGK76Icf9MeJ0m7AXhjWc8/D4/Eh75ZGe9Se/nGoMIGyVl5WzPqolHsUV7AxtRbMHtLg5u3N+vX7j7+trm//DEiD6Ce0ThqdwHQ8OSEnhNKh6IQ85bZMuwwtXWtuhNR5AouN9ANBu7nHvY+4MrWg3OhM5ifkRpb4wzajoYa4g/NYPkidmYQACMxYrfxD7dA2GECzEhP4qy6rJkbIiIzgYyWYR/AFgsXKANOiARrqZ+L9BzIiFeNbluNDF0/A2xoHwdwycYy2id9q55lSsDJ8ixZ+t0hv8YsjI/iEVmaHI/ELcwVE8CseEjjltVVA3TsovK9cEkXC7LQyTIxFqx5zU0ZK6nof1Zta+zrKqxy+QV7lZERY5ZuDOlNbjq47c79OSee7wJFPQOAG7pjlRcpKcXF+/583hdPb9bv19Yc1OM82Cvu8WzxIkcDlahnP49ns8s1ysVqdxfH8/Ho9W8XxKp7Gk7PlZP36zXIVxy9t6p10CejMhX3Zz7a3p6ENR7kpS6Nb2Kkox5eIciVf3G6EnkdZUywZkdLU2vf57oLp5Ww8vYjHs/F5EuG+MtYHYRA9ygOjrmAWgzDQmQvC4EGjF/gYstqbcE+71ybGDWxTDmItpl6WaGqfTidh+5lOzwcaKRQ+S0qpQ4uKNYGwYFaE1smvmE4n5/F8cRHuXqBHtC49Cz2vQs1KhTqdzeehRd+0VzoLHfLUHVyoDGfqQRm+TbXRzVEm7e++c+daiMZR6BwhI2JrzUvRWSMz+B/cAf0KQ48CuG/ZpkX6ax8d/7s8bcfozA1YCgC7QiqEO/gsMqBF82QtVvCP9sM32HGg6jNQ/AITuL8CYcApxArm8OpVvw9l0BAaf6hjWTCdI1RoS+mageHatjY7jfa7ssqtkBZoBYMbj6pH19On/+dFaQTQ7BYWi8VQBVeAvDA/DZRmp4HegjYbIw6JNrk1dfWvazJJujqenmkzlSAzth8NYRtIn+bVseoGtEWxn/s3/zzTvh+9lJ6QvwMAAP//JQ6zyNkFAAA=",
            "dedicated_host_group_id": "",
            "dedicated_host_id": "",
            "disable_password_authentication": true,
            "edge_zone": "",
            "encryption_at_host_enabled": false,
            "eviction_policy": "",
            "extensions_time_budget": "PT1H30M",
            "gallery_application": [],
            "id": "/subscriptions/286fd347-8c88-4537-9fdf-ac5721895c8c/resourceGroups/new-test-aks-rg/providers/Microsoft.Compute/virtualMachines/new-test-aks-jump-vm",
            "identity": [],
            "license_type": "",
            "location": "eastus",
            "max_bid_price": -1,
            "name": "new-test-aks-jump-vm",
            "network_interface_ids": [
              "/subscriptions/286fd347-8c88-4537-9fdf-ac5721895c8c/resourceGroups/new-test-aks-rg/providers/Microsoft.Network/networkInterfaces/new-test-aks-jump-nic"
            ],
            "os_disk": [
              {
                "caching": "ReadOnly",
                "diff_disk_settings": [],
                "disk_encryption_set_id": "",
                "disk_size_gb": 64,
                "name": "new-test-aks-jump-vm_OsDisk_1_62dac179c6c74e45b3b057af9ce1c9e9",
                "secure_vm_disk_encryption_set_id": "",
                "security_encryption_type": "",
                "storage_account_type": "Standard_LRS",
                "write_accelerator_enabled": false
              }
            ],
            "patch_assessment_mode": "ImageDefault",
            "patch_mode": "ImageDefault",
            "plan": [],
            "platform_fault_domain": -1,
            "priority": "Regular",
            "private_ip_address": "192.168.2.5",
            "private_ip_addresses": [
              "192.168.2.5"
            ],
            "provision_vm_agent": true,
            "proximity_placement_group_id": "",
            "public_ip_address": "20.163.223.208",
            "public_ip_addresses": [
              "20.163.223.208"
            ],
            "resource_group_name": "new-test-aks-rg",
            "secret": [],
            "secure_boot_enabled": false,
            "size": "Standard_B2s",
            "source_image_id": "",
            "source_image_reference": [
              {
                "offer": "0001-com-ubuntu-server-focal",
                "publisher": "Canonical",
                "sku": "20_04-lts",
                "version": "latest"
              }
            ],
            "tags": null,
            "termination_notification": null,
            "timeouts": null,
            "user_data": "",
            "virtual_machine_id": "67b436fa-501d-4497-b27f-15d16185f2cb",
            "virtual_machine_scale_set_id": "",
            "vtpm_enabled": false,
            "zone": ""
          },
          "sensitive_attributes": [],
          "private": "eyJlMmJmYjczMC1lY2FhLTExZTYtOGY4OC0zNDM2M2JjN2M0YzAiOnsiY3JlYXRlIjoyNzAwMDAwMDAwMDAwLCJkZWxldGUiOjI3MDAwMDAwMDAwMDAsInJlYWQiOjMwMDAwMDAwMDAwMCwidXBkYXRlIjoyNzAwMDAwMDAwMDAwfX0=",
          "dependencies": [
            "azurerm_network_security_group.nsg",
            "azurerm_proximity_placement_group.proximity",
            "azurerm_resource_group.aks_rg",
            "data.azurerm_network_security_group.nsg",
            "data.azurerm_resource_group.aks_rg",
            "data.azurerm_resource_group.network_rg",
            "data.template_cloudinit_config.jump",
            "data.template_cloudinit_config.nfs",
            "data.template_file.jump-cloudconfig",
            "module.jump.azurerm_network_interface.vm_nic",
            "module.jump.azurerm_network_interface_security_group_association.vm_nic_sg",
            "module.jump.azurerm_public_ip.vm_ip",
            "module.netapp.azurerm_netapp_volume.anf",
            "module.nfs.azurerm_linux_virtual_machine.vm",
            "module.nfs.azurerm_managed_disk.vm_data_disk",
            "module.nfs.azurerm_network_interface.vm_nic",
            "module.nfs.azurerm_network_interface_security_group_association.vm_nic_sg",
            "module.nfs.azurerm_public_ip.vm_ip",
            "module.nfs.azurerm_virtual_machine_data_disk_attachment.vm_data_disk_attach",
            "module.vnet.azurerm_subnet.subnet",
            "module.vnet.azurerm_virtual_network.vnet",
            "module.vnet.data.azurerm_subnet.subnet",
            "module.vnet.data.azurerm_virtual_network.vnet"
          ]
        }
      ]
    },
    {
      "module": "module.jump[0]",
      "mode": "managed",
      "type": "azurerm_network_interface",
      "name": "vm_nic",
      "provider": "provider[\"registry.terraform.io/hashicorp/azurerm\"]",
      "instances": [
        {
          "schema_version": 0,
          "attributes": {
            "applied_dns_servers": [],
            "dns_servers": [],
            "edge_zone": "",
            "enable_accelerated_networking": false,
            "enable_ip_forwarding": false,
            "id": "/subscriptions/286fd347-8c88-4537-9fdf-ac5721895c8c/resourceGroups/new-test-aks-rg/providers/Microsoft.Network/networkInterfaces/new-test-aks-jump-nic",
            "internal_dns_name_label": "",
            "internal_domain_name_suffix": "dbw3sv50m34etii4kudiyqc0md.bx.internal.cloudapp.net",
            "ip_configuration": [
              {
                "gateway_load_balancer_frontend_ip_configuration_id": "",
                "name": "new-test-aks-jump-ip_config",
                "primary": true,
                "private_ip_address": "192.168.2.5",
                "private_ip_address_allocation": "Dynamic",
                "private_ip_address_version": "IPv4",
                "public_ip_address_id": "/subscriptions/286fd347-8c88-4537-9fdf-ac5721895c8c/resourceGroups/new-test-aks-rg/providers/Microsoft.Network/publicIPAddresses/new-test-aks-jump-public_ip",
                "subnet_id": "/subscriptions/286fd347-8c88-4537-9fdf-ac5721895c8c/resourceGroups/new-test-aks-rg/providers/Microsoft.Network/virtualNetworks/new-test-aks-vnet/subnets/new-test-aks-misc-subnet"
              }
            ],
            "location": "eastus",
            "mac_address": "",
            "name": "new-test-aks-jump-nic",
            "private_ip_address": "192.168.2.5",
            "private_ip_addresses": [
              "192.168.2.5"
            ],
            "resource_group_name": "new-test-aks-rg",
            "tags": null,
            "timeouts": null,
            "virtual_machine_id": ""
          },
          "sensitive_attributes": [],
          "private": "eyJlMmJmYjczMC1lY2FhLTExZTYtOGY4OC0zNDM2M2JjN2M0YzAiOnsiY3JlYXRlIjoxODAwMDAwMDAwMDAwLCJkZWxldGUiOjE4MDAwMDAwMDAwMDAsInJlYWQiOjMwMDAwMDAwMDAwMCwidXBkYXRlIjoxODAwMDAwMDAwMDAwfX0=",
          "dependencies": [
            "azurerm_network_security_group.nsg",
            "azurerm_proximity_placement_group.proximity",
            "azurerm_resource_group.aks_rg",
            "data.azurerm_network_security_group.nsg",
            "data.azurerm_resource_group.aks_rg",
            "data.azurerm_resource_group.network_rg",
            "data.template_cloudinit_config.nfs",
            "module.jump.azurerm_public_ip.vm_ip",
            "module.nfs.azurerm_linux_virtual_machine.vm",
            "module.nfs.azurerm_managed_disk.vm_data_disk",
            "module.nfs.azurerm_network_interface.vm_nic",
            "module.nfs.azurerm_network_interface_security_group_association.vm_nic_sg",
            "module.nfs.azurerm_public_ip.vm_ip",
            "module.nfs.azurerm_virtual_machine_data_disk_attachment.vm_data_disk_attach",
            "module.vnet.azurerm_subnet.subnet",
            "module.vnet.azurerm_virtual_network.vnet",
            "module.vnet.data.azurerm_subnet.subnet",
            "module.vnet.data.azurerm_virtual_network.vnet"
          ]
        }
      ]
    },
    {
      "module": "module.jump[0]",
      "mode": "managed",
      "type": "azurerm_network_interface_security_group_association",
      "name": "vm_nic_sg",
      "provider": "provider[\"registry.terraform.io/hashicorp/azurerm\"]",
      "instances": [
        {
          "schema_version": 0,
          "attributes": {
            "id": "/subscriptions/286fd347-8c88-4537-9fdf-ac5721895c8c/resourceGroups/new-test-aks-rg/providers/Microsoft.Network/networkInterfaces/new-test-aks-jump-nic|/subscriptions/286fd347-8c88-4537-9fdf-ac5721895c8c/resourceGroups/new-test-aks-rg/providers/Microsoft.Network/networkSecurityGroups/new-test-aks-nsg",
            "network_interface_id": "/subscriptions/286fd347-8c88-4537-9fdf-ac5721895c8c/resourceGroups/new-test-aks-rg/providers/Microsoft.Network/networkInterfaces/new-test-aks-jump-nic",
            "network_security_group_id": "/subscriptions/286fd347-8c88-4537-9fdf-ac5721895c8c/resourceGroups/new-test-aks-rg/providers/Microsoft.Network/networkSecurityGroups/new-test-aks-nsg",
            "timeouts": null
          },
          "sensitive_attributes": [],
          "private": "eyJlMmJmYjczMC1lY2FhLTExZTYtOGY4OC0zNDM2M2JjN2M0YzAiOnsiY3JlYXRlIjoxODAwMDAwMDAwMDAwLCJkZWxldGUiOjE4MDAwMDAwMDAwMDAsInJlYWQiOjMwMDAwMDAwMDAwMCwidXBkYXRlIjoxODAwMDAwMDAwMDAwfX0=",
          "dependencies": [
            "azurerm_network_security_group.nsg",
            "azurerm_proximity_placement_group.proximity",
            "azurerm_resource_group.aks_rg",
            "data.azurerm_network_security_group.nsg",
            "data.azurerm_resource_group.aks_rg",
            "data.azurerm_resource_group.network_rg",
            "data.template_cloudinit_config.nfs",
            "module.jump.azurerm_network_interface.vm_nic",
            "module.jump.azurerm_public_ip.vm_ip",
            "module.nfs.azurerm_linux_virtual_machine.vm",
            "module.nfs.azurerm_managed_disk.vm_data_disk",
            "module.nfs.azurerm_network_interface.vm_nic",
            "module.nfs.azurerm_network_interface_security_group_association.vm_nic_sg",
            "module.nfs.azurerm_public_ip.vm_ip",
            "module.nfs.azurerm_virtual_machine_data_disk_attachment.vm_data_disk_attach",
            "module.vnet.azurerm_subnet.subnet",
            "module.vnet.azurerm_virtual_network.vnet",
            "module.vnet.data.azurerm_subnet.subnet",
            "module.vnet.data.azurerm_virtual_network.vnet"
          ]
        }
      ]
    },
    {
      "module": "module.jump[0]",
      "mode": "managed",
      "type": "azurerm_public_ip",
      "name": "vm_ip",
      "provider": "provider[\"registry.terraform.io/hashicorp/azurerm\"]",
      "instances": [
        {
          "index_key": 0,
          "schema_version": 0,
          "attributes": {
            "allocation_method": "Static",
            "domain_name_label": null,
            "edge_zone": "",
            "fqdn": null,
            "id": "/subscriptions/286fd347-8c88-4537-9fdf-ac5721895c8c/resourceGroups/new-test-aks-rg/providers/Microsoft.Network/publicIPAddresses/new-test-aks-jump-public_ip",
            "idle_timeout_in_minutes": 4,
            "ip_address": "20.163.223.208",
            "ip_tags": null,
            "ip_version": "IPv4",
            "location": "eastus",
            "name": "new-test-aks-jump-public_ip",
            "public_ip_prefix_id": null,
            "resource_group_name": "new-test-aks-rg",
            "reverse_fqdn": null,
            "sku": "Basic",
            "sku_tier": "Regional",
            "tags": null,
            "timeouts": null,
            "zones": null
          },
          "sensitive_attributes": [],
          "private": "eyJlMmJmYjczMC1lY2FhLTExZTYtOGY4OC0zNDM2M2JjN2M0YzAiOnsiY3JlYXRlIjoxODAwMDAwMDAwMDAwLCJkZWxldGUiOjE4MDAwMDAwMDAwMDAsInJlYWQiOjMwMDAwMDAwMDAwMCwidXBkYXRlIjoxODAwMDAwMDAwMDAwfX0=",
          "dependencies": [
            "azurerm_network_security_group.nsg",
            "azurerm_proximity_placement_group.proximity",
            "azurerm_resource_group.aks_rg",
            "data.azurerm_network_security_group.nsg",
            "data.azurerm_resource_group.aks_rg",
            "data.azurerm_resource_group.network_rg",
            "data.template_cloudinit_config.nfs",
            "module.nfs.azurerm_linux_virtual_machine.vm",
            "module.nfs.azurerm_managed_disk.vm_data_disk",
            "module.nfs.azurerm_network_interface.vm_nic",
            "module.nfs.azurerm_network_interface_security_group_association.vm_nic_sg",
            "module.nfs.azurerm_public_ip.vm_ip",
            "module.nfs.azurerm_virtual_machine_data_disk_attachment.vm_data_disk_attach",
            "module.vnet.azurerm_subnet.subnet",
            "module.vnet.azurerm_virtual_network.vnet",
            "module.vnet.data.azurerm_subnet.subnet",
            "module.vnet.data.azurerm_virtual_network.vnet"
          ]
        }
      ]
    },
    {
      "module": "module.kubeconfig",
      "mode": "data",
      "type": "kubernetes_secret",
      "name": "sa_secret",
      "provider": "provider[\"registry.terraform.io/hashicorp/kubernetes\"]",
      "instances": [
        {
          "index_key": 0,
          "schema_version": 0,
          "attributes": {
            "binary_data": null,
            "data": {
              "ca.crt": "-----BEGIN CERTIFICATE-----\nMIIE6TCCAtGgAwIBAgIRAN6wv6F0JeFGB++SWJ1QL9owDQYJKoZIhvcNAQELBQAw\nDTELMAkGA1UEAxMCY2EwIBcNMjMwNDEyMTgzNTQyWhgPMjA1MzA0MTIxODQ1NDJa\nMA0xCzAJBgNVBAMTAmNhMIICIjANBgkqhkiG9w0BAQEFAAOCAg8AMIICCgKCAgEA\nprsc2ePWtABH32zw4E0okP2uESvJfmrkmdGnBJjNHdwCQFRS0Pr0wJbGnIlwNYGS\nsxhRY7bmH+CBvzRIUhSvlOig8rrGIyhFVT73HvdnSIDkQ6TwbnXvxkczjvv8EwKQ\nTFHP0hLogL/KOAsIWomxRrXxIwzxTvVQOlLCjkb0QPbExRv0uvK3pdBSAdA2dM83\n67cvMohq30o+cGzjYZYRsXT1YJXb2YGpasa83vcjdm9vnvms6Tl9gDZ2FSGG35dG\nwLWwUzGUii1iikaaytsLErnkmxn+HkhS6JTOkSqqeufnK8VGdUYNBdrTpJyrpLtZ\noK+zZwMFMuifnwqzcYSGNmZuvsbYURSzOIA5toYtqkA7Rm127/JKuA6O+5q+Tshx\nvGfX23Jf7k2ewXzH2jFetoGiCBogNqYUdTsvjzTjBky4hvja9g4F2FaDutGlAYDH\neCV+hnr/QcIzTylvw+j2kBjoI5yrkXo1KI2TMjXDoECnTbQDsvYHKA24WgpFkRim\nrNR/WQkOv53v14+beFB7/3vsCOuZeSoARGTvgoGj6UuidcFO/FO/qzLbE+CrKQGk\nkv0CRHX42rfz2KEy0p0Hdsjg/S69iAlFzvdTv9bWwbtFNquEarbqBwv6/YoomMBw\n8KFddNqbQ+hDAp9bCNwcsx6HWUHAwZCrdTJDrsfz5gUCAwEAAaNCMEAwDgYDVR0P\nAQH/BAQDAgKkMA8GA1UdEwEB/wQFMAMBAf8wHQYDVR0OBBYEFItOmH11WNga0tzZ\nV9IIVyshykXEMA0GCSqGSIb3DQEBCwUAA4ICAQB6dAszdh/Fko1uOn/ai5sXjYrs\n0XbuqfFPBC7BZ4A7ageO0uRsTXGBUHNNfx1NGvlrOL/Ce3Z4RnKzJYwHe0aXEQL8\njTnCqYsczqU/2gls7SF+dSrYyygS6/hP6vV0MCsX3VouI9CWC5LJ6uJqR4DUpxX4\nNx3iHXx4KUckneTLRj+kmxhuVZaFlvLjDSwzg1YAh3t+UVr1AsPm/YiO5ZN82Cso\nzAhg64b6aB0/tyjUmGyMvdcuSa/LH5LLOyXmslcK/nkpvPLtDMowr30vD9IUMsN3\nrgz6l0bHt0VcT2+i5RhlMw8Oj75r1IQvC1QD8JA20YyU7YLGKJsQdhc0B4dk1Smz\naVQpRCBv4aEY0iPoZCmEHoqS1EnFvwxz3crzdYOc/UyUoVY9//wgBzvMsAekuH3u\n1o3mg3rOLI06Mm0JGF/pADtZV5uwyD6RCPuB/YFffLGXNRlylYGvrrOlz2wQCT0V\nZRnoJj7RMl5gNQmyEd0bd9tivDeGUec+ZhMe2DISwSgq2lhcl/bZ0ZdXQxO6Ct5V\nul5MxwX4SuUSurQjljfCWysf983MecYnJiSccfm0ahdup1N2dyUY6p4JwdxncMMK\nN8VVt/VWURZKNAmWOACZHtfG7vQFemP0P5uStTpeV7kRKhur2ji7DS2ndc8STuiJ\nWWbJyoFjsmScTOwb5g==\n-----END CERTIFICATE-----\n",
              "namespace": "kube-system",
              "token": "eyJhbGciOiJSUzI1NiIsImtpZCI6IkVmMlNfOVlsSlU3ZlBCSHBnWWh4YU4wTjJWSTNocEdla1FqUHpvM2o2cWMifQ.eyJpc3MiOiJrdWJlcm5ldGVzL3NlcnZpY2VhY2NvdW50Iiwia3ViZXJuZXRlcy5pby9zZXJ2aWNlYWNjb3VudC9uYW1lc3BhY2UiOiJrdWJlLXN5c3RlbSIsImt1YmVybmV0ZXMuaW8vc2VydmljZWFjY291bnQvc2VjcmV0Lm5hbWUiOiJuZXctdGVzdC1ha3Mtc2Etc2VjcmV0Iiwia3ViZXJuZXRlcy5pby9zZXJ2aWNlYWNjb3VudC9zZXJ2aWNlLWFjY291bnQubmFtZSI6Im5ldy10ZXN0LWFrcy1jbHVzdGVyLWFkbWluLXNhIiwia3ViZXJuZXRlcy5pby9zZXJ2aWNlYWNjb3VudC9zZXJ2aWNlLWFjY291bnQudWlkIjoiNWFjNTJkNjUtNmI5NS00MmJlLThiYmQtYjUzNDBjMGRiZTIyIiwic3ViIjoic3lzdGVtOnNlcnZpY2VhY2NvdW50Omt1YmUtc3lzdGVtOm5ldy10ZXN0LWFrcy1jbHVzdGVyLWFkbWluLXNhIn0.i6sYnI-mA61lMKhv1_wmv3GWlHd0ATiMQKiHWatxBvHaWQLVcqq0JIDcinHfzDiem_pChAnSbmFJYZjOkuKH97ZNlnPZMPcEfDr0Ey9QrILN4DlsBLkX0oIIt36YNktlBxfgJUxR8-f2tHDic2e3O3WVmlxpKZ4z_wJ4jVa9kBq9wXg_oPUo378aSTxXSRnJERzFypgooF6A3ZLF8VC41azTaK1rtIr_fP7uFaQVhIqUrpy4VbwH1p8BDsivQQbrvqgS3QMI0qJiFCiPuZ1t2vf9MPLeLNVBGzaY1DbdpEXDMjnIOEiYGi4QiywjV88bd9denysMHV8gsrfzUlUWbLzKatNE9TWQrLooETOl8lSvR9KbiB4b-q3JoycTACXJNCy8EMJ7XAuyDqanLE8KqBuS16O_67awacgc_t_31hQ0v5bszNgC8FUfzOBmm7XZarpEIManks6kgiJkanA8hm3L12opl5qKY4jkiI_QoZ5k9p_UV2LdozJgYXkHmwqbiNx-IOUqd48q2fHE2uByJSYGv9n-2B6GLc4wu2wPccDmKqm5JS6IzL1U03zXZ7fc5cHFkAxhcVbZi_E3BXrsUewShjSUIZhuvo9U60FSyh3VAuUR15iyu8inTDuB15yOQNrQn8N5v68XG5ZVSjSMOjWLWgfeFCEDhSBTnzYsv1E"
            },
            "id": "kube-system/new-test-aks-sa-secret",
            "immutable": false,
            "metadata": [
              {
                "annotations": {},
                "generation": 0,
                "labels": {},
                "name": "new-test-aks-sa-secret",
                "namespace": "kube-system",
                "resource_version": "1249",
                "uid": "05946ee7-c2d6-4a15-89bc-92f1603205be"
              }
            ],
            "type": "kubernetes.io/service-account-token"
          },
          "sensitive_attributes": []
        }
      ]
    },
    {
      "module": "module.kubeconfig",
      "mode": "data",
      "type": "template_file",
      "name": "kubeconfig_sa",
      "provider": "provider[\"registry.terraform.io/hashicorp/template\"]",
      "instances": [
        {
          "index_key": 0,
          "schema_version": 0,
          "attributes": {
            "filename": null,
            "id": "be4e513bd5b4c50914b13273f1161f196f1514eb0eaf6d5b21d0dff14a850b2c",
            "rendered": "apiVersion: v1\nkind: Config\nclusters:\n  - name: new-test-aks-aks\n    cluster:\n      server: 'https://new-test-aks-aks-asz863wc.hcp.eastus.azmk8s.io:443'\n      certificate-authority-data: \u003e-\n        LS0tLS1CRUdJTiBDRVJUSUZJQ0FURS0tLS0tCk1JSUU2VENDQXRHZ0F3SUJBZ0lSQU42d3Y2RjBKZUZHQisrU1dKMVFMOW93RFFZSktvWklodmNOQVFFTEJRQXcKRFRFTE1Ba0dBMVVFQXhNQ1kyRXdJQmNOTWpNd05ERXlNVGd6TlRReVdoZ1BNakExTXpBME1USXhPRFExTkRKYQpNQTB4Q3pBSkJnTlZCQU1UQW1OaE1JSUNJakFOQmdrcWhraUc5dzBCQVFFRkFBT0NBZzhBTUlJQ0NnS0NBZ0VBCnByc2MyZVBXdEFCSDMyenc0RTBva1AydUVTdkpmbXJrbWRHbkJKak5IZHdDUUZSUzBQcjB3SmJHbklsd05ZR1MKc3hoUlk3Ym1IK0NCdnpSSVVoU3ZsT2lnOHJyR0l5aEZWVDczSHZkblNJRGtRNlR3Ym5YdnhrY3pqdnY4RXdLUQpURkhQMGhMb2dML0tPQXNJV29teFJyWHhJd3p4VHZWUU9sTENqa2IwUVBiRXhSdjB1dkszcGRCU0FkQTJkTTgzCjY3Y3ZNb2hxMzBvK2NHempZWllSc1hUMVlKWGIyWUdwYXNhODN2Y2pkbTl2bnZtczZUbDlnRFoyRlNHRzM1ZEcKd0xXd1V6R1VpaTFpaWthYXl0c0xFcm5rbXhuK0hraFM2SlRPa1NxcWV1Zm5LOFZHZFVZTkJkclRwSnlycEx0WgpvSyt6WndNRk11aWZud3F6Y1lTR05tWnV2c2JZVVJTek9JQTV0b1l0cWtBN1JtMTI3L0pLdUE2Tys1cStUc2h4CnZHZlgyM0pmN2syZXdYekgyakZldG9HaUNCb2dOcVlVZFRzdmp6VGpCa3k0aHZqYTlnNEYyRmFEdXRHbEFZREgKZUNWK2huci9RY0l6VHlsdncrajJrQmpvSTV5cmtYbzFLSTJUTWpYRG9FQ25UYlFEc3ZZSEtBMjRXZ3BGa1JpbQpyTlIvV1FrT3Y1M3YxNCtiZUZCNy8zdnNDT3VaZVNvQVJHVHZnb0dqNlV1aWRjRk8vRk8vcXpMYkUrQ3JLUUdrCmt2MENSSFg0MnJmejJLRXkwcDBIZHNqZy9TNjlpQWxGenZkVHY5Yld3YnRGTnF1RWFyYnFCd3Y2L1lvb21NQncKOEtGZGROcWJRK2hEQXA5YkNOd2NzeDZIV1VIQXdaQ3JkVEpEcnNmejVnVUNBd0VBQWFOQ01FQXdEZ1lEVlIwUApBUUgvQkFRREFnS2tNQThHQTFVZEV3RUIvd1FGTUFNQkFmOHdIUVlEVlIwT0JCWUVGSXRPbUgxMVdOZ2EwdHpaClY5SUlWeXNoeWtYRU1BMEdDU3FHU0liM0RRRUJDd1VBQTRJQ0FRQjZkQXN6ZGgvRmtvMXVPbi9haTVzWGpZcnMKMFhidXFmRlBCQzdCWjRBN2FnZU8wdVJzVFhHQlVITk5meDFOR3Zsck9ML0NlM1o0Um5LekpZd0hlMGFYRVFMOApqVG5DcVlzY3pxVS8yZ2xzN1NGK2RTcll5eWdTNi9oUDZ2VjBNQ3NYM1ZvdUk5Q1dDNUxKNnVKcVI0RFVweFg0Ck54M2lIWHg0S1Vja25lVExSaitrbXhodVZaYUZsdkxqRFN3emcxWUFoM3QrVVZyMUFzUG0vWWlPNVpOODJDc28KekFoZzY0YjZhQjAvdHlqVW1HeU12ZGN1U2EvTEg1TExPeVhtc2xjSy9ua3B2UEx0RE1vd3IzMHZEOUlVTXNOMwpyZ3o2bDBiSHQwVmNUMitpNVJobE13OE9qNzVyMUlRdkMxUUQ4SkEyMFl5VTdZTEdLSnNRZGhjMEI0ZGsxU216CmFWUXBSQ0J2NGFFWTBpUG9aQ21FSG9xUzFFbkZ2d3h6M2NyemRZT2MvVXlVb1ZZOS8vd2dCenZNc0Fla3VIM3UKMW8zbWczck9MSTA2TW0wSkdGL3BBRHRaVjV1d3lENlJDUHVCL1lGZmZMR1hOUmx5bFlHdnJyT2x6MndRQ1QwVgpaUm5vSmo3Uk1sNWdOUW15RWQwYmQ5dGl2RGVHVWVjK1poTWUyRElTd1NncTJsaGNsL2JaMFpkWFF4TzZDdDVWCnVsNU14d1g0U3VVU3VyUWpsamZDV3lzZjk4M01lY1luSmlTY2NmbTBhaGR1cDFOMmR5VVk2cDRKd2R4bmNNTUsKTjhWVnQvVldVUlpLTkFtV09BQ1pIdGZHN3ZRRmVtUDBQNXVTdFRwZVY3a1JLaHVyMmppN0RTMm5kYzhTVHVpSgpXV2JKeW9GanNtU2NUT3diNWc9PQotLS0tLUVORCBDRVJUSUZJQ0FURS0tLS0tCg==\nusers:\n  - name: new-test-aks-cluster-admin-sa\n    user:\n      token: \u003e-\n        eyJhbGciOiJSUzI1NiIsImtpZCI6IkVmMlNfOVlsSlU3ZlBCSHBnWWh4YU4wTjJWSTNocEdla1FqUHpvM2o2cWMifQ.eyJpc3MiOiJrdWJlcm5ldGVzL3NlcnZpY2VhY2NvdW50Iiwia3ViZXJuZXRlcy5pby9zZXJ2aWNlYWNjb3VudC9uYW1lc3BhY2UiOiJrdWJlLXN5c3RlbSIsImt1YmVybmV0ZXMuaW8vc2VydmljZWFjY291bnQvc2VjcmV0Lm5hbWUiOiJuZXctdGVzdC1ha3Mtc2Etc2VjcmV0Iiwia3ViZXJuZXRlcy5pby9zZXJ2aWNlYWNjb3VudC9zZXJ2aWNlLWFjY291bnQubmFtZSI6Im5ldy10ZXN0LWFrcy1jbHVzdGVyLWFkbWluLXNhIiwia3ViZXJuZXRlcy5pby9zZXJ2aWNlYWNjb3VudC9zZXJ2aWNlLWFjY291bnQudWlkIjoiNWFjNTJkNjUtNmI5NS00MmJlLThiYmQtYjUzNDBjMGRiZTIyIiwic3ViIjoic3lzdGVtOnNlcnZpY2VhY2NvdW50Omt1YmUtc3lzdGVtOm5ldy10ZXN0LWFrcy1jbHVzdGVyLWFkbWluLXNhIn0.i6sYnI-mA61lMKhv1_wmv3GWlHd0ATiMQKiHWatxBvHaWQLVcqq0JIDcinHfzDiem_pChAnSbmFJYZjOkuKH97ZNlnPZMPcEfDr0Ey9QrILN4DlsBLkX0oIIt36YNktlBxfgJUxR8-f2tHDic2e3O3WVmlxpKZ4z_wJ4jVa9kBq9wXg_oPUo378aSTxXSRnJERzFypgooF6A3ZLF8VC41azTaK1rtIr_fP7uFaQVhIqUrpy4VbwH1p8BDsivQQbrvqgS3QMI0qJiFCiPuZ1t2vf9MPLeLNVBGzaY1DbdpEXDMjnIOEiYGi4QiywjV88bd9denysMHV8gsrfzUlUWbLzKatNE9TWQrLooETOl8lSvR9KbiB4b-q3JoycTACXJNCy8EMJ7XAuyDqanLE8KqBuS16O_67awacgc_t_31hQ0v5bszNgC8FUfzOBmm7XZarpEIManks6kgiJkanA8hm3L12opl5qKY4jkiI_QoZ5k9p_UV2LdozJgYXkHmwqbiNx-IOUqd48q2fHE2uByJSYGv9n-2B6GLc4wu2wPccDmKqm5JS6IzL1U03zXZ7fc5cHFkAxhcVbZi_E3BXrsUewShjSUIZhuvo9U60FSyh3VAuUR15iyu8inTDuB15yOQNrQn8N5v68XG5ZVSjSMOjWLWgfeFCEDhSBTnzYsv1E\ncontexts:\n  - name: new-test-aks-aks    \n    context:\n      user: new-test-aks-cluster-admin-sa\n      cluster: new-test-aks-aks\n      namespace: kube-system\ncurrent-context: new-test-aks-aks\n",
            "template": "apiVersion: v1\nkind: Config\nclusters:\n  - name: ${cluster_name}\n    cluster:\n      server: '${endpoint}'\n      certificate-authority-data: \u003e-\n        ${ca_crt}\nusers:\n  - name: ${name}\n    user:\n      token: \u003e-\n        ${token}\ncontexts:\n  - name: ${cluster_name}    \n    context:\n      user: ${name}\n      cluster: ${cluster_name}\n      namespace: ${namespace}\ncurrent-context: ${cluster_name}\n",
            "vars": {
              "ca_crt": "LS0tLS1CRUdJTiBDRVJUSUZJQ0FURS0tLS0tCk1JSUU2VENDQXRHZ0F3SUJBZ0lSQU42d3Y2RjBKZUZHQisrU1dKMVFMOW93RFFZSktvWklodmNOQVFFTEJRQXcKRFRFTE1Ba0dBMVVFQXhNQ1kyRXdJQmNOTWpNd05ERXlNVGd6TlRReVdoZ1BNakExTXpBME1USXhPRFExTkRKYQpNQTB4Q3pBSkJnTlZCQU1UQW1OaE1JSUNJakFOQmdrcWhraUc5dzBCQVFFRkFBT0NBZzhBTUlJQ0NnS0NBZ0VBCnByc2MyZVBXdEFCSDMyenc0RTBva1AydUVTdkpmbXJrbWRHbkJKak5IZHdDUUZSUzBQcjB3SmJHbklsd05ZR1MKc3hoUlk3Ym1IK0NCdnpSSVVoU3ZsT2lnOHJyR0l5aEZWVDczSHZkblNJRGtRNlR3Ym5YdnhrY3pqdnY4RXdLUQpURkhQMGhMb2dML0tPQXNJV29teFJyWHhJd3p4VHZWUU9sTENqa2IwUVBiRXhSdjB1dkszcGRCU0FkQTJkTTgzCjY3Y3ZNb2hxMzBvK2NHempZWllSc1hUMVlKWGIyWUdwYXNhODN2Y2pkbTl2bnZtczZUbDlnRFoyRlNHRzM1ZEcKd0xXd1V6R1VpaTFpaWthYXl0c0xFcm5rbXhuK0hraFM2SlRPa1NxcWV1Zm5LOFZHZFVZTkJkclRwSnlycEx0WgpvSyt6WndNRk11aWZud3F6Y1lTR05tWnV2c2JZVVJTek9JQTV0b1l0cWtBN1JtMTI3L0pLdUE2Tys1cStUc2h4CnZHZlgyM0pmN2syZXdYekgyakZldG9HaUNCb2dOcVlVZFRzdmp6VGpCa3k0aHZqYTlnNEYyRmFEdXRHbEFZREgKZUNWK2huci9RY0l6VHlsdncrajJrQmpvSTV5cmtYbzFLSTJUTWpYRG9FQ25UYlFEc3ZZSEtBMjRXZ3BGa1JpbQpyTlIvV1FrT3Y1M3YxNCtiZUZCNy8zdnNDT3VaZVNvQVJHVHZnb0dqNlV1aWRjRk8vRk8vcXpMYkUrQ3JLUUdrCmt2MENSSFg0MnJmejJLRXkwcDBIZHNqZy9TNjlpQWxGenZkVHY5Yld3YnRGTnF1RWFyYnFCd3Y2L1lvb21NQncKOEtGZGROcWJRK2hEQXA5YkNOd2NzeDZIV1VIQXdaQ3JkVEpEcnNmejVnVUNBd0VBQWFOQ01FQXdEZ1lEVlIwUApBUUgvQkFRREFnS2tNQThHQTFVZEV3RUIvd1FGTUFNQkFmOHdIUVlEVlIwT0JCWUVGSXRPbUgxMVdOZ2EwdHpaClY5SUlWeXNoeWtYRU1BMEdDU3FHU0liM0RRRUJDd1VBQTRJQ0FRQjZkQXN6ZGgvRmtvMXVPbi9haTVzWGpZcnMKMFhidXFmRlBCQzdCWjRBN2FnZU8wdVJzVFhHQlVITk5meDFOR3Zsck9ML0NlM1o0Um5LekpZd0hlMGFYRVFMOApqVG5DcVlzY3pxVS8yZ2xzN1NGK2RTcll5eWdTNi9oUDZ2VjBNQ3NYM1ZvdUk5Q1dDNUxKNnVKcVI0RFVweFg0Ck54M2lIWHg0S1Vja25lVExSaitrbXhodVZaYUZsdkxqRFN3emcxWUFoM3QrVVZyMUFzUG0vWWlPNVpOODJDc28KekFoZzY0YjZhQjAvdHlqVW1HeU12ZGN1U2EvTEg1TExPeVhtc2xjSy9ua3B2UEx0RE1vd3IzMHZEOUlVTXNOMwpyZ3o2bDBiSHQwVmNUMitpNVJobE13OE9qNzVyMUlRdkMxUUQ4SkEyMFl5VTdZTEdLSnNRZGhjMEI0ZGsxU216CmFWUXBSQ0J2NGFFWTBpUG9aQ21FSG9xUzFFbkZ2d3h6M2NyemRZT2MvVXlVb1ZZOS8vd2dCenZNc0Fla3VIM3UKMW8zbWczck9MSTA2TW0wSkdGL3BBRHRaVjV1d3lENlJDUHVCL1lGZmZMR1hOUmx5bFlHdnJyT2x6MndRQ1QwVgpaUm5vSmo3Uk1sNWdOUW15RWQwYmQ5dGl2RGVHVWVjK1poTWUyRElTd1NncTJsaGNsL2JaMFpkWFF4TzZDdDVWCnVsNU14d1g0U3VVU3VyUWpsamZDV3lzZjk4M01lY1luSmlTY2NmbTBhaGR1cDFOMmR5VVk2cDRKd2R4bmNNTUsKTjhWVnQvVldVUlpLTkFtV09BQ1pIdGZHN3ZRRmVtUDBQNXVTdFRwZVY3a1JLaHVyMmppN0RTMm5kYzhTVHVpSgpXV2JKeW9GanNtU2NUT3diNWc9PQotLS0tLUVORCBDRVJUSUZJQ0FURS0tLS0tCg==",
              "cluster_name": "new-test-aks-aks",
              "endpoint": "https://new-test-aks-aks-asz863wc.hcp.eastus.azmk8s.io:443",
              "name": "new-test-aks-cluster-admin-sa",
              "namespace": "kube-system",
              "token": "eyJhbGciOiJSUzI1NiIsImtpZCI6IkVmMlNfOVlsSlU3ZlBCSHBnWWh4YU4wTjJWSTNocEdla1FqUHpvM2o2cWMifQ.eyJpc3MiOiJrdWJlcm5ldGVzL3NlcnZpY2VhY2NvdW50Iiwia3ViZXJuZXRlcy5pby9zZXJ2aWNlYWNjb3VudC9uYW1lc3BhY2UiOiJrdWJlLXN5c3RlbSIsImt1YmVybmV0ZXMuaW8vc2VydmljZWFjY291bnQvc2VjcmV0Lm5hbWUiOiJuZXctdGVzdC1ha3Mtc2Etc2VjcmV0Iiwia3ViZXJuZXRlcy5pby9zZXJ2aWNlYWNjb3VudC9zZXJ2aWNlLWFjY291bnQubmFtZSI6Im5ldy10ZXN0LWFrcy1jbHVzdGVyLWFkbWluLXNhIiwia3ViZXJuZXRlcy5pby9zZXJ2aWNlYWNjb3VudC9zZXJ2aWNlLWFjY291bnQudWlkIjoiNWFjNTJkNjUtNmI5NS00MmJlLThiYmQtYjUzNDBjMGRiZTIyIiwic3ViIjoic3lzdGVtOnNlcnZpY2VhY2NvdW50Omt1YmUtc3lzdGVtOm5ldy10ZXN0LWFrcy1jbHVzdGVyLWFkbWluLXNhIn0.i6sYnI-mA61lMKhv1_wmv3GWlHd0ATiMQKiHWatxBvHaWQLVcqq0JIDcinHfzDiem_pChAnSbmFJYZjOkuKH97ZNlnPZMPcEfDr0Ey9QrILN4DlsBLkX0oIIt36YNktlBxfgJUxR8-f2tHDic2e3O3WVmlxpKZ4z_wJ4jVa9kBq9wXg_oPUo378aSTxXSRnJERzFypgooF6A3ZLF8VC41azTaK1rtIr_fP7uFaQVhIqUrpy4VbwH1p8BDsivQQbrvqgS3QMI0qJiFCiPuZ1t2vf9MPLeLNVBGzaY1DbdpEXDMjnIOEiYGi4QiywjV88bd9denysMHV8gsrfzUlUWbLzKatNE9TWQrLooETOl8lSvR9KbiB4b-q3JoycTACXJNCy8EMJ7XAuyDqanLE8KqBuS16O_67awacgc_t_31hQ0v5bszNgC8FUfzOBmm7XZarpEIManks6kgiJkanA8hm3L12opl5qKY4jkiI_QoZ5k9p_UV2LdozJgYXkHmwqbiNx-IOUqd48q2fHE2uByJSYGv9n-2B6GLc4wu2wPccDmKqm5JS6IzL1U03zXZ7fc5cHFkAxhcVbZi_E3BXrsUewShjSUIZhuvo9U60FSyh3VAuUR15iyu8inTDuB15yOQNrQn8N5v68XG5ZVSjSMOjWLWgfeFCEDhSBTnzYsv1E"
            }
          },
          "sensitive_attributes": [
            [
              {
                "type": "get_attr",
                "value": "vars"
              },
              {
                "type": "index",
                "value": {
                  "value": "ca_crt",
                  "type": "string"
                }
              }
            ],
            [
              {
                "type": "get_attr",
                "value": "vars"
              },
              {
                "type": "index",
                "value": {
                  "value": "endpoint",
                  "type": "string"
                }
              }
            ],
            [
              {
                "type": "get_attr",
                "value": "vars"
              },
              {
                "type": "index",
                "value": {
                  "value": "token",
                  "type": "string"
                }
              }
            ]
          ]
        }
      ]
    },
    {
      "module": "module.kubeconfig",
      "mode": "managed",
      "type": "kubernetes_cluster_role_binding",
      "name": "kubernetes_crb",
      "provider": "provider[\"registry.terraform.io/hashicorp/kubernetes\"]",
      "instances": [
        {
          "index_key": 0,
          "schema_version": 0,
          "attributes": {
            "id": "new-test-aks-cluster-admin-crb",
            "metadata": [
              {
                "annotations": null,
                "generation": 0,
                "labels": null,
                "name": "new-test-aks-cluster-admin-crb",
                "resource_version": "1240",
                "uid": "fcad9eb1-1537-45b9-843d-dd1ad1126f43"
              }
            ],
            "role_ref": [
              {
                "api_group": "rbac.authorization.k8s.io",
                "kind": "ClusterRole",
                "name": "cluster-admin"
              }
            ],
            "subject": [
              {
                "api_group": "",
                "kind": "ServiceAccount",
                "name": "new-test-aks-cluster-admin-sa",
                "namespace": "kube-system"
              }
            ]
          },
          "sensitive_attributes": [],
          "private": "bnVsbA==",
          "dependencies": [
            "azurerm_log_analytics_workspace.viya4",
            "azurerm_resource_group.aks_rg",
            "azurerm_user_assigned_identity.uai",
            "data.azurerm_resource_group.aks_rg",
            "data.azurerm_resource_group.network_rg",
            "data.azurerm_user_assigned_identity.uai",
            "module.aks.azurerm_kubernetes_cluster.aks",
            "module.aks.data.azurerm_public_ip.cluster_public_ip",
            "module.vnet.azurerm_subnet.subnet",
            "module.vnet.azurerm_virtual_network.vnet",
            "module.vnet.data.azurerm_subnet.subnet",
            "module.vnet.data.azurerm_virtual_network.vnet"
          ]
        }
      ]
    },
    {
      "module": "module.kubeconfig",
      "mode": "managed",
      "type": "kubernetes_secret",
      "name": "sa_secret",
      "provider": "provider[\"registry.terraform.io/hashicorp/kubernetes\"]",
      "instances": [
        {
          "index_key": 0,
          "schema_version": 0,
          "attributes": {
            "binary_data": null,
            "data": {
              "ca.crt": "-----BEGIN CERTIFICATE-----\nMIIE6TCCAtGgAwIBAgIRAN6wv6F0JeFGB++SWJ1QL9owDQYJKoZIhvcNAQELBQAw\nDTELMAkGA1UEAxMCY2EwIBcNMjMwNDEyMTgzNTQyWhgPMjA1MzA0MTIxODQ1NDJa\nMA0xCzAJBgNVBAMTAmNhMIICIjANBgkqhkiG9w0BAQEFAAOCAg8AMIICCgKCAgEA\nprsc2ePWtABH32zw4E0okP2uESvJfmrkmdGnBJjNHdwCQFRS0Pr0wJbGnIlwNYGS\nsxhRY7bmH+CBvzRIUhSvlOig8rrGIyhFVT73HvdnSIDkQ6TwbnXvxkczjvv8EwKQ\nTFHP0hLogL/KOAsIWomxRrXxIwzxTvVQOlLCjkb0QPbExRv0uvK3pdBSAdA2dM83\n67cvMohq30o+cGzjYZYRsXT1YJXb2YGpasa83vcjdm9vnvms6Tl9gDZ2FSGG35dG\nwLWwUzGUii1iikaaytsLErnkmxn+HkhS6JTOkSqqeufnK8VGdUYNBdrTpJyrpLtZ\noK+zZwMFMuifnwqzcYSGNmZuvsbYURSzOIA5toYtqkA7Rm127/JKuA6O+5q+Tshx\nvGfX23Jf7k2ewXzH2jFetoGiCBogNqYUdTsvjzTjBky4hvja9g4F2FaDutGlAYDH\neCV+hnr/QcIzTylvw+j2kBjoI5yrkXo1KI2TMjXDoECnTbQDsvYHKA24WgpFkRim\nrNR/WQkOv53v14+beFB7/3vsCOuZeSoARGTvgoGj6UuidcFO/FO/qzLbE+CrKQGk\nkv0CRHX42rfz2KEy0p0Hdsjg/S69iAlFzvdTv9bWwbtFNquEarbqBwv6/YoomMBw\n8KFddNqbQ+hDAp9bCNwcsx6HWUHAwZCrdTJDrsfz5gUCAwEAAaNCMEAwDgYDVR0P\nAQH/BAQDAgKkMA8GA1UdEwEB/wQFMAMBAf8wHQYDVR0OBBYEFItOmH11WNga0tzZ\nV9IIVyshykXEMA0GCSqGSIb3DQEBCwUAA4ICAQB6dAszdh/Fko1uOn/ai5sXjYrs\n0XbuqfFPBC7BZ4A7ageO0uRsTXGBUHNNfx1NGvlrOL/Ce3Z4RnKzJYwHe0aXEQL8\njTnCqYsczqU/2gls7SF+dSrYyygS6/hP6vV0MCsX3VouI9CWC5LJ6uJqR4DUpxX4\nNx3iHXx4KUckneTLRj+kmxhuVZaFlvLjDSwzg1YAh3t+UVr1AsPm/YiO5ZN82Cso\nzAhg64b6aB0/tyjUmGyMvdcuSa/LH5LLOyXmslcK/nkpvPLtDMowr30vD9IUMsN3\nrgz6l0bHt0VcT2+i5RhlMw8Oj75r1IQvC1QD8JA20YyU7YLGKJsQdhc0B4dk1Smz\naVQpRCBv4aEY0iPoZCmEHoqS1EnFvwxz3crzdYOc/UyUoVY9//wgBzvMsAekuH3u\n1o3mg3rOLI06Mm0JGF/pADtZV5uwyD6RCPuB/YFffLGXNRlylYGvrrOlz2wQCT0V\nZRnoJj7RMl5gNQmyEd0bd9tivDeGUec+ZhMe2DISwSgq2lhcl/bZ0ZdXQxO6Ct5V\nul5MxwX4SuUSurQjljfCWysf983MecYnJiSccfm0ahdup1N2dyUY6p4JwdxncMMK\nN8VVt/VWURZKNAmWOACZHtfG7vQFemP0P5uStTpeV7kRKhur2ji7DS2ndc8STuiJ\nWWbJyoFjsmScTOwb5g==\n-----END CERTIFICATE-----\n",
              "namespace": "kube-system",
              "token": "eyJhbGciOiJSUzI1NiIsImtpZCI6IkVmMlNfOVlsSlU3ZlBCSHBnWWh4YU4wTjJWSTNocEdla1FqUHpvM2o2cWMifQ.eyJpc3MiOiJrdWJlcm5ldGVzL3NlcnZpY2VhY2NvdW50Iiwia3ViZXJuZXRlcy5pby9zZXJ2aWNlYWNjb3VudC9uYW1lc3BhY2UiOiJrdWJlLXN5c3RlbSIsImt1YmVybmV0ZXMuaW8vc2VydmljZWFjY291bnQvc2VjcmV0Lm5hbWUiOiJuZXctdGVzdC1ha3Mtc2Etc2VjcmV0Iiwia3ViZXJuZXRlcy5pby9zZXJ2aWNlYWNjb3VudC9zZXJ2aWNlLWFjY291bnQubmFtZSI6Im5ldy10ZXN0LWFrcy1jbHVzdGVyLWFkbWluLXNhIiwia3ViZXJuZXRlcy5pby9zZXJ2aWNlYWNjb3VudC9zZXJ2aWNlLWFjY291bnQudWlkIjoiNWFjNTJkNjUtNmI5NS00MmJlLThiYmQtYjUzNDBjMGRiZTIyIiwic3ViIjoic3lzdGVtOnNlcnZpY2VhY2NvdW50Omt1YmUtc3lzdGVtOm5ldy10ZXN0LWFrcy1jbHVzdGVyLWFkbWluLXNhIn0.i6sYnI-mA61lMKhv1_wmv3GWlHd0ATiMQKiHWatxBvHaWQLVcqq0JIDcinHfzDiem_pChAnSbmFJYZjOkuKH97ZNlnPZMPcEfDr0Ey9QrILN4DlsBLkX0oIIt36YNktlBxfgJUxR8-f2tHDic2e3O3WVmlxpKZ4z_wJ4jVa9kBq9wXg_oPUo378aSTxXSRnJERzFypgooF6A3ZLF8VC41azTaK1rtIr_fP7uFaQVhIqUrpy4VbwH1p8BDsivQQbrvqgS3QMI0qJiFCiPuZ1t2vf9MPLeLNVBGzaY1DbdpEXDMjnIOEiYGi4QiywjV88bd9denysMHV8gsrfzUlUWbLzKatNE9TWQrLooETOl8lSvR9KbiB4b-q3JoycTACXJNCy8EMJ7XAuyDqanLE8KqBuS16O_67awacgc_t_31hQ0v5bszNgC8FUfzOBmm7XZarpEIManks6kgiJkanA8hm3L12opl5qKY4jkiI_QoZ5k9p_UV2LdozJgYXkHmwqbiNx-IOUqd48q2fHE2uByJSYGv9n-2B6GLc4wu2wPccDmKqm5JS6IzL1U03zXZ7fc5cHFkAxhcVbZi_E3BXrsUewShjSUIZhuvo9U60FSyh3VAuUR15iyu8inTDuB15yOQNrQn8N5v68XG5ZVSjSMOjWLWgfeFCEDhSBTnzYsv1E"
            },
            "id": "kube-system/new-test-aks-sa-secret",
            "immutable": false,
            "metadata": [
              {
                "annotations": {
                  "kubernetes.io/service-account.name": "new-test-aks-cluster-admin-sa"
                },
                "generate_name": "",
                "generation": 0,
                "labels": null,
                "name": "new-test-aks-sa-secret",
                "namespace": "kube-system",
                "resource_version": "1249",
                "uid": "05946ee7-c2d6-4a15-89bc-92f1603205be"
              }
            ],
            "timeouts": null,
            "type": "kubernetes.io/service-account-token",
            "wait_for_service_account_token": true
          },
          "sensitive_attributes": [],
          "private": "eyJlMmJmYjczMC1lY2FhLTExZTYtOGY4OC0zNDM2M2JjN2M0YzAiOnsiY3JlYXRlIjo2MDAwMDAwMDAwMH19",
          "dependencies": [
            "azurerm_log_analytics_workspace.viya4",
            "azurerm_resource_group.aks_rg",
            "azurerm_user_assigned_identity.uai",
            "data.azurerm_resource_group.aks_rg",
            "data.azurerm_resource_group.network_rg",
            "data.azurerm_user_assigned_identity.uai",
            "module.aks.azurerm_kubernetes_cluster.aks",
            "module.aks.data.azurerm_public_ip.cluster_public_ip",
            "module.kubeconfig.kubernetes_service_account.kubernetes_sa",
            "module.vnet.azurerm_subnet.subnet",
            "module.vnet.azurerm_virtual_network.vnet",
            "module.vnet.data.azurerm_subnet.subnet",
            "module.vnet.data.azurerm_virtual_network.vnet"
          ]
        }
      ]
    },
    {
      "module": "module.kubeconfig",
      "mode": "managed",
      "type": "kubernetes_service_account",
      "name": "kubernetes_sa",
      "provider": "provider[\"registry.terraform.io/hashicorp/kubernetes\"]",
      "instances": [
        {
          "index_key": 0,
          "schema_version": 0,
          "attributes": {
            "automount_service_account_token": true,
            "default_secret_name": "",
            "id": "kube-system/new-test-aks-cluster-admin-sa",
            "image_pull_secret": [],
            "metadata": [
              {
                "annotations": null,
                "generate_name": "",
                "generation": 0,
                "labels": null,
                "name": "new-test-aks-cluster-admin-sa",
                "namespace": "kube-system",
                "resource_version": "1241",
                "uid": "5ac52d65-6b95-42be-8bbd-b5340c0dbe22"
              }
            ],
            "secret": [],
            "timeouts": null
          },
          "sensitive_attributes": [],
          "private": "eyJlMmJmYjczMC1lY2FhLTExZTYtOGY4OC0zNDM2M2JjN2M0YzAiOnsiY3JlYXRlIjozMDAwMDAwMDAwMH19",
          "dependencies": [
            "azurerm_log_analytics_workspace.viya4",
            "azurerm_resource_group.aks_rg",
            "azurerm_user_assigned_identity.uai",
            "data.azurerm_resource_group.aks_rg",
            "data.azurerm_resource_group.network_rg",
            "data.azurerm_user_assigned_identity.uai",
            "module.aks.azurerm_kubernetes_cluster.aks",
            "module.aks.data.azurerm_public_ip.cluster_public_ip",
            "module.vnet.azurerm_subnet.subnet",
            "module.vnet.azurerm_virtual_network.vnet",
            "module.vnet.data.azurerm_subnet.subnet",
            "module.vnet.data.azurerm_virtual_network.vnet"
          ]
        }
      ]
    },
    {
      "module": "module.kubeconfig",
      "mode": "managed",
      "type": "local_file",
      "name": "kubeconfig",
      "provider": "provider[\"registry.terraform.io/hashicorp/local\"]",
      "instances": [
        {
          "schema_version": 0,
          "attributes": {
            "content": "apiVersion: v1\nkind: Config\nclusters:\n  - name: new-test-aks-aks\n    cluster:\n      server: 'https://new-test-aks-aks-asz863wc.hcp.eastus.azmk8s.io:443'\n      certificate-authority-data: \u003e-\n        LS0tLS1CRUdJTiBDRVJUSUZJQ0FURS0tLS0tCk1JSUU2VENDQXRHZ0F3SUJBZ0lSQU42d3Y2RjBKZUZHQisrU1dKMVFMOW93RFFZSktvWklodmNOQVFFTEJRQXcKRFRFTE1Ba0dBMVVFQXhNQ1kyRXdJQmNOTWpNd05ERXlNVGd6TlRReVdoZ1BNakExTXpBME1USXhPRFExTkRKYQpNQTB4Q3pBSkJnTlZCQU1UQW1OaE1JSUNJakFOQmdrcWhraUc5dzBCQVFFRkFBT0NBZzhBTUlJQ0NnS0NBZ0VBCnByc2MyZVBXdEFCSDMyenc0RTBva1AydUVTdkpmbXJrbWRHbkJKak5IZHdDUUZSUzBQcjB3SmJHbklsd05ZR1MKc3hoUlk3Ym1IK0NCdnpSSVVoU3ZsT2lnOHJyR0l5aEZWVDczSHZkblNJRGtRNlR3Ym5YdnhrY3pqdnY4RXdLUQpURkhQMGhMb2dML0tPQXNJV29teFJyWHhJd3p4VHZWUU9sTENqa2IwUVBiRXhSdjB1dkszcGRCU0FkQTJkTTgzCjY3Y3ZNb2hxMzBvK2NHempZWllSc1hUMVlKWGIyWUdwYXNhODN2Y2pkbTl2bnZtczZUbDlnRFoyRlNHRzM1ZEcKd0xXd1V6R1VpaTFpaWthYXl0c0xFcm5rbXhuK0hraFM2SlRPa1NxcWV1Zm5LOFZHZFVZTkJkclRwSnlycEx0WgpvSyt6WndNRk11aWZud3F6Y1lTR05tWnV2c2JZVVJTek9JQTV0b1l0cWtBN1JtMTI3L0pLdUE2Tys1cStUc2h4CnZHZlgyM0pmN2syZXdYekgyakZldG9HaUNCb2dOcVlVZFRzdmp6VGpCa3k0aHZqYTlnNEYyRmFEdXRHbEFZREgKZUNWK2huci9RY0l6VHlsdncrajJrQmpvSTV5cmtYbzFLSTJUTWpYRG9FQ25UYlFEc3ZZSEtBMjRXZ3BGa1JpbQpyTlIvV1FrT3Y1M3YxNCtiZUZCNy8zdnNDT3VaZVNvQVJHVHZnb0dqNlV1aWRjRk8vRk8vcXpMYkUrQ3JLUUdrCmt2MENSSFg0MnJmejJLRXkwcDBIZHNqZy9TNjlpQWxGenZkVHY5Yld3YnRGTnF1RWFyYnFCd3Y2L1lvb21NQncKOEtGZGROcWJRK2hEQXA5YkNOd2NzeDZIV1VIQXdaQ3JkVEpEcnNmejVnVUNBd0VBQWFOQ01FQXdEZ1lEVlIwUApBUUgvQkFRREFnS2tNQThHQTFVZEV3RUIvd1FGTUFNQkFmOHdIUVlEVlIwT0JCWUVGSXRPbUgxMVdOZ2EwdHpaClY5SUlWeXNoeWtYRU1BMEdDU3FHU0liM0RRRUJDd1VBQTRJQ0FRQjZkQXN6ZGgvRmtvMXVPbi9haTVzWGpZcnMKMFhidXFmRlBCQzdCWjRBN2FnZU8wdVJzVFhHQlVITk5meDFOR3Zsck9ML0NlM1o0Um5LekpZd0hlMGFYRVFMOApqVG5DcVlzY3pxVS8yZ2xzN1NGK2RTcll5eWdTNi9oUDZ2VjBNQ3NYM1ZvdUk5Q1dDNUxKNnVKcVI0RFVweFg0Ck54M2lIWHg0S1Vja25lVExSaitrbXhodVZaYUZsdkxqRFN3emcxWUFoM3QrVVZyMUFzUG0vWWlPNVpOODJDc28KekFoZzY0YjZhQjAvdHlqVW1HeU12ZGN1U2EvTEg1TExPeVhtc2xjSy9ua3B2UEx0RE1vd3IzMHZEOUlVTXNOMwpyZ3o2bDBiSHQwVmNUMitpNVJobE13OE9qNzVyMUlRdkMxUUQ4SkEyMFl5VTdZTEdLSnNRZGhjMEI0ZGsxU216CmFWUXBSQ0J2NGFFWTBpUG9aQ21FSG9xUzFFbkZ2d3h6M2NyemRZT2MvVXlVb1ZZOS8vd2dCenZNc0Fla3VIM3UKMW8zbWczck9MSTA2TW0wSkdGL3BBRHRaVjV1d3lENlJDUHVCL1lGZmZMR1hOUmx5bFlHdnJyT2x6MndRQ1QwVgpaUm5vSmo3Uk1sNWdOUW15RWQwYmQ5dGl2RGVHVWVjK1poTWUyRElTd1NncTJsaGNsL2JaMFpkWFF4TzZDdDVWCnVsNU14d1g0U3VVU3VyUWpsamZDV3lzZjk4M01lY1luSmlTY2NmbTBhaGR1cDFOMmR5VVk2cDRKd2R4bmNNTUsKTjhWVnQvVldVUlpLTkFtV09BQ1pIdGZHN3ZRRmVtUDBQNXVTdFRwZVY3a1JLaHVyMmppN0RTMm5kYzhTVHVpSgpXV2JKeW9GanNtU2NUT3diNWc9PQotLS0tLUVORCBDRVJUSUZJQ0FURS0tLS0tCg==\nusers:\n  - name: new-test-aks-cluster-admin-sa\n    user:\n      token: \u003e-\n        eyJhbGciOiJSUzI1NiIsImtpZCI6IkVmMlNfOVlsSlU3ZlBCSHBnWWh4YU4wTjJWSTNocEdla1FqUHpvM2o2cWMifQ.eyJpc3MiOiJrdWJlcm5ldGVzL3NlcnZpY2VhY2NvdW50Iiwia3ViZXJuZXRlcy5pby9zZXJ2aWNlYWNjb3VudC9uYW1lc3BhY2UiOiJrdWJlLXN5c3RlbSIsImt1YmVybmV0ZXMuaW8vc2VydmljZWFjY291bnQvc2VjcmV0Lm5hbWUiOiJuZXctdGVzdC1ha3Mtc2Etc2VjcmV0Iiwia3ViZXJuZXRlcy5pby9zZXJ2aWNlYWNjb3VudC9zZXJ2aWNlLWFjY291bnQubmFtZSI6Im5ldy10ZXN0LWFrcy1jbHVzdGVyLWFkbWluLXNhIiwia3ViZXJuZXRlcy5pby9zZXJ2aWNlYWNjb3VudC9zZXJ2aWNlLWFjY291bnQudWlkIjoiNWFjNTJkNjUtNmI5NS00MmJlLThiYmQtYjUzNDBjMGRiZTIyIiwic3ViIjoic3lzdGVtOnNlcnZpY2VhY2NvdW50Omt1YmUtc3lzdGVtOm5ldy10ZXN0LWFrcy1jbHVzdGVyLWFkbWluLXNhIn0.i6sYnI-mA61lMKhv1_wmv3GWlHd0ATiMQKiHWatxBvHaWQLVcqq0JIDcinHfzDiem_pChAnSbmFJYZjOkuKH97ZNlnPZMPcEfDr0Ey9QrILN4DlsBLkX0oIIt36YNktlBxfgJUxR8-f2tHDic2e3O3WVmlxpKZ4z_wJ4jVa9kBq9wXg_oPUo378aSTxXSRnJERzFypgooF6A3ZLF8VC41azTaK1rtIr_fP7uFaQVhIqUrpy4VbwH1p8BDsivQQbrvqgS3QMI0qJiFCiPuZ1t2vf9MPLeLNVBGzaY1DbdpEXDMjnIOEiYGi4QiywjV88bd9denysMHV8gsrfzUlUWbLzKatNE9TWQrLooETOl8lSvR9KbiB4b-q3JoycTACXJNCy8EMJ7XAuyDqanLE8KqBuS16O_67awacgc_t_31hQ0v5bszNgC8FUfzOBmm7XZarpEIManks6kgiJkanA8hm3L12opl5qKY4jkiI_QoZ5k9p_UV2LdozJgYXkHmwqbiNx-IOUqd48q2fHE2uByJSYGv9n-2B6GLc4wu2wPccDmKqm5JS6IzL1U03zXZ7fc5cHFkAxhcVbZi_E3BXrsUewShjSUIZhuvo9U60FSyh3VAuUR15iyu8inTDuB15yOQNrQn8N5v68XG5ZVSjSMOjWLWgfeFCEDhSBTnzYsv1E\ncontexts:\n  - name: new-test-aks-aks    \n    context:\n      user: new-test-aks-cluster-admin-sa\n      cluster: new-test-aks-aks\n      namespace: kube-system\ncurrent-context: new-test-aks-aks\n",
            "content_base64": null,
            "directory_permission": "0755",
            "file_permission": "0644",
            "filename": "new-test-aks-aks-kubeconfig.conf",
            "id": "d9a575aabb6ab473be1f3f06bd09e4a0197faeca",
            "sensitive_content": null,
            "source": null
          },
          "sensitive_attributes": [],
          "private": "bnVsbA==",
          "dependencies": [
            "azurerm_log_analytics_workspace.viya4",
            "azurerm_resource_group.aks_rg",
            "azurerm_user_assigned_identity.uai",
            "data.azurerm_resource_group.aks_rg",
            "data.azurerm_resource_group.network_rg",
            "data.azurerm_user_assigned_identity.uai",
            "module.aks.azurerm_kubernetes_cluster.aks",
            "module.aks.data.azurerm_public_ip.cluster_public_ip",
            "module.kubeconfig.data.kubernetes_secret.sa_secret",
            "module.kubeconfig.data.template_file.kubeconfig_provider",
            "module.kubeconfig.data.template_file.kubeconfig_sa",
            "module.kubeconfig.kubernetes_secret.sa_secret",
            "module.kubeconfig.kubernetes_service_account.kubernetes_sa",
            "module.vnet.azurerm_subnet.subnet",
            "module.vnet.azurerm_virtual_network.vnet",
            "module.vnet.data.azurerm_subnet.subnet",
            "module.vnet.data.azurerm_virtual_network.vnet"
          ]
        }
      ]
    },
    {
      "module": "module.nfs[0]",
      "mode": "managed",
      "type": "azurerm_linux_virtual_machine",
      "name": "vm",
      "provider": "provider[\"registry.terraform.io/hashicorp/azurerm\"]",
      "instances": [
        {
          "schema_version": 0,
          "attributes": {
            "additional_capabilities": [
              {
                "ultra_ssd_enabled": false
              }
            ],
            "admin_password": null,
            "admin_ssh_key": [
              {
                "public_key": "ssh-rsa AAAAB3NzaC1yc2EAAAADAQABAAABgQCtxsYsVHoPCXvgFPenmd+dxJou4bJuFL7plXvLRS67GV6/W1fYFqdKN+R350p4QW/M0bHRdeK2jkaRBBH4gYRUt3wW+zSywJUdMP/YJk8Se8dxbDcut73s60e9lhklpscL7g0OGEf4k1T5NOUcAQMx4wKFeMWU6Cn/9PUHrYncXLMvCDAIdH3xsCtlUbY3/Det04SfqfyQVvfymzIfzdtHFNxaUJzyJ99trL67gYpU8+uX13nKclt0NJQDDm7IDfOWGqakDgtb69NHBihCP8igpF4JDeZN0tYpeylSSVDzZfRIW3f1nkwMxFv6OTTzrY1Kzhvz3rXGrVaLbK8nhzUaFC+o5J+RxiTlIbqul7WhwvdLX0REbpZOnsktuWcL7WQva802mrAcqVmS9Ip9stXbcQ8n7KurhL9Si8oInC4s4itXg3lfWavvGFeTGY/GcVtfETg+ijXmTqXL2/Ivx9qDgCA4We44eCNNDb1Gdcgn55ci5W1nQcY+8SASK1zFsjs= suzuki@suzuki-lab\n",
                "username": "nfsuser"
              }
            ],
            "admin_username": "nfsuser",
            "allow_extension_operations": true,
            "availability_set_id": "",
            "boot_diagnostics": [],
            "capacity_reservation_group_id": "",
            "computer_name": "new-test-aks-nfs-vm",
            "custom_data": "H4sIAAAAAAAA/8xWe2sjtxf9fyDf4fzG+ZEHlsfOZpvWiwPbJAv5I5viJltKmjqydMcW1khTSeNHyYcv8/AjaUqXQqEGw8y9555zdCVd5sKaQCawu1VOfWSFDirnLiSZWpL8gLEtjORuNYhvrm+uvr+9/3z5cfhzHJVv7As5r6zpo9fp7kV7EWO7oL1ow+248Sk5dmWElcpM+jgbq7ADqMQDLUMitC0kE9akarIX3aiM/iTT2sVEfuUDZSNlUtuPAEkpL3QYFZ5c+Q4YnlEfJvVlqIpEraiFn7gKSK0D/71wBKn8zCNYjAmZLUwgiTAlA2FNUKagqBWNrQ0ikyUtw2KqNOEBT6kyEomkeVJyJBVd4oVXvQQsrHKCxjMWAkw/gemAUzx+gLTwmijH+/LZUFSZ+qScD1jQgdYocskDlSbgKLfgpnG0k7j9sRO1opyLGZ/QqE70EVxBO8GJ43IdrVSujQ9cazQQv6Xw9dpM6tmMnCHNPLk5ubruwlEpXLUHUjkSwTpV1bvCNJ1plf81NKFlbt0WvMJChWllXVhXxmAXhlySk8uUL7fZNxwM2Uwqt6aoImJqFwbGjq1c9Y2dOFvkGw02bDCZlWBDdM/Oznaqa1/3de/qQyOCRrk+JWiruk2R4WNNbzTjJcwH7sLfohoylwvmAw/yTZLd7Is+DrmS7/HROb7aGM3nok7uH37dEVxyN/FHVe180tRKHjibT7q9f8Ki1w5YnXaVS8ZoWd5qj163+/9Pw6srMOaDUzl5vANj5YWshfW829taaDY99WABtAynjZl1PtnUvN7OhIJIUh/4eNMdSeW2Dp60H+sZmMMzJo5y6HmGZ4gigEnEiMHS3jrH5ohH8VPtw4RL5QYHzQE62CG9v7++HDz5QlqM9Uw1Pct4npNL9msMnuFJlroHPukcVyXx4cOv8ePxUec4Tn7pJZODWonE1CKuEPtbAezXDsCLYNdTzbe50G1jU640ujiJS5nSRyAC4zt9wHntyhRa1+upLi3jb7auXqMHw+fbu6s+7qaEi+vLIXJn50qSxMK6ma/GZXl3F1OrCV9+uNi0W6V4QNz77qTT++bbTrfTTU7exfjfYBs7KWOnMR4rfDnIqgc061/f4vXvJdWhW7SNHTlrw8j/VnA/bXO/MqKtjCdROGqnXslBty2c9T4zoUT7Yhwc0UhMScyOYpyfv1jtV8nXrv81edKe/gttSNXmXAxpO9DqSbaekZvNrivLe8pfjTFHfzUNX38dMLYX/REAAP//PJ/dz3wIAAA=",
            "dedicated_host_group_id": "",
            "dedicated_host_id": "",
            "disable_password_authentication": true,
            "edge_zone": "",
            "encryption_at_host_enabled": false,
            "eviction_policy": "",
            "extensions_time_budget": "PT1H30M",
            "gallery_application": [],
            "id": "/subscriptions/286fd347-8c88-4537-9fdf-ac5721895c8c/resourceGroups/new-test-aks-rg/providers/Microsoft.Compute/virtualMachines/new-test-aks-nfs-vm",
            "identity": [],
            "license_type": "",
            "location": "eastus",
            "max_bid_price": -1,
            "name": "new-test-aks-nfs-vm",
            "network_interface_ids": [
              "/subscriptions/286fd347-8c88-4537-9fdf-ac5721895c8c/resourceGroups/new-test-aks-rg/providers/Microsoft.Network/networkInterfaces/new-test-aks-nfs-nic"
            ],
            "os_disk": [
              {
                "caching": "ReadOnly",
                "diff_disk_settings": [],
                "disk_encryption_set_id": "",
                "disk_size_gb": 64,
                "name": "new-test-aks-nfs-vm_OsDisk_1_ceae846adaf64f73a261a654b45aa116",
                "secure_vm_disk_encryption_set_id": "",
                "security_encryption_type": "",
                "storage_account_type": "Standard_LRS",
                "write_accelerator_enabled": false
              }
            ],
            "patch_assessment_mode": "ImageDefault",
            "patch_mode": "ImageDefault",
            "plan": [],
            "platform_fault_domain": -1,
            "priority": "Regular",
            "private_ip_address": "192.168.2.4",
            "private_ip_addresses": [
              "192.168.2.4"
            ],
            "provision_vm_agent": true,
            "proximity_placement_group_id": "",
            "public_ip_address": "",
            "public_ip_addresses": [],
            "resource_group_name": "new-test-aks-rg",
            "secret": [],
            "secure_boot_enabled": false,
            "size": "Standard_D8s_v4",
            "source_image_id": "",
            "source_image_reference": [
              {
                "offer": "0001-com-ubuntu-server-focal",
                "publisher": "Canonical",
                "sku": "20_04-lts",
                "version": "latest"
              }
            ],
            "tags": null,
            "termination_notification": null,
            "timeouts": null,
            "user_data": "",
            "virtual_machine_id": "d0bfe63e-f761-4532-9393-70e6e43ba1d1",
            "virtual_machine_scale_set_id": "",
            "vtpm_enabled": false,
            "zone": ""
          },
          "sensitive_attributes": [],
          "private": "eyJlMmJmYjczMC1lY2FhLTExZTYtOGY4OC0zNDM2M2JjN2M0YzAiOnsiY3JlYXRlIjoyNzAwMDAwMDAwMDAwLCJkZWxldGUiOjI3MDAwMDAwMDAwMDAsInJlYWQiOjMwMDAwMDAwMDAwMCwidXBkYXRlIjoyNzAwMDAwMDAwMDAwfX0=",
          "dependencies": [
            "azurerm_network_security_group.nsg",
            "azurerm_proximity_placement_group.proximity",
            "azurerm_resource_group.aks_rg",
            "data.azurerm_network_security_group.nsg",
            "data.azurerm_resource_group.aks_rg",
            "data.azurerm_resource_group.network_rg",
            "data.template_cloudinit_config.nfs",
            "module.nfs.azurerm_network_interface.vm_nic",
            "module.nfs.azurerm_network_interface_security_group_association.vm_nic_sg",
            "module.nfs.azurerm_public_ip.vm_ip",
            "module.vnet.azurerm_subnet.subnet",
            "module.vnet.azurerm_virtual_network.vnet",
            "module.vnet.data.azurerm_subnet.subnet",
            "module.vnet.data.azurerm_virtual_network.vnet"
          ]
        }
      ]
    },
    {
      "module": "module.nfs[0]",
      "mode": "managed",
      "type": "azurerm_managed_disk",
      "name": "vm_data_disk",
      "provider": "provider[\"registry.terraform.io/hashicorp/azurerm\"]",
      "instances": [
        {
          "index_key": 0,
          "schema_version": 0,
          "attributes": {
            "create_option": "Empty",
            "disk_access_id": "",
            "disk_encryption_set_id": "",
            "disk_iops_read_only": 0,
            "disk_iops_read_write": 500,
            "disk_mbps_read_only": 0,
            "disk_mbps_read_write": 60,
            "disk_size_gb": 128,
            "edge_zone": "",
            "encryption_settings": [],
            "gallery_image_reference_id": "",
            "hyper_v_generation": "",
            "id": "/subscriptions/286fd347-8c88-4537-9fdf-ac5721895c8c/resourceGroups/new-test-aks-rg/providers/Microsoft.Compute/disks/new-test-aks-nfs-disk01",
            "image_reference_id": "",
            "location": "eastus",
            "logical_sector_size": null,
            "max_shares": 0,
            "name": "new-test-aks-nfs-disk01",
            "network_access_policy": null,
            "on_demand_bursting_enabled": false,
            "os_type": "",
            "public_network_access_enabled": true,
            "resource_group_name": "new-test-aks-rg",
            "secure_vm_disk_encryption_set_id": "",
            "security_type": "",
            "source_resource_id": "",
            "source_uri": "",
            "storage_account_id": "",
            "storage_account_type": "Standard_LRS",
            "tags": null,
            "tier": "",
            "timeouts": null,
            "trusted_launch_enabled": false,
            "zone": ""
          },
          "sensitive_attributes": [],
          "private": "eyJlMmJmYjczMC1lY2FhLTExZTYtOGY4OC0zNDM2M2JjN2M0YzAiOnsiY3JlYXRlIjoxODAwMDAwMDAwMDAwLCJkZWxldGUiOjE4MDAwMDAwMDAwMDAsInJlYWQiOjMwMDAwMDAwMDAwMCwidXBkYXRlIjoxODAwMDAwMDAwMDAwfX0=",
          "dependencies": [
            "azurerm_resource_group.aks_rg",
            "data.azurerm_resource_group.aks_rg",
            "data.azurerm_resource_group.network_rg",
            "module.vnet.azurerm_subnet.subnet",
            "module.vnet.azurerm_virtual_network.vnet",
            "module.vnet.data.azurerm_subnet.subnet",
            "module.vnet.data.azurerm_virtual_network.vnet"
          ]
        },
        {
          "index_key": 1,
          "schema_version": 0,
          "attributes": {
            "create_option": "Empty",
            "disk_access_id": "",
            "disk_encryption_set_id": "",
            "disk_iops_read_only": 0,
            "disk_iops_read_write": 500,
            "disk_mbps_read_only": 0,
            "disk_mbps_read_write": 60,
            "disk_size_gb": 128,
            "edge_zone": "",
            "encryption_settings": [],
            "gallery_image_reference_id": "",
            "hyper_v_generation": "",
            "id": "/subscriptions/286fd347-8c88-4537-9fdf-ac5721895c8c/resourceGroups/new-test-aks-rg/providers/Microsoft.Compute/disks/new-test-aks-nfs-disk02",
            "image_reference_id": "",
            "location": "eastus",
            "logical_sector_size": null,
            "max_shares": 0,
            "name": "new-test-aks-nfs-disk02",
            "network_access_policy": null,
            "on_demand_bursting_enabled": false,
            "os_type": "",
            "public_network_access_enabled": true,
            "resource_group_name": "new-test-aks-rg",
            "secure_vm_disk_encryption_set_id": "",
            "security_type": "",
            "source_resource_id": "",
            "source_uri": "",
            "storage_account_id": "",
            "storage_account_type": "Standard_LRS",
            "tags": null,
            "tier": "",
            "timeouts": null,
            "trusted_launch_enabled": false,
            "zone": ""
          },
          "sensitive_attributes": [],
          "private": "eyJlMmJmYjczMC1lY2FhLTExZTYtOGY4OC0zNDM2M2JjN2M0YzAiOnsiY3JlYXRlIjoxODAwMDAwMDAwMDAwLCJkZWxldGUiOjE4MDAwMDAwMDAwMDAsInJlYWQiOjMwMDAwMDAwMDAwMCwidXBkYXRlIjoxODAwMDAwMDAwMDAwfX0=",
          "dependencies": [
            "azurerm_resource_group.aks_rg",
            "data.azurerm_resource_group.aks_rg",
            "data.azurerm_resource_group.network_rg",
            "module.vnet.azurerm_subnet.subnet",
            "module.vnet.azurerm_virtual_network.vnet",
            "module.vnet.data.azurerm_subnet.subnet",
            "module.vnet.data.azurerm_virtual_network.vnet"
          ]
        },
        {
          "index_key": 2,
          "schema_version": 0,
          "attributes": {
            "create_option": "Empty",
            "disk_access_id": "",
            "disk_encryption_set_id": "",
            "disk_iops_read_only": 0,
            "disk_iops_read_write": 500,
            "disk_mbps_read_only": 0,
            "disk_mbps_read_write": 60,
            "disk_size_gb": 128,
            "edge_zone": "",
            "encryption_settings": [],
            "gallery_image_reference_id": "",
            "hyper_v_generation": "",
            "id": "/subscriptions/286fd347-8c88-4537-9fdf-ac5721895c8c/resourceGroups/new-test-aks-rg/providers/Microsoft.Compute/disks/new-test-aks-nfs-disk03",
            "image_reference_id": "",
            "location": "eastus",
            "logical_sector_size": null,
            "max_shares": 0,
            "name": "new-test-aks-nfs-disk03",
            "network_access_policy": null,
            "on_demand_bursting_enabled": false,
            "os_type": "",
            "public_network_access_enabled": true,
            "resource_group_name": "new-test-aks-rg",
            "secure_vm_disk_encryption_set_id": "",
            "security_type": "",
            "source_resource_id": "",
            "source_uri": "",
            "storage_account_id": "",
            "storage_account_type": "Standard_LRS",
            "tags": null,
            "tier": "",
            "timeouts": null,
            "trusted_launch_enabled": false,
            "zone": ""
          },
          "sensitive_attributes": [],
          "private": "eyJlMmJmYjczMC1lY2FhLTExZTYtOGY4OC0zNDM2M2JjN2M0YzAiOnsiY3JlYXRlIjoxODAwMDAwMDAwMDAwLCJkZWxldGUiOjE4MDAwMDAwMDAwMDAsInJlYWQiOjMwMDAwMDAwMDAwMCwidXBkYXRlIjoxODAwMDAwMDAwMDAwfX0=",
          "dependencies": [
            "azurerm_resource_group.aks_rg",
            "data.azurerm_resource_group.aks_rg",
            "data.azurerm_resource_group.network_rg",
            "module.vnet.azurerm_subnet.subnet",
            "module.vnet.azurerm_virtual_network.vnet",
            "module.vnet.data.azurerm_subnet.subnet",
            "module.vnet.data.azurerm_virtual_network.vnet"
          ]
        },
        {
          "index_key": 3,
          "schema_version": 0,
          "attributes": {
            "create_option": "Empty",
            "disk_access_id": "",
            "disk_encryption_set_id": "",
            "disk_iops_read_only": 0,
            "disk_iops_read_write": 500,
            "disk_mbps_read_only": 0,
            "disk_mbps_read_write": 60,
            "disk_size_gb": 128,
            "edge_zone": "",
            "encryption_settings": [],
            "gallery_image_reference_id": "",
            "hyper_v_generation": "",
            "id": "/subscriptions/286fd347-8c88-4537-9fdf-ac5721895c8c/resourceGroups/new-test-aks-rg/providers/Microsoft.Compute/disks/new-test-aks-nfs-disk04",
            "image_reference_id": "",
            "location": "eastus",
            "logical_sector_size": null,
            "max_shares": 0,
            "name": "new-test-aks-nfs-disk04",
            "network_access_policy": null,
            "on_demand_bursting_enabled": false,
            "os_type": "",
            "public_network_access_enabled": true,
            "resource_group_name": "new-test-aks-rg",
            "secure_vm_disk_encryption_set_id": "",
            "security_type": "",
            "source_resource_id": "",
            "source_uri": "",
            "storage_account_id": "",
            "storage_account_type": "Standard_LRS",
            "tags": null,
            "tier": "",
            "timeouts": null,
            "trusted_launch_enabled": false,
            "zone": ""
          },
          "sensitive_attributes": [],
          "private": "eyJlMmJmYjczMC1lY2FhLTExZTYtOGY4OC0zNDM2M2JjN2M0YzAiOnsiY3JlYXRlIjoxODAwMDAwMDAwMDAwLCJkZWxldGUiOjE4MDAwMDAwMDAwMDAsInJlYWQiOjMwMDAwMDAwMDAwMCwidXBkYXRlIjoxODAwMDAwMDAwMDAwfX0=",
          "dependencies": [
            "azurerm_resource_group.aks_rg",
            "data.azurerm_resource_group.aks_rg",
            "data.azurerm_resource_group.network_rg",
            "module.vnet.azurerm_subnet.subnet",
            "module.vnet.azurerm_virtual_network.vnet",
            "module.vnet.data.azurerm_subnet.subnet",
            "module.vnet.data.azurerm_virtual_network.vnet"
          ]
        }
      ]
    },
    {
      "module": "module.nfs[0]",
      "mode": "managed",
      "type": "azurerm_network_interface",
      "name": "vm_nic",
      "provider": "provider[\"registry.terraform.io/hashicorp/azurerm\"]",
      "instances": [
        {
          "schema_version": 0,
          "attributes": {
            "applied_dns_servers": [],
            "dns_servers": [],
            "edge_zone": "",
            "enable_accelerated_networking": true,
            "enable_ip_forwarding": false,
            "id": "/subscriptions/286fd347-8c88-4537-9fdf-ac5721895c8c/resourceGroups/new-test-aks-rg/providers/Microsoft.Network/networkInterfaces/new-test-aks-nfs-nic",
            "internal_dns_name_label": "",
            "internal_domain_name_suffix": "dbw3sv50m34etii4kudiyqc0md.bx.internal.cloudapp.net",
            "ip_configuration": [
              {
                "gateway_load_balancer_frontend_ip_configuration_id": "",
                "name": "new-test-aks-nfs-ip_config",
                "primary": true,
                "private_ip_address": "192.168.2.4",
                "private_ip_address_allocation": "Dynamic",
                "private_ip_address_version": "IPv4",
                "public_ip_address_id": "",
                "subnet_id": "/subscriptions/286fd347-8c88-4537-9fdf-ac5721895c8c/resourceGroups/new-test-aks-rg/providers/Microsoft.Network/virtualNetworks/new-test-aks-vnet/subnets/new-test-aks-misc-subnet"
              }
            ],
            "location": "eastus",
            "mac_address": "",
            "name": "new-test-aks-nfs-nic",
            "private_ip_address": "192.168.2.4",
            "private_ip_addresses": [
              "192.168.2.4"
            ],
            "resource_group_name": "new-test-aks-rg",
            "tags": null,
            "timeouts": null,
            "virtual_machine_id": ""
          },
          "sensitive_attributes": [],
          "private": "eyJlMmJmYjczMC1lY2FhLTExZTYtOGY4OC0zNDM2M2JjN2M0YzAiOnsiY3JlYXRlIjoxODAwMDAwMDAwMDAwLCJkZWxldGUiOjE4MDAwMDAwMDAwMDAsInJlYWQiOjMwMDAwMDAwMDAwMCwidXBkYXRlIjoxODAwMDAwMDAwMDAwfX0=",
          "dependencies": [
            "azurerm_resource_group.aks_rg",
            "data.azurerm_resource_group.aks_rg",
            "data.azurerm_resource_group.network_rg",
            "module.nfs.azurerm_public_ip.vm_ip",
            "module.vnet.azurerm_subnet.subnet",
            "module.vnet.azurerm_virtual_network.vnet",
            "module.vnet.data.azurerm_subnet.subnet",
            "module.vnet.data.azurerm_virtual_network.vnet"
          ]
        }
      ]
    },
    {
      "module": "module.nfs[0]",
      "mode": "managed",
      "type": "azurerm_network_interface_security_group_association",
      "name": "vm_nic_sg",
      "provider": "provider[\"registry.terraform.io/hashicorp/azurerm\"]",
      "instances": [
        {
          "schema_version": 0,
          "attributes": {
            "id": "/subscriptions/286fd347-8c88-4537-9fdf-ac5721895c8c/resourceGroups/new-test-aks-rg/providers/Microsoft.Network/networkInterfaces/new-test-aks-nfs-nic|/subscriptions/286fd347-8c88-4537-9fdf-ac5721895c8c/resourceGroups/new-test-aks-rg/providers/Microsoft.Network/networkSecurityGroups/new-test-aks-nsg",
            "network_interface_id": "/subscriptions/286fd347-8c88-4537-9fdf-ac5721895c8c/resourceGroups/new-test-aks-rg/providers/Microsoft.Network/networkInterfaces/new-test-aks-nfs-nic",
            "network_security_group_id": "/subscriptions/286fd347-8c88-4537-9fdf-ac5721895c8c/resourceGroups/new-test-aks-rg/providers/Microsoft.Network/networkSecurityGroups/new-test-aks-nsg",
            "timeouts": null
          },
          "sensitive_attributes": [],
          "private": "eyJlMmJmYjczMC1lY2FhLTExZTYtOGY4OC0zNDM2M2JjN2M0YzAiOnsiY3JlYXRlIjoxODAwMDAwMDAwMDAwLCJkZWxldGUiOjE4MDAwMDAwMDAwMDAsInJlYWQiOjMwMDAwMDAwMDAwMCwidXBkYXRlIjoxODAwMDAwMDAwMDAwfX0=",
          "dependencies": [
            "azurerm_network_security_group.nsg",
            "azurerm_resource_group.aks_rg",
            "data.azurerm_network_security_group.nsg",
            "data.azurerm_resource_group.aks_rg",
            "data.azurerm_resource_group.network_rg",
            "module.nfs.azurerm_network_interface.vm_nic",
            "module.nfs.azurerm_public_ip.vm_ip",
            "module.vnet.azurerm_subnet.subnet",
            "module.vnet.azurerm_virtual_network.vnet",
            "module.vnet.data.azurerm_subnet.subnet",
            "module.vnet.data.azurerm_virtual_network.vnet"
          ]
        }
      ]
    },
    {
      "module": "module.nfs[0]",
      "mode": "managed",
      "type": "azurerm_virtual_machine_data_disk_attachment",
      "name": "vm_data_disk_attach",
      "provider": "provider[\"registry.terraform.io/hashicorp/azurerm\"]",
      "instances": [
        {
          "index_key": 0,
          "schema_version": 0,
          "attributes": {
            "caching": "ReadWrite",
            "create_option": "Attach",
            "id": "/subscriptions/286fd347-8c88-4537-9fdf-ac5721895c8c/resourceGroups/new-test-aks-rg/providers/Microsoft.Compute/virtualMachines/new-test-aks-nfs-vm/dataDisks/new-test-aks-nfs-disk01",
            "lun": 10,
            "managed_disk_id": "/subscriptions/286fd347-8c88-4537-9fdf-ac5721895c8c/resourceGroups/new-test-aks-rg/providers/Microsoft.Compute/disks/new-test-aks-nfs-disk01",
            "timeouts": null,
            "virtual_machine_id": "/subscriptions/286fd347-8c88-4537-9fdf-ac5721895c8c/resourceGroups/new-test-aks-rg/providers/Microsoft.Compute/virtualMachines/new-test-aks-nfs-vm",
            "write_accelerator_enabled": false
          },
          "sensitive_attributes": [],
          "private": "eyJlMmJmYjczMC1lY2FhLTExZTYtOGY4OC0zNDM2M2JjN2M0YzAiOnsiY3JlYXRlIjoxODAwMDAwMDAwMDAwLCJkZWxldGUiOjE4MDAwMDAwMDAwMDAsInJlYWQiOjMwMDAwMDAwMDAwMCwidXBkYXRlIjoxODAwMDAwMDAwMDAwfX0=",
          "dependencies": [
            "azurerm_network_security_group.nsg",
            "azurerm_proximity_placement_group.proximity",
            "azurerm_resource_group.aks_rg",
            "data.azurerm_network_security_group.nsg",
            "data.azurerm_resource_group.aks_rg",
            "data.azurerm_resource_group.network_rg",
            "data.template_cloudinit_config.nfs",
            "module.nfs.azurerm_linux_virtual_machine.vm",
            "module.nfs.azurerm_managed_disk.vm_data_disk",
            "module.nfs.azurerm_network_interface.vm_nic",
            "module.nfs.azurerm_network_interface_security_group_association.vm_nic_sg",
            "module.nfs.azurerm_public_ip.vm_ip",
            "module.vnet.azurerm_subnet.subnet",
            "module.vnet.azurerm_virtual_network.vnet",
            "module.vnet.data.azurerm_subnet.subnet",
            "module.vnet.data.azurerm_virtual_network.vnet"
          ]
        },
        {
          "index_key": 1,
          "schema_version": 0,
          "attributes": {
            "caching": "ReadWrite",
            "create_option": "Attach",
            "id": "/subscriptions/286fd347-8c88-4537-9fdf-ac5721895c8c/resourceGroups/new-test-aks-rg/providers/Microsoft.Compute/virtualMachines/new-test-aks-nfs-vm/dataDisks/new-test-aks-nfs-disk02",
            "lun": 11,
            "managed_disk_id": "/subscriptions/286fd347-8c88-4537-9fdf-ac5721895c8c/resourceGroups/new-test-aks-rg/providers/Microsoft.Compute/disks/new-test-aks-nfs-disk02",
            "timeouts": null,
            "virtual_machine_id": "/subscriptions/286fd347-8c88-4537-9fdf-ac5721895c8c/resourceGroups/new-test-aks-rg/providers/Microsoft.Compute/virtualMachines/new-test-aks-nfs-vm",
            "write_accelerator_enabled": false
          },
          "sensitive_attributes": [],
          "private": "eyJlMmJmYjczMC1lY2FhLTExZTYtOGY4OC0zNDM2M2JjN2M0YzAiOnsiY3JlYXRlIjoxODAwMDAwMDAwMDAwLCJkZWxldGUiOjE4MDAwMDAwMDAwMDAsInJlYWQiOjMwMDAwMDAwMDAwMCwidXBkYXRlIjoxODAwMDAwMDAwMDAwfX0=",
          "dependencies": [
            "azurerm_network_security_group.nsg",
            "azurerm_proximity_placement_group.proximity",
            "azurerm_resource_group.aks_rg",
            "data.azurerm_network_security_group.nsg",
            "data.azurerm_resource_group.aks_rg",
            "data.azurerm_resource_group.network_rg",
            "data.template_cloudinit_config.nfs",
            "module.nfs.azurerm_linux_virtual_machine.vm",
            "module.nfs.azurerm_managed_disk.vm_data_disk",
            "module.nfs.azurerm_network_interface.vm_nic",
            "module.nfs.azurerm_network_interface_security_group_association.vm_nic_sg",
            "module.nfs.azurerm_public_ip.vm_ip",
            "module.vnet.azurerm_subnet.subnet",
            "module.vnet.azurerm_virtual_network.vnet",
            "module.vnet.data.azurerm_subnet.subnet",
            "module.vnet.data.azurerm_virtual_network.vnet"
          ]
        },
        {
          "index_key": 2,
          "schema_version": 0,
          "attributes": {
            "caching": "ReadWrite",
            "create_option": "Attach",
            "id": "/subscriptions/286fd347-8c88-4537-9fdf-ac5721895c8c/resourceGroups/new-test-aks-rg/providers/Microsoft.Compute/virtualMachines/new-test-aks-nfs-vm/dataDisks/new-test-aks-nfs-disk03",
            "lun": 12,
            "managed_disk_id": "/subscriptions/286fd347-8c88-4537-9fdf-ac5721895c8c/resourceGroups/new-test-aks-rg/providers/Microsoft.Compute/disks/new-test-aks-nfs-disk03",
            "timeouts": null,
            "virtual_machine_id": "/subscriptions/286fd347-8c88-4537-9fdf-ac5721895c8c/resourceGroups/new-test-aks-rg/providers/Microsoft.Compute/virtualMachines/new-test-aks-nfs-vm",
            "write_accelerator_enabled": false
          },
          "sensitive_attributes": [],
          "private": "eyJlMmJmYjczMC1lY2FhLTExZTYtOGY4OC0zNDM2M2JjN2M0YzAiOnsiY3JlYXRlIjoxODAwMDAwMDAwMDAwLCJkZWxldGUiOjE4MDAwMDAwMDAwMDAsInJlYWQiOjMwMDAwMDAwMDAwMCwidXBkYXRlIjoxODAwMDAwMDAwMDAwfX0=",
          "dependencies": [
            "azurerm_network_security_group.nsg",
            "azurerm_proximity_placement_group.proximity",
            "azurerm_resource_group.aks_rg",
            "data.azurerm_network_security_group.nsg",
            "data.azurerm_resource_group.aks_rg",
            "data.azurerm_resource_group.network_rg",
            "data.template_cloudinit_config.nfs",
            "module.nfs.azurerm_linux_virtual_machine.vm",
            "module.nfs.azurerm_managed_disk.vm_data_disk",
            "module.nfs.azurerm_network_interface.vm_nic",
            "module.nfs.azurerm_network_interface_security_group_association.vm_nic_sg",
            "module.nfs.azurerm_public_ip.vm_ip",
            "module.vnet.azurerm_subnet.subnet",
            "module.vnet.azurerm_virtual_network.vnet",
            "module.vnet.data.azurerm_subnet.subnet",
            "module.vnet.data.azurerm_virtual_network.vnet"
          ]
        },
        {
          "index_key": 3,
          "schema_version": 0,
          "attributes": {
            "caching": "ReadWrite",
            "create_option": "Attach",
            "id": "/subscriptions/286fd347-8c88-4537-9fdf-ac5721895c8c/resourceGroups/new-test-aks-rg/providers/Microsoft.Compute/virtualMachines/new-test-aks-nfs-vm/dataDisks/new-test-aks-nfs-disk04",
            "lun": 13,
            "managed_disk_id": "/subscriptions/286fd347-8c88-4537-9fdf-ac5721895c8c/resourceGroups/new-test-aks-rg/providers/Microsoft.Compute/disks/new-test-aks-nfs-disk04",
            "timeouts": null,
            "virtual_machine_id": "/subscriptions/286fd347-8c88-4537-9fdf-ac5721895c8c/resourceGroups/new-test-aks-rg/providers/Microsoft.Compute/virtualMachines/new-test-aks-nfs-vm",
            "write_accelerator_enabled": false
          },
          "sensitive_attributes": [],
          "private": "eyJlMmJmYjczMC1lY2FhLTExZTYtOGY4OC0zNDM2M2JjN2M0YzAiOnsiY3JlYXRlIjoxODAwMDAwMDAwMDAwLCJkZWxldGUiOjE4MDAwMDAwMDAwMDAsInJlYWQiOjMwMDAwMDAwMDAwMCwidXBkYXRlIjoxODAwMDAwMDAwMDAwfX0=",
          "dependencies": [
            "azurerm_network_security_group.nsg",
            "azurerm_proximity_placement_group.proximity",
            "azurerm_resource_group.aks_rg",
            "data.azurerm_network_security_group.nsg",
            "data.azurerm_resource_group.aks_rg",
            "data.azurerm_resource_group.network_rg",
            "data.template_cloudinit_config.nfs",
            "module.nfs.azurerm_linux_virtual_machine.vm",
            "module.nfs.azurerm_managed_disk.vm_data_disk",
            "module.nfs.azurerm_network_interface.vm_nic",
            "module.nfs.azurerm_network_interface_security_group_association.vm_nic_sg",
            "module.nfs.azurerm_public_ip.vm_ip",
            "module.vnet.azurerm_subnet.subnet",
            "module.vnet.azurerm_virtual_network.vnet",
            "module.vnet.data.azurerm_subnet.subnet",
            "module.vnet.data.azurerm_virtual_network.vnet"
          ]
        }
      ]
    },
    {
      "module": "module.node_pools[\"cas\"]",
      "mode": "managed",
      "type": "azurerm_kubernetes_cluster_node_pool",
      "name": "autoscale_node_pool",
      "provider": "provider[\"registry.terraform.io/hashicorp/azurerm\"]",
      "instances": [
        {
          "index_key": 0,
          "schema_version": 1,
          "attributes": {
            "capacity_reservation_group_id": "",
            "enable_auto_scaling": true,
            "enable_host_encryption": false,
            "enable_node_public_ip": false,
            "eviction_policy": "",
            "fips_enabled": false,
            "host_group_id": "",
            "id": "/subscriptions/286fd347-8c88-4537-9fdf-ac5721895c8c/resourceGroups/new-test-aks-rg/providers/Microsoft.ContainerService/managedClusters/new-test-aks-aks/agentPools/cas",
            "kubelet_config": [],
            "kubelet_disk_type": "OS",
            "kubernetes_cluster_id": "/subscriptions/286fd347-8c88-4537-9fdf-ac5721895c8c/resourceGroups/new-test-aks-rg/providers/Microsoft.ContainerService/managedClusters/new-test-aks-aks",
            "linux_os_config": [],
            "max_count": 5,
            "max_pods": 110,
            "message_of_the_day": "",
            "min_count": 0,
            "mode": "User",
            "name": "cas",
            "node_count": 0,
            "node_labels": {
              "workload.sas.com/class": "cas"
            },
            "node_public_ip_prefix_id": "",
            "node_taints": [
              "workload.sas.com/class=cas:NoSchedule"
            ],
            "orchestrator_version": "1.24",
            "os_disk_size_gb": 200,
            "os_disk_type": "Managed",
            "os_sku": "Ubuntu",
            "os_type": "Linux",
            "pod_subnet_id": "",
            "priority": "Regular",
            "proximity_placement_group_id": "",
            "scale_down_mode": "Delete",
            "spot_max_price": -1,
            "tags": null,
            "timeouts": null,
            "ultra_ssd_enabled": false,
            "upgrade_settings": [],
            "vm_size": "Standard_E16s_v3",
            "vnet_subnet_id": "/subscriptions/286fd347-8c88-4537-9fdf-ac5721895c8c/resourceGroups/new-test-aks-rg/providers/Microsoft.Network/virtualNetworks/new-test-aks-vnet/subnets/new-test-aks-aks-subnet",
            "workload_runtime": "",
            "zones": [
              "1"
            ]
          },
          "sensitive_attributes": [],
          "private": "eyJlMmJmYjczMC1lY2FhLTExZTYtOGY4OC0zNDM2M2JjN2M0YzAiOnsiY3JlYXRlIjozNjAwMDAwMDAwMDAwLCJkZWxldGUiOjM2MDAwMDAwMDAwMDAsInJlYWQiOjMwMDAwMDAwMDAwMCwidXBkYXRlIjozNjAwMDAwMDAwMDAwfSwic2NoZW1hX3ZlcnNpb24iOiIxIn0=",
          "dependencies": [
            "azurerm_log_analytics_workspace.viya4",
            "azurerm_proximity_placement_group.proximity",
            "azurerm_resource_group.aks_rg",
            "azurerm_user_assigned_identity.uai",
            "data.azurerm_resource_group.aks_rg",
            "data.azurerm_resource_group.network_rg",
            "data.azurerm_user_assigned_identity.uai",
            "module.aks.azurerm_kubernetes_cluster.aks",
            "module.vnet.azurerm_subnet.subnet",
            "module.vnet.azurerm_virtual_network.vnet",
            "module.vnet.data.azurerm_subnet.subnet",
            "module.vnet.data.azurerm_virtual_network.vnet"
          ]
        }
      ]
    },
    {
      "module": "module.node_pools[\"compute\"]",
      "mode": "managed",
      "type": "azurerm_kubernetes_cluster_node_pool",
      "name": "autoscale_node_pool",
      "provider": "provider[\"registry.terraform.io/hashicorp/azurerm\"]",
      "instances": [
        {
          "index_key": 0,
          "schema_version": 1,
          "attributes": {
            "capacity_reservation_group_id": "",
            "enable_auto_scaling": true,
            "enable_host_encryption": false,
            "enable_node_public_ip": false,
            "eviction_policy": "",
            "fips_enabled": false,
            "host_group_id": "",
            "id": "/subscriptions/286fd347-8c88-4537-9fdf-ac5721895c8c/resourceGroups/new-test-aks-rg/providers/Microsoft.ContainerService/managedClusters/new-test-aks-aks/agentPools/compute",
            "kubelet_config": [],
            "kubelet_disk_type": "OS",
            "kubernetes_cluster_id": "/subscriptions/286fd347-8c88-4537-9fdf-ac5721895c8c/resourceGroups/new-test-aks-rg/providers/Microsoft.ContainerService/managedClusters/new-test-aks-aks",
            "linux_os_config": [],
            "max_count": 5,
            "max_pods": 110,
            "message_of_the_day": "",
            "min_count": 1,
            "mode": "User",
            "name": "compute",
            "node_count": 1,
            "node_labels": {
              "launcher.sas.com/prepullImage": "sas-programming-environment",
              "workload.sas.com/class": "compute"
            },
            "node_public_ip_prefix_id": "",
            "node_taints": [
              "workload.sas.com/class=compute:NoSchedule"
            ],
            "orchestrator_version": "1.24",
            "os_disk_size_gb": 200,
            "os_disk_type": "Managed",
            "os_sku": "Ubuntu",
            "os_type": "Linux",
            "pod_subnet_id": "",
            "priority": "Regular",
            "proximity_placement_group_id": "",
            "scale_down_mode": "Delete",
            "spot_max_price": -1,
            "tags": null,
            "timeouts": null,
            "ultra_ssd_enabled": false,
            "upgrade_settings": [],
            "vm_size": "Standard_E16s_v3",
            "vnet_subnet_id": "/subscriptions/286fd347-8c88-4537-9fdf-ac5721895c8c/resourceGroups/new-test-aks-rg/providers/Microsoft.Network/virtualNetworks/new-test-aks-vnet/subnets/new-test-aks-aks-subnet",
            "workload_runtime": "",
            "zones": [
              "1"
            ]
          },
          "sensitive_attributes": [],
          "private": "eyJlMmJmYjczMC1lY2FhLTExZTYtOGY4OC0zNDM2M2JjN2M0YzAiOnsiY3JlYXRlIjozNjAwMDAwMDAwMDAwLCJkZWxldGUiOjM2MDAwMDAwMDAwMDAsInJlYWQiOjMwMDAwMDAwMDAwMCwidXBkYXRlIjozNjAwMDAwMDAwMDAwfSwic2NoZW1hX3ZlcnNpb24iOiIxIn0=",
          "dependencies": [
            "azurerm_log_analytics_workspace.viya4",
            "azurerm_proximity_placement_group.proximity",
            "azurerm_resource_group.aks_rg",
            "azurerm_user_assigned_identity.uai",
            "data.azurerm_resource_group.aks_rg",
            "data.azurerm_resource_group.network_rg",
            "data.azurerm_user_assigned_identity.uai",
            "module.aks.azurerm_kubernetes_cluster.aks",
            "module.vnet.azurerm_subnet.subnet",
            "module.vnet.azurerm_virtual_network.vnet",
            "module.vnet.data.azurerm_subnet.subnet",
            "module.vnet.data.azurerm_virtual_network.vnet"
          ]
        }
      ]
    },
    {
      "module": "module.node_pools[\"stateful\"]",
      "mode": "managed",
      "type": "azurerm_kubernetes_cluster_node_pool",
      "name": "autoscale_node_pool",
      "provider": "provider[\"registry.terraform.io/hashicorp/azurerm\"]",
      "instances": [
        {
          "index_key": 0,
          "schema_version": 1,
          "attributes": {
            "capacity_reservation_group_id": "",
            "enable_auto_scaling": true,
            "enable_host_encryption": false,
            "enable_node_public_ip": false,
            "eviction_policy": "",
            "fips_enabled": false,
            "host_group_id": "",
            "id": "/subscriptions/286fd347-8c88-4537-9fdf-ac5721895c8c/resourceGroups/new-test-aks-rg/providers/Microsoft.ContainerService/managedClusters/new-test-aks-aks/agentPools/stateful",
            "kubelet_config": [],
            "kubelet_disk_type": "OS",
            "kubernetes_cluster_id": "/subscriptions/286fd347-8c88-4537-9fdf-ac5721895c8c/resourceGroups/new-test-aks-rg/providers/Microsoft.ContainerService/managedClusters/new-test-aks-aks",
            "linux_os_config": [],
            "max_count": 3,
            "max_pods": 110,
            "message_of_the_day": "",
            "min_count": 0,
            "mode": "User",
            "name": "stateful",
            "node_count": 0,
            "node_labels": {
              "workload.sas.com/class": "stateful"
            },
            "node_public_ip_prefix_id": "",
            "node_taints": [
              "workload.sas.com/class=stateful:NoSchedule"
            ],
            "orchestrator_version": "1.24",
            "os_disk_size_gb": 200,
            "os_disk_type": "Managed",
            "os_sku": "Ubuntu",
            "os_type": "Linux",
            "pod_subnet_id": "",
            "priority": "Regular",
            "proximity_placement_group_id": "",
            "scale_down_mode": "Delete",
            "spot_max_price": -1,
            "tags": null,
            "timeouts": null,
            "ultra_ssd_enabled": false,
            "upgrade_settings": [],
            "vm_size": "Standard_D8s_v3",
            "vnet_subnet_id": "/subscriptions/286fd347-8c88-4537-9fdf-ac5721895c8c/resourceGroups/new-test-aks-rg/providers/Microsoft.Network/virtualNetworks/new-test-aks-vnet/subnets/new-test-aks-aks-subnet",
            "workload_runtime": "",
            "zones": [
              "1"
            ]
          },
          "sensitive_attributes": [],
          "private": "eyJlMmJmYjczMC1lY2FhLTExZTYtOGY4OC0zNDM2M2JjN2M0YzAiOnsiY3JlYXRlIjozNjAwMDAwMDAwMDAwLCJkZWxldGUiOjM2MDAwMDAwMDAwMDAsInJlYWQiOjMwMDAwMDAwMDAwMCwidXBkYXRlIjozNjAwMDAwMDAwMDAwfSwic2NoZW1hX3ZlcnNpb24iOiIxIn0=",
          "dependencies": [
            "azurerm_log_analytics_workspace.viya4",
            "azurerm_proximity_placement_group.proximity",
            "azurerm_resource_group.aks_rg",
            "azurerm_user_assigned_identity.uai",
            "data.azurerm_resource_group.aks_rg",
            "data.azurerm_resource_group.network_rg",
            "data.azurerm_user_assigned_identity.uai",
            "module.aks.azurerm_kubernetes_cluster.aks",
            "module.vnet.azurerm_subnet.subnet",
            "module.vnet.azurerm_virtual_network.vnet",
            "module.vnet.data.azurerm_subnet.subnet",
            "module.vnet.data.azurerm_virtual_network.vnet"
          ]
        }
      ]
    },
    {
      "module": "module.node_pools[\"stateless\"]",
      "mode": "managed",
      "type": "azurerm_kubernetes_cluster_node_pool",
      "name": "autoscale_node_pool",
      "provider": "provider[\"registry.terraform.io/hashicorp/azurerm\"]",
      "instances": [
        {
          "index_key": 0,
          "schema_version": 1,
          "attributes": {
            "capacity_reservation_group_id": "",
            "enable_auto_scaling": true,
            "enable_host_encryption": false,
            "enable_node_public_ip": false,
            "eviction_policy": "",
            "fips_enabled": false,
            "host_group_id": "",
            "id": "/subscriptions/286fd347-8c88-4537-9fdf-ac5721895c8c/resourceGroups/new-test-aks-rg/providers/Microsoft.ContainerService/managedClusters/new-test-aks-aks/agentPools/stateless",
            "kubelet_config": [],
            "kubelet_disk_type": "OS",
            "kubernetes_cluster_id": "/subscriptions/286fd347-8c88-4537-9fdf-ac5721895c8c/resourceGroups/new-test-aks-rg/providers/Microsoft.ContainerService/managedClusters/new-test-aks-aks",
            "linux_os_config": [],
            "max_count": 5,
            "max_pods": 110,
            "message_of_the_day": "",
            "min_count": 0,
            "mode": "User",
            "name": "stateless",
            "node_count": 0,
            "node_labels": {
              "workload.sas.com/class": "stateless"
            },
            "node_public_ip_prefix_id": "",
            "node_taints": [
              "workload.sas.com/class=stateless:NoSchedule"
            ],
            "orchestrator_version": "1.24",
            "os_disk_size_gb": 200,
            "os_disk_type": "Managed",
            "os_sku": "Ubuntu",
            "os_type": "Linux",
            "pod_subnet_id": "",
            "priority": "Regular",
            "proximity_placement_group_id": "",
            "scale_down_mode": "Delete",
            "spot_max_price": -1,
            "tags": null,
            "timeouts": null,
            "ultra_ssd_enabled": false,
            "upgrade_settings": [],
            "vm_size": "Standard_D16s_v3",
            "vnet_subnet_id": "/subscriptions/286fd347-8c88-4537-9fdf-ac5721895c8c/resourceGroups/new-test-aks-rg/providers/Microsoft.Network/virtualNetworks/new-test-aks-vnet/subnets/new-test-aks-aks-subnet",
            "workload_runtime": "",
            "zones": [
              "1"
            ]
          },
          "sensitive_attributes": [],
          "private": "eyJlMmJmYjczMC1lY2FhLTExZTYtOGY4OC0zNDM2M2JjN2M0YzAiOnsiY3JlYXRlIjozNjAwMDAwMDAwMDAwLCJkZWxldGUiOjM2MDAwMDAwMDAwMDAsInJlYWQiOjMwMDAwMDAwMDAwMCwidXBkYXRlIjozNjAwMDAwMDAwMDAwfSwic2NoZW1hX3ZlcnNpb24iOiIxIn0=",
          "dependencies": [
            "azurerm_log_analytics_workspace.viya4",
            "azurerm_proximity_placement_group.proximity",
            "azurerm_resource_group.aks_rg",
            "azurerm_user_assigned_identity.uai",
            "data.azurerm_resource_group.aks_rg",
            "data.azurerm_resource_group.network_rg",
            "data.azurerm_user_assigned_identity.uai",
            "module.aks.azurerm_kubernetes_cluster.aks",
            "module.vnet.azurerm_subnet.subnet",
            "module.vnet.azurerm_virtual_network.vnet",
            "module.vnet.data.azurerm_subnet.subnet",
            "module.vnet.data.azurerm_virtual_network.vnet"
          ]
        }
      ]
    },
    {
      "module": "module.vnet",
      "mode": "managed",
      "type": "azurerm_subnet",
      "name": "subnet",
      "provider": "provider[\"registry.terraform.io/hashicorp/azurerm\"]",
      "instances": [
        {
          "index_key": "aks",
          "schema_version": 0,
          "attributes": {
            "address_prefixes": [
              "192.168.0.0/23"
            ],
            "delegation": [],
            "enforce_private_link_endpoint_network_policies": false,
            "enforce_private_link_service_network_policies": true,
            "id": "/subscriptions/286fd347-8c88-4537-9fdf-ac5721895c8c/resourceGroups/new-test-aks-rg/providers/Microsoft.Network/virtualNetworks/new-test-aks-vnet/subnets/new-test-aks-aks-subnet",
            "name": "new-test-aks-aks-subnet",
            "private_endpoint_network_policies_enabled": true,
            "private_link_service_network_policies_enabled": false,
            "resource_group_name": "new-test-aks-rg",
            "service_endpoint_policy_ids": null,
            "service_endpoints": [
              "Microsoft.Sql"
            ],
            "timeouts": null,
            "virtual_network_name": "new-test-aks-vnet"
          },
          "sensitive_attributes": [],
          "private": "eyJlMmJmYjczMC1lY2FhLTExZTYtOGY4OC0zNDM2M2JjN2M0YzAiOnsiY3JlYXRlIjoxODAwMDAwMDAwMDAwLCJkZWxldGUiOjE4MDAwMDAwMDAwMDAsInJlYWQiOjMwMDAwMDAwMDAwMCwidXBkYXRlIjoxODAwMDAwMDAwMDAwfX0=",
          "dependencies": [
            "azurerm_resource_group.aks_rg",
            "data.azurerm_resource_group.aks_rg",
            "data.azurerm_resource_group.network_rg",
            "module.vnet.azurerm_virtual_network.vnet",
            "module.vnet.data.azurerm_virtual_network.vnet"
          ]
        },
        {
          "index_key": "misc",
          "schema_version": 0,
          "attributes": {
            "address_prefixes": [
              "192.168.2.0/24"
            ],
            "delegation": [],
            "enforce_private_link_endpoint_network_policies": false,
            "enforce_private_link_service_network_policies": true,
            "id": "/subscriptions/286fd347-8c88-4537-9fdf-ac5721895c8c/resourceGroups/new-test-aks-rg/providers/Microsoft.Network/virtualNetworks/new-test-aks-vnet/subnets/new-test-aks-misc-subnet",
            "name": "new-test-aks-misc-subnet",
            "private_endpoint_network_policies_enabled": true,
            "private_link_service_network_policies_enabled": false,
            "resource_group_name": "new-test-aks-rg",
            "service_endpoint_policy_ids": null,
            "service_endpoints": [
              "Microsoft.Sql"
            ],
            "timeouts": null,
            "virtual_network_name": "new-test-aks-vnet"
          },
          "sensitive_attributes": [],
          "private": "eyJlMmJmYjczMC1lY2FhLTExZTYtOGY4OC0zNDM2M2JjN2M0YzAiOnsiY3JlYXRlIjoxODAwMDAwMDAwMDAwLCJkZWxldGUiOjE4MDAwMDAwMDAwMDAsInJlYWQiOjMwMDAwMDAwMDAwMCwidXBkYXRlIjoxODAwMDAwMDAwMDAwfX0=",
          "dependencies": [
            "azurerm_resource_group.aks_rg",
            "data.azurerm_resource_group.aks_rg",
            "data.azurerm_resource_group.network_rg",
            "module.vnet.azurerm_virtual_network.vnet",
            "module.vnet.data.azurerm_virtual_network.vnet"
          ]
        }
      ]
    },
    {
      "module": "module.vnet",
      "mode": "managed",
      "type": "azurerm_virtual_network",
      "name": "vnet",
      "provider": "provider[\"registry.terraform.io/hashicorp/azurerm\"]",
      "instances": [
        {
          "index_key": 0,
          "schema_version": 0,
          "attributes": {
            "address_space": [
              "192.168.0.0/16"
            ],
            "bgp_community": "",
            "ddos_protection_plan": [],
            "dns_servers": [],
            "edge_zone": "",
            "flow_timeout_in_minutes": 0,
            "guid": "57d96d18-67fa-497c-a11e-55068c405a63",
            "id": "/subscriptions/286fd347-8c88-4537-9fdf-ac5721895c8c/resourceGroups/new-test-aks-rg/providers/Microsoft.Network/virtualNetworks/new-test-aks-vnet",
            "location": "eastus",
            "name": "new-test-aks-vnet",
            "resource_group_name": "new-test-aks-rg",
            "subnet": [],
            "tags": null,
            "timeouts": null
          },
          "sensitive_attributes": [],
          "private": "eyJlMmJmYjczMC1lY2FhLTExZTYtOGY4OC0zNDM2M2JjN2M0YzAiOnsiY3JlYXRlIjoxODAwMDAwMDAwMDAwLCJkZWxldGUiOjE4MDAwMDAwMDAwMDAsInJlYWQiOjMwMDAwMDAwMDAwMCwidXBkYXRlIjoxODAwMDAwMDAwMDAwfX0=",
          "dependencies": [
            "azurerm_resource_group.aks_rg",
            "data.azurerm_resource_group.aks_rg",
            "data.azurerm_resource_group.network_rg"
          ]
        }
      ]
    }
  ],
  "check_results": null
}
